
Microsoft Visual Studio Solution File, Format Version 12.00
# Visual Studio Version 16
VisualStudioVersion = 16.0.31025.194
MinimumVisualStudioVersion = 10.0.40219.1
Project("{8BC9CEB8-8B4A-11D0-8D11-00A0C91BC942}") = "LAB11_0_1", "LAB11_0_1\LAB11_0_1.vcxproj", "{F42005D4-CC6D-4050-A478-2DB046D425AF}"
EndProject
Project("{8BC9CEB8-8B4A-11D0-8D11-00A0C91BC942}") = "LAB11_0_2", "LAB11_0_2\LAB11_0_2.vcxproj", "{4BB0633B-6F78-4E64-B473-8CFC160D8A5F}"
EndProject
Project("{8BC9CEB8-8B4A-11D0-8D11-00A0C91BC942}") = "LAB11_1", "LAB11_1\LAB11_1.vcxproj", "{DCE82BA5-D92C-4826-9C45-638882D0FFBC}"
EndProject
Project("{8BC9CEB8-8B4A-11D0-8D11-00A0C91BC942}") = "LAB11_2", "LAB11_2\LAB11_2.vcxproj", "{662D74F4-B0A8-444F-8C03-1313409C97B1}"
EndProject
Project("{8BC9CEB8-8B4A-11D0-8D11-00A0C91BC942}") = "LAB11_3", "LAB11_3\LAB11_3.vcxproj", "{B194FE71-04B0-4E01-A779-FD6CA52F6FBE}"
EndProject
Project("{8BC9CEB8-8B4A-11D0-8D11-00A0C91BC942}") = "HW11_1", "HW11_1\HW11_1.vcxproj", "{13E1858C-FDEA-4176-A3EC-091A04CADD9B}"
EndProject
Project("{8BC9CEB8-8B4A-11D0-8D11-00A0C91BC942}") = "HW11_2", "HW11_2\HW11_2.vcxproj", "{FCBF58C5-2DC1-43EF-900F-597FA74CFBAD}"
EndProject
Project("{8BC9CEB8-8B4A-11D0-8D11-00A0C91BC942}") = "HW11_3", "HW11_3\HW11_3.vcxproj", "{A2C3A1C4-52B2-420A-A2F9-72196EF6404D}"
EndProject
Project("{8BC9CEB8-8B4A-11D0-8D11-00A0C91BC942}") = "HW11_4_0", "HW11_4_0\HW11_4_0.vcxproj", "{70FDF028-3A38-4155-9546-96840685D9E5}"
EndProject
Project("{8BC9CEB8-8B4A-11D0-8D11-00A0C91BC942}") = "HW11_4_1", "HW11_4_1\HW11_4_1.vcxproj", "{0B758CB8-AF1F-4D2A-A632-CAB560E77377}"
EndProject
Project("{8BC9CEB8-8B4A-11D0-8D11-00A0C91BC942}") = "HW(메르센 소수)", "HW(메르센 소수)\HW(메르센 소수).vcxproj", "{9120B720-3C44-4FB8-9661-45D61F52D44F}"
EndProject
Project("{8BC9CEB8-8B4A-11D0-8D11-00A0C91BC942}") = "HW9_다", "HW9_다\HW9_다.vcxproj", "{B38CB5DE-02B2-4A03-B958-EB2F3CAFDBC3}"
EndProject
Global
	GlobalSection(SolutionConfigurationPlatforms) = preSolution
		Debug|x64 = Debug|x64
		Debug|x86 = Debug|x86
		Release|x64 = Release|x64
		Release|x86 = Release|x86
	EndGlobalSection
	GlobalSection(ProjectConfigurationPlatforms) = postSolution
		{F42005D4-CC6D-4050-A478-2DB046D425AF}.Debug|x64.ActiveCfg = Debug|x64
		{F42005D4-CC6D-4050-A478-2DB046D425AF}.Debug|x64.Build.0 = Debug|x64
		{F42005D4-CC6D-4050-A478-2DB046D425AF}.Debug|x86.ActiveCfg = Debug|Win32
		{F42005D4-CC6D-4050-A478-2DB046D425AF}.Debug|x86.Build.0 = Debug|Win32
		{F42005D4-CC6D-4050-A478-2DB046D425AF}.Release|x64.ActiveCfg = Release|x64
		{F42005D4-CC6D-4050-A478-2DB046D425AF}.Release|x64.Build.0 = Release|x64
		{F42005D4-CC6D-4050-A478-2DB046D425AF}.Release|x86.ActiveCfg = Release|Win32
		{F42005D4-CC6D-4050-A478-2DB046D425AF}.Release|x86.Build.0 = Release|Win32
		{4BB0633B-6F78-4E64-B473-8CFC160D8A5F}.Debug|x64.ActiveCfg = Debug|x64
		{4BB0633B-6F78-4E64-B473-8CFC160D8A5F}.Debug|x64.Build.0 = Debug|x64
		{4BB0633B-6F78-4E64-B473-8CFC160D8A5F}.Debug|x86.ActiveCfg = Debug|Win32
		{4BB0633B-6F78-4E64-B473-8CFC160D8A5F}.Debug|x86.Build.0 = Debug|Win32
		{4BB0633B-6F78-4E64-B473-8CFC160D8A5F}.Release|x64.ActiveCfg = Release|x64
		{4BB0633B-6F78-4E64-B473-8CFC160D8A5F}.Release|x64.Build.0 = Release|x64
		{4BB0633B-6F78-4E64-B473-8CFC160D8A5F}.Release|x86.ActiveCfg = Release|Win32
		{4BB0633B-6F78-4E64-B473-8CFC160D8A5F}.Release|x86.Build.0 = Release|Win32
		{DCE82BA5-D92C-4826-9C45-638882D0FFBC}.Debug|x64.ActiveCfg = Debug|x64
		{DCE82BA5-D92C-4826-9C45-638882D0FFBC}.Debug|x64.Build.0 = Debug|x64
		{DCE82BA5-D92C-4826-9C45-638882D0FFBC}.Debug|x86.ActiveCfg = Debug|Win32
		{DCE82BA5-D92C-4826-9C45-638882D0FFBC}.Debug|x86.Build.0 = Debug|Win32
		{DCE82BA5-D92C-4826-9C45-638882D0FFBC}.Release|x64.ActiveCfg = Release|x64
		{DCE82BA5-D92C-4826-9C45-638882D0FFBC}.Release|x64.Build.0 = Release|x64
		{DCE82BA5-D92C-4826-9C45-638882D0FFBC}.Release|x86.ActiveCfg = Release|Win32
		{DCE82BA5-D92C-4826-9C45-638882D0FFBC}.Release|x86.Build.0 = Release|Win32
		{662D74F4-B0A8-444F-8C03-1313409C97B1}.Debug|x64.ActiveCfg = Debug|x64
		{662D74F4-B0A8-444F-8C03-1313409C97B1}.Debug|x64.Build.0 = Debug|x64
		{662D74F4-B0A8-444F-8C03-1313409C97B1}.Debug|x86.ActiveCfg = Debug|Win32
		{662D74F4-B0A8-444F-8C03-1313409C97B1}.Debug|x86.Build.0 = Debug|Win32
		{662D74F4-B0A8-444F-8C03-1313409C97B1}.Release|x64.ActiveCfg = Release|x64
		{662D74F4-B0A8-444F-8C03-1313409C97B1}.Release|x64.Build.0 = Release|x64
		{662D74F4-B0A8-444F-8C03-1313409C97B1}.Release|x86.ActiveCfg = Release|Win32
		{662D74F4-B0A8-444F-8C03-1313409C97B1}.Release|x86.Build.0 = Release|Win32
		{B194FE71-04B0-4E01-A779-FD6CA52F6FBE}.Debug|x64.ActiveCfg = Debug|x64
		{B194FE71-04B0-4E01-A779-FD6CA52F6FBE}.Debug|x64.Build.0 = Debug|x64
		{B194FE71-04B0-4E01-A779-FD6CA52F6FBE}.Debug|x86.ActiveCfg = Debug|Win32
		{B194FE71-04B0-4E01-A779-FD6CA52F6FBE}.Debug|x86.Build.0 = Debug|Win32
		{B194FE71-04B0-4E01-A779-FD6CA52F6FBE}.Release|x64.ActiveCfg = Release|x64
		{B194FE71-04B0-4E01-A779-FD6CA52F6FBE}.Release|x64.Build.0 = Release|x64
		{B194FE71-04B0-4E01-A779-FD6CA52F6FBE}.Release|x86.ActiveCfg = Release|Win32
		{B194FE71-04B0-4E01-A779-FD6CA52F6FBE}.Release|x86.Build.0 = Release|Win32
		{13E1858C-FDEA-4176-A3EC-091A04CADD9B}.Debug|x64.ActiveCfg = Debug|x64
		{13E1858C-FDEA-4176-A3EC-091A04CADD9B}.Debug|x64.Build.0 = Debug|x64
		{13E1858C-FDEA-4176-A3EC-091A04CADD9B}.Debug|x86.ActiveCfg = Debug|Win32
		{13E1858C-FDEA-4176-A3EC-091A04CADD9B}.Debug|x86.Build.0 = Debug|Win32
		{13E1858C-FDEA-4176-A3EC-091A04CADD9B}.Release|x64.ActiveCfg = Release|x64
		{13E1858C-FDEA-4176-A3EC-091A04CADD9B}.Release|x64.Build.0 = Release|x64
		{13E1858C-FDEA-4176-A3EC-091A04CADD9B}.Release|x86.ActiveCfg = Release|Win32
		{13E1858C-FDEA-4176-A3EC-091A04CADD9B}.Release|x86.Build.0 = Release|Win32
		{FCBF58C5-2DC1-43EF-900F-597FA74CFBAD}.Debug|x64.ActiveCfg = Debug|x64
		{FCBF58C5-2DC1-43EF-900F-597FA74CFBAD}.Debug|x64.Build.0 = Debug|x64
		{FCBF58C5-2DC1-43EF-900F-597FA74CFBAD}.Debug|x86.ActiveCfg = Debug|Win32
		{FCBF58C5-2DC1-43EF-900F-597FA74CFBAD}.Debug|x86.Build.0 = Debug|Win32
		{FCBF58C5-2DC1-43EF-900F-597FA74CFBAD}.Release|x64.ActiveCfg = Release|x64
		{FCBF58C5-2DC1-43EF-900F-597FA74CFBAD}.Release|x64.Build.0 = Release|x64
		{FCBF58C5-2DC1-43EF-900F-597FA74CFBAD}.Release|x86.ActiveCfg = Release|Win32
		{FCBF58C5-2DC1-43EF-900F-597FA74CFBAD}.Release|x86.Build.0 = Release|Win32
		{A2C3A1C4-52B2-420A-A2F9-72196EF6404D}.Debug|x64.ActiveCfg = Debug|x64
		{A2C3A1C4-52B2-420A-A2F9-72196EF6404D}.Debug|x64.Build.0 = Debug|x64
		{A2C3A1C4-52B2-420A-A2F9-72196EF6404D}.Debug|x86.ActiveCfg = Debug|Win32
		{A2C3A1C4-52B2-420A-A2F9-72196EF6404D}.Debug|x86.Build.0 = Debug|Win32
		{A2C3A1C4-52B2-420A-A2F9-72196EF6404D}.Release|x64.ActiveCfg = Release|x64
		{A2C3A1C4-52B2-420A-A2F9-72196EF6404D}.Release|x64.Build.0 = Release|x64
		{A2C3A1C4-52B2-420A-A2F9-72196EF6404D}.Release|x86.ActiveCfg = Release|Win32
		{A2C3A1C4-52B2-420A-A2F9-72196EF6404D}.Release|x86.Build.0 = Release|Win32
		{70FDF028-3A38-4155-9546-96840685D9E5}.Debug|x64.ActiveCfg = Debug|x64
		{70FDF028-3A38-4155-9546-96840685D9E5}.Debug|x64.Build.0 = Debug|x64
		{70FDF028-3A38-4155-9546-96840685D9E5}.Debug|x86.ActiveCfg = Debug|Win32
		{70FDF028-3A38-4155-9546-96840685D9E5}.Debug|x86.Build.0 = Debug|Win32
		{70FDF028-3A38-4155-9546-96840685D9E5}.Release|x64.ActiveCfg = Release|x64
		{70FDF028-3A38-4155-9546-96840685D9E5}.Release|x64.Build.0 = Release|x64
		{70FDF028-3A38-4155-9546-96840685D9E5}.Release|x86.ActiveCfg = Release|Win32
		{70FDF028-3A38-4155-9546-96840685D9E5}.Release|x86.Build.0 = Release|Win32
		{0B758CB8-AF1F-4D2A-A632-CAB560E77377}.Debug|x64.ActiveCfg = Debug|x64
		{0B758CB8-AF1F-4D2A-A632-CAB560E77377}.Debug|x64.Build.0 = Debug|x64
		{0B758CB8-AF1F-4D2A-A632-CAB560E77377}.Debug|x86.ActiveCfg = Debug|Win32
		{0B758CB8-AF1F-4D2A-A632-CAB560E77377}.Debug|x86.Build.0 = Debug|Win32
		{0B758CB8-AF1F-4D2A-A632-CAB560E77377}.Release|x64.ActiveCfg = Release|x64
		{0B758CB8-AF1F-4D2A-A632-CAB560E77377}.Release|x64.Build.0 = Release|x64
		{0B758CB8-AF1F-4D2A-A632-CAB560E77377}.Release|x86.ActiveCfg = Release|Win32
		{0B758CB8-AF1F-4D2A-A632-CAB560E77377}.Release|x86.Build.0 = Release|Win32
		{9120B720-3C44-4FB8-9661-45D61F52D44F}.Debug|x64.ActiveCfg = Debug|x64
		{9120B720-3C44-4FB8-9661-45D61F52D44F}.Debug|x64.Build.0 = Debug|x64
		{9120B720-3C44-4FB8-9661-45D61F52D44F}.Debug|x86.ActiveCfg = Debug|Win32
		{9120B720-3C44-4FB8-9661-45D61F52D44F}.Debug|x86.Build.0 = Debug|Win32
		{9120B720-3C44-4FB8-9661-45D61F52D44F}.Release|x64.ActiveCfg = Release|x64
		{9120B720-3C44-4FB8-9661-45D61F52D44F}.Release|x64.Build.0 = Release|x64
		{9120B720-3C44-4FB8-9661-45D61F52D44F}.Release|x86.ActiveCfg = Release|Win32
		{9120B720-3C44-4FB8-9661-45D61F52D44F}.Release|x86.Build.0 = Release|Win32
		{B38CB5DE-02B2-4A03-B958-EB2F3CAFDBC3}.Debug|x64.ActiveCfg = Debug|x64
		{B38CB5DE-02B2-4A03-B958-EB2F3CAFDBC3}.Debug|x64.Build.0 = Debug|x64
		{B38CB5DE-02B2-4A03-B958-EB2F3CAFDBC3}.Debug|x86.ActiveCfg = Debug|Win32
		{B38CB5DE-02B2-4A03-B958-EB2F3CAFDBC3}.Debug|x86.Build.0 = Debug|Win32
		{B38CB5DE-02B2-4A03-B958-EB2F3CAFDBC3}.Release|x64.ActiveCfg = Release|x64
		{B38CB5DE-02B2-4A03-B958-EB2F3CAFDBC3}.Release|x64.Build.0 = Release|x64
		{B38CB5DE-02B2-4A03-B958-EB2F3CAFDBC3}.Release|x86.ActiveCfg = Release|Win32
		{B38CB5DE-02B2-4A03-B958-EB2F3CAFDBC3}.Release|x86.Build.0 = Release|Win32
	EndGlobalSection
	GlobalSection(SolutionProperties) = preSolution
		HideSolutionNode = FALSE
	EndGlobalSection
	GlobalSection(ExtensibilityGlobals) = postSolution
		SolutionGuid = {7603131C-1B49-4131-BC30-E11DCB079E1F}
	EndGlobalSection
EndGlobal
