
Microsoft Visual Studio Solution File, Format Version 12.00
# Visual Studio Version 16
VisualStudioVersion = 16.0.31025.194
MinimumVisualStudioVersion = 10.0.40219.1
Project("{8BC9CEB8-8B4A-11D0-8D11-00A0C91BC942}") = "m1", "m1\m1.vcxproj", "{95EDB7AA-C3F5-4608-AB07-6DEB0B8559B5}"
EndProject
Project("{8BC9CEB8-8B4A-11D0-8D11-00A0C91BC942}") = "m2", "m2\m2.vcxproj", "{C5D01491-B8F4-4FB8-9D63-E05676E5EBA7}"
EndProject
Project("{8BC9CEB8-8B4A-11D0-8D11-00A0C91BC942}") = "m3", "m3\m3.vcxproj", "{1B14C5D1-6DC6-46FE-972B-6904A6C4ACE5}"
EndProject
Project("{8BC9CEB8-8B4A-11D0-8D11-00A0C91BC942}") = "Project1", "Project1\Project1.vcxproj", "{21290DD5-FC26-4ADA-A5B0-3A652FEE215F}"
EndProject
Project("{8BC9CEB8-8B4A-11D0-8D11-00A0C91BC942}") = "m4", "m4\m4.vcxproj", "{4F6D9994-1EEF-4413-9A57-CB00BA2A07F0}"
EndProject
Project("{8BC9CEB8-8B4A-11D0-8D11-00A0C91BC942}") = "m5", "m5\m5.vcxproj", "{A020DA77-EECE-460F-ADA6-522E44AAEFDD}"
EndProject
Project("{8BC9CEB8-8B4A-11D0-8D11-00A0C91BC942}") = "m6", "m6\m6.vcxproj", "{7F746396-EE01-4B5E-93B8-560A2D9701BC}"
EndProject
Project("{8BC9CEB8-8B4A-11D0-8D11-00A0C91BC942}") = "m7", "m7\m7.vcxproj", "{6D48A62F-DFC9-424F-B90F-E098D45D7CBA}"
EndProject
Project("{8BC9CEB8-8B4A-11D0-8D11-00A0C91BC942}") = "m3-1", "m3-1\m3-1.vcxproj", "{FA786D95-73CD-437F-BAB5-5E45A402BE79}"
EndProject
Global
	GlobalSection(SolutionConfigurationPlatforms) = preSolution
		Debug|x64 = Debug|x64
		Debug|x86 = Debug|x86
		Release|x64 = Release|x64
		Release|x86 = Release|x86
	EndGlobalSection
	GlobalSection(ProjectConfigurationPlatforms) = postSolution
		{95EDB7AA-C3F5-4608-AB07-6DEB0B8559B5}.Debug|x64.ActiveCfg = Debug|x64
		{95EDB7AA-C3F5-4608-AB07-6DEB0B8559B5}.Debug|x64.Build.0 = Debug|x64
		{95EDB7AA-C3F5-4608-AB07-6DEB0B8559B5}.Debug|x86.ActiveCfg = Debug|Win32
		{95EDB7AA-C3F5-4608-AB07-6DEB0B8559B5}.Debug|x86.Build.0 = Debug|Win32
		{95EDB7AA-C3F5-4608-AB07-6DEB0B8559B5}.Release|x64.ActiveCfg = Release|x64
		{95EDB7AA-C3F5-4608-AB07-6DEB0B8559B5}.Release|x64.Build.0 = Release|x64
		{95EDB7AA-C3F5-4608-AB07-6DEB0B8559B5}.Release|x86.ActiveCfg = Release|Win32
		{95EDB7AA-C3F5-4608-AB07-6DEB0B8559B5}.Release|x86.Build.0 = Release|Win32
		{C5D01491-B8F4-4FB8-9D63-E05676E5EBA7}.Debug|x64.ActiveCfg = Debug|x64
		{C5D01491-B8F4-4FB8-9D63-E05676E5EBA7}.Debug|x64.Build.0 = Debug|x64
		{C5D01491-B8F4-4FB8-9D63-E05676E5EBA7}.Debug|x86.ActiveCfg = Debug|Win32
		{C5D01491-B8F4-4FB8-9D63-E05676E5EBA7}.Debug|x86.Build.0 = Debug|Win32
		{C5D01491-B8F4-4FB8-9D63-E05676E5EBA7}.Release|x64.ActiveCfg = Release|x64
		{C5D01491-B8F4-4FB8-9D63-E05676E5EBA7}.Release|x64.Build.0 = Release|x64
		{C5D01491-B8F4-4FB8-9D63-E05676E5EBA7}.Release|x86.ActiveCfg = Release|Win32
		{C5D01491-B8F4-4FB8-9D63-E05676E5EBA7}.Release|x86.Build.0 = Release|Win32
		{1B14C5D1-6DC6-46FE-972B-6904A6C4ACE5}.Debug|x64.ActiveCfg = Debug|x64
		{1B14C5D1-6DC6-46FE-972B-6904A6C4ACE5}.Debug|x64.Build.0 = Debug|x64
		{1B14C5D1-6DC6-46FE-972B-6904A6C4ACE5}.Debug|x86.ActiveCfg = Debug|Win32
		{1B14C5D1-6DC6-46FE-972B-6904A6C4ACE5}.Debug|x86.Build.0 = Debug|Win32
		{1B14C5D1-6DC6-46FE-972B-6904A6C4ACE5}.Release|x64.ActiveCfg = Release|x64
		{1B14C5D1-6DC6-46FE-972B-6904A6C4ACE5}.Release|x64.Build.0 = Release|x64
		{1B14C5D1-6DC6-46FE-972B-6904A6C4ACE5}.Release|x86.ActiveCfg = Release|Win32
		{1B14C5D1-6DC6-46FE-972B-6904A6C4ACE5}.Release|x86.Build.0 = Release|Win32
		{21290DD5-FC26-4ADA-A5B0-3A652FEE215F}.Debug|x64.ActiveCfg = Debug|x64
		{21290DD5-FC26-4ADA-A5B0-3A652FEE215F}.Debug|x64.Build.0 = Debug|x64
		{21290DD5-FC26-4ADA-A5B0-3A652FEE215F}.Debug|x86.ActiveCfg = Debug|Win32
		{21290DD5-FC26-4ADA-A5B0-3A652FEE215F}.Debug|x86.Build.0 = Debug|Win32
		{21290DD5-FC26-4ADA-A5B0-3A652FEE215F}.Release|x64.ActiveCfg = Release|x64
		{21290DD5-FC26-4ADA-A5B0-3A652FEE215F}.Release|x64.Build.0 = Release|x64
		{21290DD5-FC26-4ADA-A5B0-3A652FEE215F}.Release|x86.ActiveCfg = Release|Win32
		{21290DD5-FC26-4ADA-A5B0-3A652FEE215F}.Release|x86.Build.0 = Release|Win32
		{4F6D9994-1EEF-4413-9A57-CB00BA2A07F0}.Debug|x64.ActiveCfg = Debug|x64
		{4F6D9994-1EEF-4413-9A57-CB00BA2A07F0}.Debug|x64.Build.0 = Debug|x64
		{4F6D9994-1EEF-4413-9A57-CB00BA2A07F0}.Debug|x86.ActiveCfg = Debug|Win32
		{4F6D9994-1EEF-4413-9A57-CB00BA2A07F0}.Debug|x86.Build.0 = Debug|Win32
		{4F6D9994-1EEF-4413-9A57-CB00BA2A07F0}.Release|x64.ActiveCfg = Release|x64
		{4F6D9994-1EEF-4413-9A57-CB00BA2A07F0}.Release|x64.Build.0 = Release|x64
		{4F6D9994-1EEF-4413-9A57-CB00BA2A07F0}.Release|x86.ActiveCfg = Release|Win32
		{4F6D9994-1EEF-4413-9A57-CB00BA2A07F0}.Release|x86.Build.0 = Release|Win32
		{A020DA77-EECE-460F-ADA6-522E44AAEFDD}.Debug|x64.ActiveCfg = Debug|x64
		{A020DA77-EECE-460F-ADA6-522E44AAEFDD}.Debug|x64.Build.0 = Debug|x64
		{A020DA77-EECE-460F-ADA6-522E44AAEFDD}.Debug|x86.ActiveCfg = Debug|Win32
		{A020DA77-EECE-460F-ADA6-522E44AAEFDD}.Debug|x86.Build.0 = Debug|Win32
		{A020DA77-EECE-460F-ADA6-522E44AAEFDD}.Release|x64.ActiveCfg = Release|x64
		{A020DA77-EECE-460F-ADA6-522E44AAEFDD}.Release|x64.Build.0 = Release|x64
		{A020DA77-EECE-460F-ADA6-522E44AAEFDD}.Release|x86.ActiveCfg = Release|Win32
		{A020DA77-EECE-460F-ADA6-522E44AAEFDD}.Release|x86.Build.0 = Release|Win32
		{7F746396-EE01-4B5E-93B8-560A2D9701BC}.Debug|x64.ActiveCfg = Debug|x64
		{7F746396-EE01-4B5E-93B8-560A2D9701BC}.Debug|x64.Build.0 = Debug|x64
		{7F746396-EE01-4B5E-93B8-560A2D9701BC}.Debug|x86.ActiveCfg = Debug|Win32
		{7F746396-EE01-4B5E-93B8-560A2D9701BC}.Debug|x86.Build.0 = Debug|Win32
		{7F746396-EE01-4B5E-93B8-560A2D9701BC}.Release|x64.ActiveCfg = Release|x64
		{7F746396-EE01-4B5E-93B8-560A2D9701BC}.Release|x64.Build.0 = Release|x64
		{7F746396-EE01-4B5E-93B8-560A2D9701BC}.Release|x86.ActiveCfg = Release|Win32
		{7F746396-EE01-4B5E-93B8-560A2D9701BC}.Release|x86.Build.0 = Release|Win32
		{6D48A62F-DFC9-424F-B90F-E098D45D7CBA}.Debug|x64.ActiveCfg = Debug|x64
		{6D48A62F-DFC9-424F-B90F-E098D45D7CBA}.Debug|x64.Build.0 = Debug|x64
		{6D48A62F-DFC9-424F-B90F-E098D45D7CBA}.Debug|x86.ActiveCfg = Debug|Win32
		{6D48A62F-DFC9-424F-B90F-E098D45D7CBA}.Debug|x86.Build.0 = Debug|Win32
		{6D48A62F-DFC9-424F-B90F-E098D45D7CBA}.Release|x64.ActiveCfg = Release|x64
		{6D48A62F-DFC9-424F-B90F-E098D45D7CBA}.Release|x64.Build.0 = Release|x64
		{6D48A62F-DFC9-424F-B90F-E098D45D7CBA}.Release|x86.ActiveCfg = Release|Win32
		{6D48A62F-DFC9-424F-B90F-E098D45D7CBA}.Release|x86.Build.0 = Release|Win32
		{FA786D95-73CD-437F-BAB5-5E45A402BE79}.Debug|x64.ActiveCfg = Debug|x64
		{FA786D95-73CD-437F-BAB5-5E45A402BE79}.Debug|x64.Build.0 = Debug|x64
		{FA786D95-73CD-437F-BAB5-5E45A402BE79}.Debug|x86.ActiveCfg = Debug|Win32
		{FA786D95-73CD-437F-BAB5-5E45A402BE79}.Debug|x86.Build.0 = Debug|Win32
		{FA786D95-73CD-437F-BAB5-5E45A402BE79}.Release|x64.ActiveCfg = Release|x64
		{FA786D95-73CD-437F-BAB5-5E45A402BE79}.Release|x64.Build.0 = Release|x64
		{FA786D95-73CD-437F-BAB5-5E45A402BE79}.Release|x86.ActiveCfg = Release|Win32
		{FA786D95-73CD-437F-BAB5-5E45A402BE79}.Release|x86.Build.0 = Release|Win32
	EndGlobalSection
	GlobalSection(SolutionProperties) = preSolution
		HideSolutionNode = FALSE
	EndGlobalSection
	GlobalSection(ExtensibilityGlobals) = postSolution
		SolutionGuid = {A4B05AC9-DDAF-4737-9C9C-116FA846FEF3}
	EndGlobalSection
EndGlobal
