
Microsoft Visual Studio Solution File, Format Version 12.00
# Visual Studio Version 16
VisualStudioVersion = 16.0.31025.194
MinimumVisualStudioVersion = 10.0.40219.1
Project("{8BC9CEB8-8B4A-11D0-8D11-00A0C91BC942}") = "축구의 신1", "축구의 신\축구의 신.vcxproj", "{641289A7-81F7-45E7-BDE5-0064BF1B05C5}"
EndProject
Project("{8BC9CEB8-8B4A-11D0-8D11-00A0C91BC942}") = "두 번째 수", "두 번째 수\두 번째 수.vcxproj", "{0E838D8B-70C8-45C5-95A2-ED50A89FBF20}"
EndProject
Project("{8BC9CEB8-8B4A-11D0-8D11-00A0C91BC942}") = "30분전", "30분전\30분전.vcxproj", "{5D97A1C6-E15F-4E13-874F-11B48155D9FA}"
EndProject
Project("{8BC9CEB8-8B4A-11D0-8D11-00A0C91BC942}") = "만능휴지통", "만능휴지통\만능휴지통.vcxproj", "{83010030-987D-4A02-BB0B-04A0BC778A5E}"
EndProject
Project("{8BC9CEB8-8B4A-11D0-8D11-00A0C91BC942}") = "최댓값", "최댓값\최댓값.vcxproj", "{EAD3DF64-14FC-498C-83D3-9C5DD9AA5D87}"
EndProject
Project("{8BC9CEB8-8B4A-11D0-8D11-00A0C91BC942}") = "삼각형 판단하기", "삼각형 판단하기\삼각형 판단하기.vcxproj", "{232383E1-5B43-424B-9971-D31803D5AC2E}"
EndProject
Project("{8BC9CEB8-8B4A-11D0-8D11-00A0C91BC942}") = "이번주 로또", "이번주 로또\이번주 로또.vcxproj", "{C0AD24F4-CCCE-4824-B79E-B0FD69C126FD}"
EndProject
Project("{8BC9CEB8-8B4A-11D0-8D11-00A0C91BC942}") = "정수 3개 입력받아 짝수만 출력하기", "정수 3개 입력받아 짝수만 출력하기\정수 3개 입력받아 짝수만 출력하기.vcxproj", "{22AFA763-8AC5-4DA6-BCE1-066876EA8EB4}"
EndProject
Project("{8BC9CEB8-8B4A-11D0-8D11-00A0C91BC942}") = "정수 3개 입력받아 짝홀 출력하기", "정수 3개 입력받아 짝홀 출력하기\정수 3개 입력받아 짝홀 출력하기.vcxproj", "{4154B664-42EE-4455-9C23-DFFF3F1F0D04}"
EndProject
Project("{8BC9CEB8-8B4A-11D0-8D11-00A0C91BC942}") = "정수 1개 입력받아 분석하기", "정수 1개 입력받아 분석하기\정수 1개 입력받아 분석하기.vcxproj", "{A3862399-1408-4B14-871D-222C050496FD}"
EndProject
Project("{8BC9CEB8-8B4A-11D0-8D11-00A0C91BC942}") = "정수 1개 입력받아 평가 출력하기", "정수 1개 입력받아 평가 출력하기\정수 1개 입력받아 평가 출력하기.vcxproj", "{199C3E43-F7F0-4D18-974F-F5938D65616D}"
EndProject
Project("{8BC9CEB8-8B4A-11D0-8D11-00A0C91BC942}") = "평가 입력받아 다르게 출력하기", "평가 입력받아 다르게 출력하기\평가 입력받아 다르게 출력하기.vcxproj", "{29BDF303-6DEF-4308-BF69-D9374A4742FE}"
EndProject
Project("{8BC9CEB8-8B4A-11D0-8D11-00A0C91BC942}") = "월 입력받아 계절 출력하기", "월 입력받아 계절 출력하기\월 입력받아 계절 출력하기.vcxproj", "{082C864B-FFB9-42C0-ABAA-D827A058B1E9}"
EndProject
Project("{8BC9CEB8-8B4A-11D0-8D11-00A0C91BC942}") = "두 수의 대소 비교", "두 수의 대소 비교\두 수의 대소 비교.vcxproj", "{4C69182D-39C4-4B6C-BE1B-90B51BB376EB}"
EndProject
Project("{8BC9CEB8-8B4A-11D0-8D11-00A0C91BC942}") = "큰 수 - 작은 수", "큰 수 - 작은 수\큰 수 - 작은 수.vcxproj", "{91421D44-D6A6-4764-965B-1C92E3753E40}"
EndProject
Project("{8BC9CEB8-8B4A-11D0-8D11-00A0C91BC942}") = "특별한 공 던지기1", "특별한 공 던지기1\특별한 공 던지기1.vcxproj", "{80311299-EE8B-4163-A503-50EC459AD8D1}"
EndProject
Project("{8BC9CEB8-8B4A-11D0-8D11-00A0C91BC942}") = "특별한 공 던지기2", "특별한 공 던지기2\특별한 공 던지기2.vcxproj", "{5430A9EB-4154-4878-8CAD-8F0AB59EDAF6}"
EndProject
Project("{8BC9CEB8-8B4A-11D0-8D11-00A0C91BC942}") = "홀수와 짝수 그리고 더하기", "홀수와 짝수 그리고 더하기\홀수와 짝수 그리고 더하기.vcxproj", "{4F58F34C-7625-426B-9E48-5F385E6C8C0C}"
EndProject
Project("{8BC9CEB8-8B4A-11D0-8D11-00A0C91BC942}") = "당신의 사주를 봐드립니다1", "당신의 사주를 봐드립니다1\당신의 사주를 봐드립니다1.vcxproj", "{57221C96-D383-4718-99D3-FAB1330A97AC}"
EndProject
Project("{8BC9CEB8-8B4A-11D0-8D11-00A0C91BC942}") = "당신의 사주를 봐드립니다2", "당신의 사주를 봐드립니다2\당신의 사주를 봐드립니다2.vcxproj", "{5ACE4D27-F57B-4F3E-A86E-EABF45FD97E9}"
EndProject
Project("{8BC9CEB8-8B4A-11D0-8D11-00A0C91BC942}") = "터널 통과하기1", "터널 통과하기1\터널 통과하기1.vcxproj", "{A8741D0C-907C-4D9A-979E-E5261631B3A5}"
EndProject
Project("{8BC9CEB8-8B4A-11D0-8D11-00A0C91BC942}") = "윤년 판별", "윤년 판별\윤년 판별.vcxproj", "{83AA42E8-CD08-4D6A-94C1-999036C7E638}"
EndProject
Project("{8BC9CEB8-8B4A-11D0-8D11-00A0C91BC942}") = "나이 계싼1", "나이 계싼1\나이 계싼1.vcxproj", "{9D17CBC3-361E-45E4-9DAC-4261FD6AA86A}"
EndProject
Project("{8BC9CEB8-8B4A-11D0-8D11-00A0C91BC942}") = "나이 계산2", "나이 계산2\나이 계산2.vcxproj", "{F20EF6AC-60E4-42DC-A011-922878B8C105}"
EndProject
Project("{8BC9CEB8-8B4A-11D0-8D11-00A0C91BC942}") = "삼각형의 성립조건", "삼각형의 성립조건\삼각형의 성립조건.vcxproj", "{6742C31C-115C-4EE7-95DA-608613AAED2B}"
EndProject
Project("{8BC9CEB8-8B4A-11D0-8D11-00A0C91BC942}") = "이 달은 며칠까지 있을까", "이 달은 며칠까지 있을까\이 달은 며칠까지 있을까.vcxproj", "{006BD1B6-3C15-49CC-9DD0-F096B95541EB}"
EndProject
Project("{8BC9CEB8-8B4A-11D0-8D11-00A0C91BC942}") = "계산기1", "계산기1\계산기1.vcxproj", "{7D577373-2CC1-4B29-89BE-22C12930994D}"
EndProject
Global
	GlobalSection(SolutionConfigurationPlatforms) = preSolution
		Debug|x64 = Debug|x64
		Debug|x86 = Debug|x86
		Release|x64 = Release|x64
		Release|x86 = Release|x86
	EndGlobalSection
	GlobalSection(ProjectConfigurationPlatforms) = postSolution
		{641289A7-81F7-45E7-BDE5-0064BF1B05C5}.Debug|x64.ActiveCfg = Debug|x64
		{641289A7-81F7-45E7-BDE5-0064BF1B05C5}.Debug|x64.Build.0 = Debug|x64
		{641289A7-81F7-45E7-BDE5-0064BF1B05C5}.Debug|x86.ActiveCfg = Debug|Win32
		{641289A7-81F7-45E7-BDE5-0064BF1B05C5}.Debug|x86.Build.0 = Debug|Win32
		{641289A7-81F7-45E7-BDE5-0064BF1B05C5}.Release|x64.ActiveCfg = Release|x64
		{641289A7-81F7-45E7-BDE5-0064BF1B05C5}.Release|x64.Build.0 = Release|x64
		{641289A7-81F7-45E7-BDE5-0064BF1B05C5}.Release|x86.ActiveCfg = Release|Win32
		{641289A7-81F7-45E7-BDE5-0064BF1B05C5}.Release|x86.Build.0 = Release|Win32
		{0E838D8B-70C8-45C5-95A2-ED50A89FBF20}.Debug|x64.ActiveCfg = Debug|x64
		{0E838D8B-70C8-45C5-95A2-ED50A89FBF20}.Debug|x64.Build.0 = Debug|x64
		{0E838D8B-70C8-45C5-95A2-ED50A89FBF20}.Debug|x86.ActiveCfg = Debug|Win32
		{0E838D8B-70C8-45C5-95A2-ED50A89FBF20}.Debug|x86.Build.0 = Debug|Win32
		{0E838D8B-70C8-45C5-95A2-ED50A89FBF20}.Release|x64.ActiveCfg = Release|x64
		{0E838D8B-70C8-45C5-95A2-ED50A89FBF20}.Release|x64.Build.0 = Release|x64
		{0E838D8B-70C8-45C5-95A2-ED50A89FBF20}.Release|x86.ActiveCfg = Release|Win32
		{0E838D8B-70C8-45C5-95A2-ED50A89FBF20}.Release|x86.Build.0 = Release|Win32
		{5D97A1C6-E15F-4E13-874F-11B48155D9FA}.Debug|x64.ActiveCfg = Debug|x64
		{5D97A1C6-E15F-4E13-874F-11B48155D9FA}.Debug|x64.Build.0 = Debug|x64
		{5D97A1C6-E15F-4E13-874F-11B48155D9FA}.Debug|x86.ActiveCfg = Debug|Win32
		{5D97A1C6-E15F-4E13-874F-11B48155D9FA}.Debug|x86.Build.0 = Debug|Win32
		{5D97A1C6-E15F-4E13-874F-11B48155D9FA}.Release|x64.ActiveCfg = Release|x64
		{5D97A1C6-E15F-4E13-874F-11B48155D9FA}.Release|x64.Build.0 = Release|x64
		{5D97A1C6-E15F-4E13-874F-11B48155D9FA}.Release|x86.ActiveCfg = Release|Win32
		{5D97A1C6-E15F-4E13-874F-11B48155D9FA}.Release|x86.Build.0 = Release|Win32
		{83010030-987D-4A02-BB0B-04A0BC778A5E}.Debug|x64.ActiveCfg = Debug|x64
		{83010030-987D-4A02-BB0B-04A0BC778A5E}.Debug|x64.Build.0 = Debug|x64
		{83010030-987D-4A02-BB0B-04A0BC778A5E}.Debug|x86.ActiveCfg = Debug|Win32
		{83010030-987D-4A02-BB0B-04A0BC778A5E}.Debug|x86.Build.0 = Debug|Win32
		{83010030-987D-4A02-BB0B-04A0BC778A5E}.Release|x64.ActiveCfg = Release|x64
		{83010030-987D-4A02-BB0B-04A0BC778A5E}.Release|x64.Build.0 = Release|x64
		{83010030-987D-4A02-BB0B-04A0BC778A5E}.Release|x86.ActiveCfg = Release|Win32
		{83010030-987D-4A02-BB0B-04A0BC778A5E}.Release|x86.Build.0 = Release|Win32
		{EAD3DF64-14FC-498C-83D3-9C5DD9AA5D87}.Debug|x64.ActiveCfg = Debug|x64
		{EAD3DF64-14FC-498C-83D3-9C5DD9AA5D87}.Debug|x64.Build.0 = Debug|x64
		{EAD3DF64-14FC-498C-83D3-9C5DD9AA5D87}.Debug|x86.ActiveCfg = Debug|Win32
		{EAD3DF64-14FC-498C-83D3-9C5DD9AA5D87}.Debug|x86.Build.0 = Debug|Win32
		{EAD3DF64-14FC-498C-83D3-9C5DD9AA5D87}.Release|x64.ActiveCfg = Release|x64
		{EAD3DF64-14FC-498C-83D3-9C5DD9AA5D87}.Release|x64.Build.0 = Release|x64
		{EAD3DF64-14FC-498C-83D3-9C5DD9AA5D87}.Release|x86.ActiveCfg = Release|Win32
		{EAD3DF64-14FC-498C-83D3-9C5DD9AA5D87}.Release|x86.Build.0 = Release|Win32
		{232383E1-5B43-424B-9971-D31803D5AC2E}.Debug|x64.ActiveCfg = Debug|x64
		{232383E1-5B43-424B-9971-D31803D5AC2E}.Debug|x64.Build.0 = Debug|x64
		{232383E1-5B43-424B-9971-D31803D5AC2E}.Debug|x86.ActiveCfg = Debug|Win32
		{232383E1-5B43-424B-9971-D31803D5AC2E}.Debug|x86.Build.0 = Debug|Win32
		{232383E1-5B43-424B-9971-D31803D5AC2E}.Release|x64.ActiveCfg = Release|x64
		{232383E1-5B43-424B-9971-D31803D5AC2E}.Release|x64.Build.0 = Release|x64
		{232383E1-5B43-424B-9971-D31803D5AC2E}.Release|x86.ActiveCfg = Release|Win32
		{232383E1-5B43-424B-9971-D31803D5AC2E}.Release|x86.Build.0 = Release|Win32
		{C0AD24F4-CCCE-4824-B79E-B0FD69C126FD}.Debug|x64.ActiveCfg = Debug|x64
		{C0AD24F4-CCCE-4824-B79E-B0FD69C126FD}.Debug|x64.Build.0 = Debug|x64
		{C0AD24F4-CCCE-4824-B79E-B0FD69C126FD}.Debug|x86.ActiveCfg = Debug|Win32
		{C0AD24F4-CCCE-4824-B79E-B0FD69C126FD}.Debug|x86.Build.0 = Debug|Win32
		{C0AD24F4-CCCE-4824-B79E-B0FD69C126FD}.Release|x64.ActiveCfg = Release|x64
		{C0AD24F4-CCCE-4824-B79E-B0FD69C126FD}.Release|x64.Build.0 = Release|x64
		{C0AD24F4-CCCE-4824-B79E-B0FD69C126FD}.Release|x86.ActiveCfg = Release|Win32
		{C0AD24F4-CCCE-4824-B79E-B0FD69C126FD}.Release|x86.Build.0 = Release|Win32
		{22AFA763-8AC5-4DA6-BCE1-066876EA8EB4}.Debug|x64.ActiveCfg = Debug|x64
		{22AFA763-8AC5-4DA6-BCE1-066876EA8EB4}.Debug|x64.Build.0 = Debug|x64
		{22AFA763-8AC5-4DA6-BCE1-066876EA8EB4}.Debug|x86.ActiveCfg = Debug|Win32
		{22AFA763-8AC5-4DA6-BCE1-066876EA8EB4}.Debug|x86.Build.0 = Debug|Win32
		{22AFA763-8AC5-4DA6-BCE1-066876EA8EB4}.Release|x64.ActiveCfg = Release|x64
		{22AFA763-8AC5-4DA6-BCE1-066876EA8EB4}.Release|x64.Build.0 = Release|x64
		{22AFA763-8AC5-4DA6-BCE1-066876EA8EB4}.Release|x86.ActiveCfg = Release|Win32
		{22AFA763-8AC5-4DA6-BCE1-066876EA8EB4}.Release|x86.Build.0 = Release|Win32
		{4154B664-42EE-4455-9C23-DFFF3F1F0D04}.Debug|x64.ActiveCfg = Debug|x64
		{4154B664-42EE-4455-9C23-DFFF3F1F0D04}.Debug|x64.Build.0 = Debug|x64
		{4154B664-42EE-4455-9C23-DFFF3F1F0D04}.Debug|x86.ActiveCfg = Debug|Win32
		{4154B664-42EE-4455-9C23-DFFF3F1F0D04}.Debug|x86.Build.0 = Debug|Win32
		{4154B664-42EE-4455-9C23-DFFF3F1F0D04}.Release|x64.ActiveCfg = Release|x64
		{4154B664-42EE-4455-9C23-DFFF3F1F0D04}.Release|x64.Build.0 = Release|x64
		{4154B664-42EE-4455-9C23-DFFF3F1F0D04}.Release|x86.ActiveCfg = Release|Win32
		{4154B664-42EE-4455-9C23-DFFF3F1F0D04}.Release|x86.Build.0 = Release|Win32
		{A3862399-1408-4B14-871D-222C050496FD}.Debug|x64.ActiveCfg = Debug|x64
		{A3862399-1408-4B14-871D-222C050496FD}.Debug|x64.Build.0 = Debug|x64
		{A3862399-1408-4B14-871D-222C050496FD}.Debug|x86.ActiveCfg = Debug|Win32
		{A3862399-1408-4B14-871D-222C050496FD}.Debug|x86.Build.0 = Debug|Win32
		{A3862399-1408-4B14-871D-222C050496FD}.Release|x64.ActiveCfg = Release|x64
		{A3862399-1408-4B14-871D-222C050496FD}.Release|x64.Build.0 = Release|x64
		{A3862399-1408-4B14-871D-222C050496FD}.Release|x86.ActiveCfg = Release|Win32
		{A3862399-1408-4B14-871D-222C050496FD}.Release|x86.Build.0 = Release|Win32
		{199C3E43-F7F0-4D18-974F-F5938D65616D}.Debug|x64.ActiveCfg = Debug|x64
		{199C3E43-F7F0-4D18-974F-F5938D65616D}.Debug|x64.Build.0 = Debug|x64
		{199C3E43-F7F0-4D18-974F-F5938D65616D}.Debug|x86.ActiveCfg = Debug|Win32
		{199C3E43-F7F0-4D18-974F-F5938D65616D}.Debug|x86.Build.0 = Debug|Win32
		{199C3E43-F7F0-4D18-974F-F5938D65616D}.Release|x64.ActiveCfg = Release|x64
		{199C3E43-F7F0-4D18-974F-F5938D65616D}.Release|x64.Build.0 = Release|x64
		{199C3E43-F7F0-4D18-974F-F5938D65616D}.Release|x86.ActiveCfg = Release|Win32
		{199C3E43-F7F0-4D18-974F-F5938D65616D}.Release|x86.Build.0 = Release|Win32
		{29BDF303-6DEF-4308-BF69-D9374A4742FE}.Debug|x64.ActiveCfg = Debug|x64
		{29BDF303-6DEF-4308-BF69-D9374A4742FE}.Debug|x64.Build.0 = Debug|x64
		{29BDF303-6DEF-4308-BF69-D9374A4742FE}.Debug|x86.ActiveCfg = Debug|Win32
		{29BDF303-6DEF-4308-BF69-D9374A4742FE}.Debug|x86.Build.0 = Debug|Win32
		{29BDF303-6DEF-4308-BF69-D9374A4742FE}.Release|x64.ActiveCfg = Release|x64
		{29BDF303-6DEF-4308-BF69-D9374A4742FE}.Release|x64.Build.0 = Release|x64
		{29BDF303-6DEF-4308-BF69-D9374A4742FE}.Release|x86.ActiveCfg = Release|Win32
		{29BDF303-6DEF-4308-BF69-D9374A4742FE}.Release|x86.Build.0 = Release|Win32
		{082C864B-FFB9-42C0-ABAA-D827A058B1E9}.Debug|x64.ActiveCfg = Debug|x64
		{082C864B-FFB9-42C0-ABAA-D827A058B1E9}.Debug|x64.Build.0 = Debug|x64
		{082C864B-FFB9-42C0-ABAA-D827A058B1E9}.Debug|x86.ActiveCfg = Debug|Win32
		{082C864B-FFB9-42C0-ABAA-D827A058B1E9}.Debug|x86.Build.0 = Debug|Win32
		{082C864B-FFB9-42C0-ABAA-D827A058B1E9}.Release|x64.ActiveCfg = Release|x64
		{082C864B-FFB9-42C0-ABAA-D827A058B1E9}.Release|x64.Build.0 = Release|x64
		{082C864B-FFB9-42C0-ABAA-D827A058B1E9}.Release|x86.ActiveCfg = Release|Win32
		{082C864B-FFB9-42C0-ABAA-D827A058B1E9}.Release|x86.Build.0 = Release|Win32
		{4C69182D-39C4-4B6C-BE1B-90B51BB376EB}.Debug|x64.ActiveCfg = Debug|x64
		{4C69182D-39C4-4B6C-BE1B-90B51BB376EB}.Debug|x64.Build.0 = Debug|x64
		{4C69182D-39C4-4B6C-BE1B-90B51BB376EB}.Debug|x86.ActiveCfg = Debug|Win32
		{4C69182D-39C4-4B6C-BE1B-90B51BB376EB}.Debug|x86.Build.0 = Debug|Win32
		{4C69182D-39C4-4B6C-BE1B-90B51BB376EB}.Release|x64.ActiveCfg = Release|x64
		{4C69182D-39C4-4B6C-BE1B-90B51BB376EB}.Release|x64.Build.0 = Release|x64
		{4C69182D-39C4-4B6C-BE1B-90B51BB376EB}.Release|x86.ActiveCfg = Release|Win32
		{4C69182D-39C4-4B6C-BE1B-90B51BB376EB}.Release|x86.Build.0 = Release|Win32
		{91421D44-D6A6-4764-965B-1C92E3753E40}.Debug|x64.ActiveCfg = Debug|x64
		{91421D44-D6A6-4764-965B-1C92E3753E40}.Debug|x64.Build.0 = Debug|x64
		{91421D44-D6A6-4764-965B-1C92E3753E40}.Debug|x86.ActiveCfg = Debug|Win32
		{91421D44-D6A6-4764-965B-1C92E3753E40}.Debug|x86.Build.0 = Debug|Win32
		{91421D44-D6A6-4764-965B-1C92E3753E40}.Release|x64.ActiveCfg = Release|x64
		{91421D44-D6A6-4764-965B-1C92E3753E40}.Release|x64.Build.0 = Release|x64
		{91421D44-D6A6-4764-965B-1C92E3753E40}.Release|x86.ActiveCfg = Release|Win32
		{91421D44-D6A6-4764-965B-1C92E3753E40}.Release|x86.Build.0 = Release|Win32
		{80311299-EE8B-4163-A503-50EC459AD8D1}.Debug|x64.ActiveCfg = Debug|x64
		{80311299-EE8B-4163-A503-50EC459AD8D1}.Debug|x64.Build.0 = Debug|x64
		{80311299-EE8B-4163-A503-50EC459AD8D1}.Debug|x86.ActiveCfg = Debug|Win32
		{80311299-EE8B-4163-A503-50EC459AD8D1}.Debug|x86.Build.0 = Debug|Win32
		{80311299-EE8B-4163-A503-50EC459AD8D1}.Release|x64.ActiveCfg = Release|x64
		{80311299-EE8B-4163-A503-50EC459AD8D1}.Release|x64.Build.0 = Release|x64
		{80311299-EE8B-4163-A503-50EC459AD8D1}.Release|x86.ActiveCfg = Release|Win32
		{80311299-EE8B-4163-A503-50EC459AD8D1}.Release|x86.Build.0 = Release|Win32
		{5430A9EB-4154-4878-8CAD-8F0AB59EDAF6}.Debug|x64.ActiveCfg = Debug|x64
		{5430A9EB-4154-4878-8CAD-8F0AB59EDAF6}.Debug|x64.Build.0 = Debug|x64
		{5430A9EB-4154-4878-8CAD-8F0AB59EDAF6}.Debug|x86.ActiveCfg = Debug|Win32
		{5430A9EB-4154-4878-8CAD-8F0AB59EDAF6}.Debug|x86.Build.0 = Debug|Win32
		{5430A9EB-4154-4878-8CAD-8F0AB59EDAF6}.Release|x64.ActiveCfg = Release|x64
		{5430A9EB-4154-4878-8CAD-8F0AB59EDAF6}.Release|x64.Build.0 = Release|x64
		{5430A9EB-4154-4878-8CAD-8F0AB59EDAF6}.Release|x86.ActiveCfg = Release|Win32
		{5430A9EB-4154-4878-8CAD-8F0AB59EDAF6}.Release|x86.Build.0 = Release|Win32
		{4F58F34C-7625-426B-9E48-5F385E6C8C0C}.Debug|x64.ActiveCfg = Debug|x64
		{4F58F34C-7625-426B-9E48-5F385E6C8C0C}.Debug|x64.Build.0 = Debug|x64
		{4F58F34C-7625-426B-9E48-5F385E6C8C0C}.Debug|x86.ActiveCfg = Debug|Win32
		{4F58F34C-7625-426B-9E48-5F385E6C8C0C}.Debug|x86.Build.0 = Debug|Win32
		{4F58F34C-7625-426B-9E48-5F385E6C8C0C}.Release|x64.ActiveCfg = Release|x64
		{4F58F34C-7625-426B-9E48-5F385E6C8C0C}.Release|x64.Build.0 = Release|x64
		{4F58F34C-7625-426B-9E48-5F385E6C8C0C}.Release|x86.ActiveCfg = Release|Win32
		{4F58F34C-7625-426B-9E48-5F385E6C8C0C}.Release|x86.Build.0 = Release|Win32
		{57221C96-D383-4718-99D3-FAB1330A97AC}.Debug|x64.ActiveCfg = Debug|x64
		{57221C96-D383-4718-99D3-FAB1330A97AC}.Debug|x64.Build.0 = Debug|x64
		{57221C96-D383-4718-99D3-FAB1330A97AC}.Debug|x86.ActiveCfg = Debug|Win32
		{57221C96-D383-4718-99D3-FAB1330A97AC}.Debug|x86.Build.0 = Debug|Win32
		{57221C96-D383-4718-99D3-FAB1330A97AC}.Release|x64.ActiveCfg = Release|x64
		{57221C96-D383-4718-99D3-FAB1330A97AC}.Release|x64.Build.0 = Release|x64
		{57221C96-D383-4718-99D3-FAB1330A97AC}.Release|x86.ActiveCfg = Release|Win32
		{57221C96-D383-4718-99D3-FAB1330A97AC}.Release|x86.Build.0 = Release|Win32
		{5ACE4D27-F57B-4F3E-A86E-EABF45FD97E9}.Debug|x64.ActiveCfg = Debug|x64
		{5ACE4D27-F57B-4F3E-A86E-EABF45FD97E9}.Debug|x64.Build.0 = Debug|x64
		{5ACE4D27-F57B-4F3E-A86E-EABF45FD97E9}.Debug|x86.ActiveCfg = Debug|Win32
		{5ACE4D27-F57B-4F3E-A86E-EABF45FD97E9}.Debug|x86.Build.0 = Debug|Win32
		{5ACE4D27-F57B-4F3E-A86E-EABF45FD97E9}.Release|x64.ActiveCfg = Release|x64
		{5ACE4D27-F57B-4F3E-A86E-EABF45FD97E9}.Release|x64.Build.0 = Release|x64
		{5ACE4D27-F57B-4F3E-A86E-EABF45FD97E9}.Release|x86.ActiveCfg = Release|Win32
		{5ACE4D27-F57B-4F3E-A86E-EABF45FD97E9}.Release|x86.Build.0 = Release|Win32
		{A8741D0C-907C-4D9A-979E-E5261631B3A5}.Debug|x64.ActiveCfg = Debug|x64
		{A8741D0C-907C-4D9A-979E-E5261631B3A5}.Debug|x64.Build.0 = Debug|x64
		{A8741D0C-907C-4D9A-979E-E5261631B3A5}.Debug|x86.ActiveCfg = Debug|Win32
		{A8741D0C-907C-4D9A-979E-E5261631B3A5}.Debug|x86.Build.0 = Debug|Win32
		{A8741D0C-907C-4D9A-979E-E5261631B3A5}.Release|x64.ActiveCfg = Release|x64
		{A8741D0C-907C-4D9A-979E-E5261631B3A5}.Release|x64.Build.0 = Release|x64
		{A8741D0C-907C-4D9A-979E-E5261631B3A5}.Release|x86.ActiveCfg = Release|Win32
		{A8741D0C-907C-4D9A-979E-E5261631B3A5}.Release|x86.Build.0 = Release|Win32
		{83AA42E8-CD08-4D6A-94C1-999036C7E638}.Debug|x64.ActiveCfg = Debug|x64
		{83AA42E8-CD08-4D6A-94C1-999036C7E638}.Debug|x64.Build.0 = Debug|x64
		{83AA42E8-CD08-4D6A-94C1-999036C7E638}.Debug|x86.ActiveCfg = Debug|Win32
		{83AA42E8-CD08-4D6A-94C1-999036C7E638}.Debug|x86.Build.0 = Debug|Win32
		{83AA42E8-CD08-4D6A-94C1-999036C7E638}.Release|x64.ActiveCfg = Release|x64
		{83AA42E8-CD08-4D6A-94C1-999036C7E638}.Release|x64.Build.0 = Release|x64
		{83AA42E8-CD08-4D6A-94C1-999036C7E638}.Release|x86.ActiveCfg = Release|Win32
		{83AA42E8-CD08-4D6A-94C1-999036C7E638}.Release|x86.Build.0 = Release|Win32
		{9D17CBC3-361E-45E4-9DAC-4261FD6AA86A}.Debug|x64.ActiveCfg = Debug|x64
		{9D17CBC3-361E-45E4-9DAC-4261FD6AA86A}.Debug|x64.Build.0 = Debug|x64
		{9D17CBC3-361E-45E4-9DAC-4261FD6AA86A}.Debug|x86.ActiveCfg = Debug|Win32
		{9D17CBC3-361E-45E4-9DAC-4261FD6AA86A}.Debug|x86.Build.0 = Debug|Win32
		{9D17CBC3-361E-45E4-9DAC-4261FD6AA86A}.Release|x64.ActiveCfg = Release|x64
		{9D17CBC3-361E-45E4-9DAC-4261FD6AA86A}.Release|x64.Build.0 = Release|x64
		{9D17CBC3-361E-45E4-9DAC-4261FD6AA86A}.Release|x86.ActiveCfg = Release|Win32
		{9D17CBC3-361E-45E4-9DAC-4261FD6AA86A}.Release|x86.Build.0 = Release|Win32
		{F20EF6AC-60E4-42DC-A011-922878B8C105}.Debug|x64.ActiveCfg = Debug|x64
		{F20EF6AC-60E4-42DC-A011-922878B8C105}.Debug|x64.Build.0 = Debug|x64
		{F20EF6AC-60E4-42DC-A011-922878B8C105}.Debug|x86.ActiveCfg = Debug|Win32
		{F20EF6AC-60E4-42DC-A011-922878B8C105}.Debug|x86.Build.0 = Debug|Win32
		{F20EF6AC-60E4-42DC-A011-922878B8C105}.Release|x64.ActiveCfg = Release|x64
		{F20EF6AC-60E4-42DC-A011-922878B8C105}.Release|x64.Build.0 = Release|x64
		{F20EF6AC-60E4-42DC-A011-922878B8C105}.Release|x86.ActiveCfg = Release|Win32
		{F20EF6AC-60E4-42DC-A011-922878B8C105}.Release|x86.Build.0 = Release|Win32
		{6742C31C-115C-4EE7-95DA-608613AAED2B}.Debug|x64.ActiveCfg = Debug|x64
		{6742C31C-115C-4EE7-95DA-608613AAED2B}.Debug|x64.Build.0 = Debug|x64
		{6742C31C-115C-4EE7-95DA-608613AAED2B}.Debug|x86.ActiveCfg = Debug|Win32
		{6742C31C-115C-4EE7-95DA-608613AAED2B}.Debug|x86.Build.0 = Debug|Win32
		{6742C31C-115C-4EE7-95DA-608613AAED2B}.Release|x64.ActiveCfg = Release|x64
		{6742C31C-115C-4EE7-95DA-608613AAED2B}.Release|x64.Build.0 = Release|x64
		{6742C31C-115C-4EE7-95DA-608613AAED2B}.Release|x86.ActiveCfg = Release|Win32
		{6742C31C-115C-4EE7-95DA-608613AAED2B}.Release|x86.Build.0 = Release|Win32
		{006BD1B6-3C15-49CC-9DD0-F096B95541EB}.Debug|x64.ActiveCfg = Debug|x64
		{006BD1B6-3C15-49CC-9DD0-F096B95541EB}.Debug|x64.Build.0 = Debug|x64
		{006BD1B6-3C15-49CC-9DD0-F096B95541EB}.Debug|x86.ActiveCfg = Debug|Win32
		{006BD1B6-3C15-49CC-9DD0-F096B95541EB}.Debug|x86.Build.0 = Debug|Win32
		{006BD1B6-3C15-49CC-9DD0-F096B95541EB}.Release|x64.ActiveCfg = Release|x64
		{006BD1B6-3C15-49CC-9DD0-F096B95541EB}.Release|x64.Build.0 = Release|x64
		{006BD1B6-3C15-49CC-9DD0-F096B95541EB}.Release|x86.ActiveCfg = Release|Win32
		{006BD1B6-3C15-49CC-9DD0-F096B95541EB}.Release|x86.Build.0 = Release|Win32
		{7D577373-2CC1-4B29-89BE-22C12930994D}.Debug|x64.ActiveCfg = Debug|x64
		{7D577373-2CC1-4B29-89BE-22C12930994D}.Debug|x64.Build.0 = Debug|x64
		{7D577373-2CC1-4B29-89BE-22C12930994D}.Debug|x86.ActiveCfg = Debug|Win32
		{7D577373-2CC1-4B29-89BE-22C12930994D}.Debug|x86.Build.0 = Debug|Win32
		{7D577373-2CC1-4B29-89BE-22C12930994D}.Release|x64.ActiveCfg = Release|x64
		{7D577373-2CC1-4B29-89BE-22C12930994D}.Release|x64.Build.0 = Release|x64
		{7D577373-2CC1-4B29-89BE-22C12930994D}.Release|x86.ActiveCfg = Release|Win32
		{7D577373-2CC1-4B29-89BE-22C12930994D}.Release|x86.Build.0 = Release|Win32
	EndGlobalSection
	GlobalSection(SolutionProperties) = preSolution
		HideSolutionNode = FALSE
	EndGlobalSection
	GlobalSection(ExtensibilityGlobals) = postSolution
		SolutionGuid = {0EF40BCD-0156-4B46-9D93-848073224F35}
	EndGlobalSection
EndGlobal
