
Microsoft Visual Studio Solution File, Format Version 12.00
# Visual Studio Version 16
VisualStudioVersion = 16.0.31025.194
MinimumVisualStudioVersion = 10.0.40219.1
Project("{8BC9CEB8-8B4A-11D0-8D11-00A0C91BC942}") = "연습", "연습\연습.vcxproj", "{F1466D03-50CF-4CE0-97D0-C029454E229B}"
EndProject
Project("{8BC9CEB8-8B4A-11D0-8D11-00A0C91BC942}") = "LAB7_0", "LAB7_0\LAB7_0.vcxproj", "{CD8C0EAC-7725-4FD6-B494-065E8D39C3C9}"
EndProject
Project("{8BC9CEB8-8B4A-11D0-8D11-00A0C91BC942}") = "LAB7_1", "LAB7_1\LAB7_1.vcxproj", "{9F156479-D4FA-45EB-BF98-FABE3C2910FB}"
EndProject
Project("{8BC9CEB8-8B4A-11D0-8D11-00A0C91BC942}") = "LAB7_2", "LAB7_2\LAB7_2.vcxproj", "{8E6B7DE8-5C5F-4728-9046-90815C19FB21}"
EndProject
Project("{8BC9CEB8-8B4A-11D0-8D11-00A0C91BC942}") = "LAB7_3", "LAB7_3\LAB7_3.vcxproj", "{5EFC6F6C-9888-4408-B93F-DA192CFFF80E}"
EndProject
Project("{8BC9CEB8-8B4A-11D0-8D11-00A0C91BC942}") = "LAB7_4", "LAB7_4\LAB7_4.vcxproj", "{EC312EE8-0B07-498F-A844-F088BF3349DC}"
EndProject
Project("{8BC9CEB8-8B4A-11D0-8D11-00A0C91BC942}") = "HW7_1", "HW7_1\HW7_1.vcxproj", "{665A188C-5403-4711-8ACF-F82684DD3AD1}"
EndProject
Project("{8BC9CEB8-8B4A-11D0-8D11-00A0C91BC942}") = "HW7_2", "HW7_2\HW7_2.vcxproj", "{5C9693BC-3070-428D-A160-9CCF91065ACC}"
EndProject
Project("{8BC9CEB8-8B4A-11D0-8D11-00A0C91BC942}") = "LAB1", "LAB1\LAB1.vcxproj", "{DD8063D3-E156-49D7-8315-3DA031B7F328}"
EndProject
Project("{8BC9CEB8-8B4A-11D0-8D11-00A0C91BC942}") = "LAB2", "LAB2\LAB2.vcxproj", "{24C6B99B-0FAF-4BE9-964C-917CB9CC4325}"
EndProject
Global
	GlobalSection(SolutionConfigurationPlatforms) = preSolution
		Debug|x64 = Debug|x64
		Debug|x86 = Debug|x86
		Release|x64 = Release|x64
		Release|x86 = Release|x86
	EndGlobalSection
	GlobalSection(ProjectConfigurationPlatforms) = postSolution
		{F1466D03-50CF-4CE0-97D0-C029454E229B}.Debug|x64.ActiveCfg = Debug|x64
		{F1466D03-50CF-4CE0-97D0-C029454E229B}.Debug|x64.Build.0 = Debug|x64
		{F1466D03-50CF-4CE0-97D0-C029454E229B}.Debug|x86.ActiveCfg = Debug|Win32
		{F1466D03-50CF-4CE0-97D0-C029454E229B}.Debug|x86.Build.0 = Debug|Win32
		{F1466D03-50CF-4CE0-97D0-C029454E229B}.Release|x64.ActiveCfg = Release|x64
		{F1466D03-50CF-4CE0-97D0-C029454E229B}.Release|x64.Build.0 = Release|x64
		{F1466D03-50CF-4CE0-97D0-C029454E229B}.Release|x86.ActiveCfg = Release|Win32
		{F1466D03-50CF-4CE0-97D0-C029454E229B}.Release|x86.Build.0 = Release|Win32
		{CD8C0EAC-7725-4FD6-B494-065E8D39C3C9}.Debug|x64.ActiveCfg = Debug|x64
		{CD8C0EAC-7725-4FD6-B494-065E8D39C3C9}.Debug|x64.Build.0 = Debug|x64
		{CD8C0EAC-7725-4FD6-B494-065E8D39C3C9}.Debug|x86.ActiveCfg = Debug|Win32
		{CD8C0EAC-7725-4FD6-B494-065E8D39C3C9}.Debug|x86.Build.0 = Debug|Win32
		{CD8C0EAC-7725-4FD6-B494-065E8D39C3C9}.Release|x64.ActiveCfg = Release|x64
		{CD8C0EAC-7725-4FD6-B494-065E8D39C3C9}.Release|x64.Build.0 = Release|x64
		{CD8C0EAC-7725-4FD6-B494-065E8D39C3C9}.Release|x86.ActiveCfg = Release|Win32
		{CD8C0EAC-7725-4FD6-B494-065E8D39C3C9}.Release|x86.Build.0 = Release|Win32
		{9F156479-D4FA-45EB-BF98-FABE3C2910FB}.Debug|x64.ActiveCfg = Debug|x64
		{9F156479-D4FA-45EB-BF98-FABE3C2910FB}.Debug|x64.Build.0 = Debug|x64
		{9F156479-D4FA-45EB-BF98-FABE3C2910FB}.Debug|x86.ActiveCfg = Debug|Win32
		{9F156479-D4FA-45EB-BF98-FABE3C2910FB}.Debug|x86.Build.0 = Debug|Win32
		{9F156479-D4FA-45EB-BF98-FABE3C2910FB}.Release|x64.ActiveCfg = Release|x64
		{9F156479-D4FA-45EB-BF98-FABE3C2910FB}.Release|x64.Build.0 = Release|x64
		{9F156479-D4FA-45EB-BF98-FABE3C2910FB}.Release|x86.ActiveCfg = Release|Win32
		{9F156479-D4FA-45EB-BF98-FABE3C2910FB}.Release|x86.Build.0 = Release|Win32
		{8E6B7DE8-5C5F-4728-9046-90815C19FB21}.Debug|x64.ActiveCfg = Debug|x64
		{8E6B7DE8-5C5F-4728-9046-90815C19FB21}.Debug|x64.Build.0 = Debug|x64
		{8E6B7DE8-5C5F-4728-9046-90815C19FB21}.Debug|x86.ActiveCfg = Debug|Win32
		{8E6B7DE8-5C5F-4728-9046-90815C19FB21}.Debug|x86.Build.0 = Debug|Win32
		{8E6B7DE8-5C5F-4728-9046-90815C19FB21}.Release|x64.ActiveCfg = Release|x64
		{8E6B7DE8-5C5F-4728-9046-90815C19FB21}.Release|x64.Build.0 = Release|x64
		{8E6B7DE8-5C5F-4728-9046-90815C19FB21}.Release|x86.ActiveCfg = Release|Win32
		{8E6B7DE8-5C5F-4728-9046-90815C19FB21}.Release|x86.Build.0 = Release|Win32
		{5EFC6F6C-9888-4408-B93F-DA192CFFF80E}.Debug|x64.ActiveCfg = Debug|x64
		{5EFC6F6C-9888-4408-B93F-DA192CFFF80E}.Debug|x64.Build.0 = Debug|x64
		{5EFC6F6C-9888-4408-B93F-DA192CFFF80E}.Debug|x86.ActiveCfg = Debug|Win32
		{5EFC6F6C-9888-4408-B93F-DA192CFFF80E}.Debug|x86.Build.0 = Debug|Win32
		{5EFC6F6C-9888-4408-B93F-DA192CFFF80E}.Release|x64.ActiveCfg = Release|x64
		{5EFC6F6C-9888-4408-B93F-DA192CFFF80E}.Release|x64.Build.0 = Release|x64
		{5EFC6F6C-9888-4408-B93F-DA192CFFF80E}.Release|x86.ActiveCfg = Release|Win32
		{5EFC6F6C-9888-4408-B93F-DA192CFFF80E}.Release|x86.Build.0 = Release|Win32
		{EC312EE8-0B07-498F-A844-F088BF3349DC}.Debug|x64.ActiveCfg = Debug|x64
		{EC312EE8-0B07-498F-A844-F088BF3349DC}.Debug|x64.Build.0 = Debug|x64
		{EC312EE8-0B07-498F-A844-F088BF3349DC}.Debug|x86.ActiveCfg = Debug|Win32
		{EC312EE8-0B07-498F-A844-F088BF3349DC}.Debug|x86.Build.0 = Debug|Win32
		{EC312EE8-0B07-498F-A844-F088BF3349DC}.Release|x64.ActiveCfg = Release|x64
		{EC312EE8-0B07-498F-A844-F088BF3349DC}.Release|x64.Build.0 = Release|x64
		{EC312EE8-0B07-498F-A844-F088BF3349DC}.Release|x86.ActiveCfg = Release|Win32
		{EC312EE8-0B07-498F-A844-F088BF3349DC}.Release|x86.Build.0 = Release|Win32
		{665A188C-5403-4711-8ACF-F82684DD3AD1}.Debug|x64.ActiveCfg = Debug|x64
		{665A188C-5403-4711-8ACF-F82684DD3AD1}.Debug|x64.Build.0 = Debug|x64
		{665A188C-5403-4711-8ACF-F82684DD3AD1}.Debug|x86.ActiveCfg = Debug|Win32
		{665A188C-5403-4711-8ACF-F82684DD3AD1}.Debug|x86.Build.0 = Debug|Win32
		{665A188C-5403-4711-8ACF-F82684DD3AD1}.Release|x64.ActiveCfg = Release|x64
		{665A188C-5403-4711-8ACF-F82684DD3AD1}.Release|x64.Build.0 = Release|x64
		{665A188C-5403-4711-8ACF-F82684DD3AD1}.Release|x86.ActiveCfg = Release|Win32
		{665A188C-5403-4711-8ACF-F82684DD3AD1}.Release|x86.Build.0 = Release|Win32
		{5C9693BC-3070-428D-A160-9CCF91065ACC}.Debug|x64.ActiveCfg = Debug|x64
		{5C9693BC-3070-428D-A160-9CCF91065ACC}.Debug|x64.Build.0 = Debug|x64
		{5C9693BC-3070-428D-A160-9CCF91065ACC}.Debug|x86.ActiveCfg = Debug|Win32
		{5C9693BC-3070-428D-A160-9CCF91065ACC}.Debug|x86.Build.0 = Debug|Win32
		{5C9693BC-3070-428D-A160-9CCF91065ACC}.Release|x64.ActiveCfg = Release|x64
		{5C9693BC-3070-428D-A160-9CCF91065ACC}.Release|x64.Build.0 = Release|x64
		{5C9693BC-3070-428D-A160-9CCF91065ACC}.Release|x86.ActiveCfg = Release|Win32
		{5C9693BC-3070-428D-A160-9CCF91065ACC}.Release|x86.Build.0 = Release|Win32
		{DD8063D3-E156-49D7-8315-3DA031B7F328}.Debug|x64.ActiveCfg = Debug|x64
		{DD8063D3-E156-49D7-8315-3DA031B7F328}.Debug|x64.Build.0 = Debug|x64
		{DD8063D3-E156-49D7-8315-3DA031B7F328}.Debug|x86.ActiveCfg = Debug|Win32
		{DD8063D3-E156-49D7-8315-3DA031B7F328}.Debug|x86.Build.0 = Debug|Win32
		{DD8063D3-E156-49D7-8315-3DA031B7F328}.Release|x64.ActiveCfg = Release|x64
		{DD8063D3-E156-49D7-8315-3DA031B7F328}.Release|x64.Build.0 = Release|x64
		{DD8063D3-E156-49D7-8315-3DA031B7F328}.Release|x86.ActiveCfg = Release|Win32
		{DD8063D3-E156-49D7-8315-3DA031B7F328}.Release|x86.Build.0 = Release|Win32
		{24C6B99B-0FAF-4BE9-964C-917CB9CC4325}.Debug|x64.ActiveCfg = Debug|x64
		{24C6B99B-0FAF-4BE9-964C-917CB9CC4325}.Debug|x64.Build.0 = Debug|x64
		{24C6B99B-0FAF-4BE9-964C-917CB9CC4325}.Debug|x86.ActiveCfg = Debug|Win32
		{24C6B99B-0FAF-4BE9-964C-917CB9CC4325}.Debug|x86.Build.0 = Debug|Win32
		{24C6B99B-0FAF-4BE9-964C-917CB9CC4325}.Release|x64.ActiveCfg = Release|x64
		{24C6B99B-0FAF-4BE9-964C-917CB9CC4325}.Release|x64.Build.0 = Release|x64
		{24C6B99B-0FAF-4BE9-964C-917CB9CC4325}.Release|x86.ActiveCfg = Release|Win32
		{24C6B99B-0FAF-4BE9-964C-917CB9CC4325}.Release|x86.Build.0 = Release|Win32
	EndGlobalSection
	GlobalSection(SolutionProperties) = preSolution
		HideSolutionNode = FALSE
	EndGlobalSection
	GlobalSection(ExtensibilityGlobals) = postSolution
		SolutionGuid = {6361FADD-E9C9-4566-87EF-918A7901700D}
	EndGlobalSection
EndGlobal
