
Microsoft Visual Studio Solution File, Format Version 12.00
# Visual Studio Version 16
VisualStudioVersion = 16.0.31025.194
MinimumVisualStudioVersion = 10.0.40219.1
Project("{8BC9CEB8-8B4A-11D0-8D11-00A0C91BC942}") = "LAB16_1", "LAB16_1\LAB16_1.vcxproj", "{F45671AF-A069-465D-8A25-92067654EE77}"
EndProject
Project("{8BC9CEB8-8B4A-11D0-8D11-00A0C91BC942}") = "LAB16_2", "lab16_2\lab16_2.vcxproj", "{52D86869-EE8B-4564-8822-D3141CDE3B47}"
EndProject
Project("{8BC9CEB8-8B4A-11D0-8D11-00A0C91BC942}") = "LAB16_3", "LAB16_3\LAB16_3.vcxproj", "{8F5DC266-6EE6-40A6-A1F3-E5713F5B9B84}"
EndProject
Project("{8BC9CEB8-8B4A-11D0-8D11-00A0C91BC942}") = "LAB16_4", "LAB16_4\LAB16_4.vcxproj", "{5FAC7695-439A-4FF4-9D90-36B5ED629A9D}"
EndProject
Project("{8BC9CEB8-8B4A-11D0-8D11-00A0C91BC942}") = "HW16_1", "HW16_1\HW16_1.vcxproj", "{DD856F84-EDDF-4E41-911E-050686158930}"
EndProject
Project("{8BC9CEB8-8B4A-11D0-8D11-00A0C91BC942}") = "HW16_2", "HW16_2\HW16_2.vcxproj", "{C5DA6DB1-52FA-435D-86A2-82AD42725B71}"
EndProject
Project("{8BC9CEB8-8B4A-11D0-8D11-00A0C91BC942}") = "HW16_3", "HW16_3\HW16_3.vcxproj", "{8B63CD68-1C78-45BA-B627-7245927FE008}"
EndProject
Project("{8BC9CEB8-8B4A-11D0-8D11-00A0C91BC942}") = "HW16_4", "HW16_4\HW16_4.vcxproj", "{55CAA86F-2D0D-4E00-BA0F-8E059401732B}"
EndProject
Project("{8BC9CEB8-8B4A-11D0-8D11-00A0C91BC942}") = "Challenge16_1", "Challenge16_1\Challenge16_1.vcxproj", "{4B5698A9-2812-4764-A7C2-C952243490FA}"
EndProject
Global
	GlobalSection(SolutionConfigurationPlatforms) = preSolution
		Debug|x64 = Debug|x64
		Debug|x86 = Debug|x86
		Release|x64 = Release|x64
		Release|x86 = Release|x86
	EndGlobalSection
	GlobalSection(ProjectConfigurationPlatforms) = postSolution
		{F45671AF-A069-465D-8A25-92067654EE77}.Debug|x64.ActiveCfg = Debug|x64
		{F45671AF-A069-465D-8A25-92067654EE77}.Debug|x64.Build.0 = Debug|x64
		{F45671AF-A069-465D-8A25-92067654EE77}.Debug|x86.ActiveCfg = Debug|Win32
		{F45671AF-A069-465D-8A25-92067654EE77}.Debug|x86.Build.0 = Debug|Win32
		{F45671AF-A069-465D-8A25-92067654EE77}.Release|x64.ActiveCfg = Release|x64
		{F45671AF-A069-465D-8A25-92067654EE77}.Release|x64.Build.0 = Release|x64
		{F45671AF-A069-465D-8A25-92067654EE77}.Release|x86.ActiveCfg = Release|Win32
		{F45671AF-A069-465D-8A25-92067654EE77}.Release|x86.Build.0 = Release|Win32
		{52D86869-EE8B-4564-8822-D3141CDE3B47}.Debug|x64.ActiveCfg = Debug|x64
		{52D86869-EE8B-4564-8822-D3141CDE3B47}.Debug|x64.Build.0 = Debug|x64
		{52D86869-EE8B-4564-8822-D3141CDE3B47}.Debug|x86.ActiveCfg = Debug|Win32
		{52D86869-EE8B-4564-8822-D3141CDE3B47}.Debug|x86.Build.0 = Debug|Win32
		{52D86869-EE8B-4564-8822-D3141CDE3B47}.Release|x64.ActiveCfg = Release|x64
		{52D86869-EE8B-4564-8822-D3141CDE3B47}.Release|x64.Build.0 = Release|x64
		{52D86869-EE8B-4564-8822-D3141CDE3B47}.Release|x86.ActiveCfg = Release|Win32
		{52D86869-EE8B-4564-8822-D3141CDE3B47}.Release|x86.Build.0 = Release|Win32
		{8F5DC266-6EE6-40A6-A1F3-E5713F5B9B84}.Debug|x64.ActiveCfg = Debug|x64
		{8F5DC266-6EE6-40A6-A1F3-E5713F5B9B84}.Debug|x64.Build.0 = Debug|x64
		{8F5DC266-6EE6-40A6-A1F3-E5713F5B9B84}.Debug|x86.ActiveCfg = Debug|Win32
		{8F5DC266-6EE6-40A6-A1F3-E5713F5B9B84}.Debug|x86.Build.0 = Debug|Win32
		{8F5DC266-6EE6-40A6-A1F3-E5713F5B9B84}.Release|x64.ActiveCfg = Release|x64
		{8F5DC266-6EE6-40A6-A1F3-E5713F5B9B84}.Release|x64.Build.0 = Release|x64
		{8F5DC266-6EE6-40A6-A1F3-E5713F5B9B84}.Release|x86.ActiveCfg = Release|Win32
		{8F5DC266-6EE6-40A6-A1F3-E5713F5B9B84}.Release|x86.Build.0 = Release|Win32
		{5FAC7695-439A-4FF4-9D90-36B5ED629A9D}.Debug|x64.ActiveCfg = Debug|x64
		{5FAC7695-439A-4FF4-9D90-36B5ED629A9D}.Debug|x64.Build.0 = Debug|x64
		{5FAC7695-439A-4FF4-9D90-36B5ED629A9D}.Debug|x86.ActiveCfg = Debug|Win32
		{5FAC7695-439A-4FF4-9D90-36B5ED629A9D}.Debug|x86.Build.0 = Debug|Win32
		{5FAC7695-439A-4FF4-9D90-36B5ED629A9D}.Release|x64.ActiveCfg = Release|x64
		{5FAC7695-439A-4FF4-9D90-36B5ED629A9D}.Release|x64.Build.0 = Release|x64
		{5FAC7695-439A-4FF4-9D90-36B5ED629A9D}.Release|x86.ActiveCfg = Release|Win32
		{5FAC7695-439A-4FF4-9D90-36B5ED629A9D}.Release|x86.Build.0 = Release|Win32
		{DD856F84-EDDF-4E41-911E-050686158930}.Debug|x64.ActiveCfg = Debug|x64
		{DD856F84-EDDF-4E41-911E-050686158930}.Debug|x64.Build.0 = Debug|x64
		{DD856F84-EDDF-4E41-911E-050686158930}.Debug|x86.ActiveCfg = Debug|Win32
		{DD856F84-EDDF-4E41-911E-050686158930}.Debug|x86.Build.0 = Debug|Win32
		{DD856F84-EDDF-4E41-911E-050686158930}.Release|x64.ActiveCfg = Release|x64
		{DD856F84-EDDF-4E41-911E-050686158930}.Release|x64.Build.0 = Release|x64
		{DD856F84-EDDF-4E41-911E-050686158930}.Release|x86.ActiveCfg = Release|Win32
		{DD856F84-EDDF-4E41-911E-050686158930}.Release|x86.Build.0 = Release|Win32
		{C5DA6DB1-52FA-435D-86A2-82AD42725B71}.Debug|x64.ActiveCfg = Debug|x64
		{C5DA6DB1-52FA-435D-86A2-82AD42725B71}.Debug|x64.Build.0 = Debug|x64
		{C5DA6DB1-52FA-435D-86A2-82AD42725B71}.Debug|x86.ActiveCfg = Debug|Win32
		{C5DA6DB1-52FA-435D-86A2-82AD42725B71}.Debug|x86.Build.0 = Debug|Win32
		{C5DA6DB1-52FA-435D-86A2-82AD42725B71}.Release|x64.ActiveCfg = Release|x64
		{C5DA6DB1-52FA-435D-86A2-82AD42725B71}.Release|x64.Build.0 = Release|x64
		{C5DA6DB1-52FA-435D-86A2-82AD42725B71}.Release|x86.ActiveCfg = Release|Win32
		{C5DA6DB1-52FA-435D-86A2-82AD42725B71}.Release|x86.Build.0 = Release|Win32
		{8B63CD68-1C78-45BA-B627-7245927FE008}.Debug|x64.ActiveCfg = Debug|x64
		{8B63CD68-1C78-45BA-B627-7245927FE008}.Debug|x64.Build.0 = Debug|x64
		{8B63CD68-1C78-45BA-B627-7245927FE008}.Debug|x86.ActiveCfg = Debug|Win32
		{8B63CD68-1C78-45BA-B627-7245927FE008}.Debug|x86.Build.0 = Debug|Win32
		{8B63CD68-1C78-45BA-B627-7245927FE008}.Release|x64.ActiveCfg = Release|x64
		{8B63CD68-1C78-45BA-B627-7245927FE008}.Release|x64.Build.0 = Release|x64
		{8B63CD68-1C78-45BA-B627-7245927FE008}.Release|x86.ActiveCfg = Release|Win32
		{8B63CD68-1C78-45BA-B627-7245927FE008}.Release|x86.Build.0 = Release|Win32
		{55CAA86F-2D0D-4E00-BA0F-8E059401732B}.Debug|x64.ActiveCfg = Debug|x64
		{55CAA86F-2D0D-4E00-BA0F-8E059401732B}.Debug|x64.Build.0 = Debug|x64
		{55CAA86F-2D0D-4E00-BA0F-8E059401732B}.Debug|x86.ActiveCfg = Debug|Win32
		{55CAA86F-2D0D-4E00-BA0F-8E059401732B}.Debug|x86.Build.0 = Debug|Win32
		{55CAA86F-2D0D-4E00-BA0F-8E059401732B}.Release|x64.ActiveCfg = Release|x64
		{55CAA86F-2D0D-4E00-BA0F-8E059401732B}.Release|x64.Build.0 = Release|x64
		{55CAA86F-2D0D-4E00-BA0F-8E059401732B}.Release|x86.ActiveCfg = Release|Win32
		{55CAA86F-2D0D-4E00-BA0F-8E059401732B}.Release|x86.Build.0 = Release|Win32
		{4B5698A9-2812-4764-A7C2-C952243490FA}.Debug|x64.ActiveCfg = Debug|x64
		{4B5698A9-2812-4764-A7C2-C952243490FA}.Debug|x64.Build.0 = Debug|x64
		{4B5698A9-2812-4764-A7C2-C952243490FA}.Debug|x86.ActiveCfg = Debug|Win32
		{4B5698A9-2812-4764-A7C2-C952243490FA}.Debug|x86.Build.0 = Debug|Win32
		{4B5698A9-2812-4764-A7C2-C952243490FA}.Release|x64.ActiveCfg = Release|x64
		{4B5698A9-2812-4764-A7C2-C952243490FA}.Release|x64.Build.0 = Release|x64
		{4B5698A9-2812-4764-A7C2-C952243490FA}.Release|x86.ActiveCfg = Release|Win32
		{4B5698A9-2812-4764-A7C2-C952243490FA}.Release|x86.Build.0 = Release|Win32
	EndGlobalSection
	GlobalSection(SolutionProperties) = preSolution
		HideSolutionNode = FALSE
	EndGlobalSection
	GlobalSection(ExtensibilityGlobals) = postSolution
		SolutionGuid = {9A71FD28-280E-483F-8A51-B81E202DA695}
	EndGlobalSection
EndGlobal
