
Microsoft Visual Studio Solution File, Format Version 12.00
# Visual Studio Version 16
VisualStudioVersion = 16.0.31025.194
MinimumVisualStudioVersion = 10.0.40219.1
Project("{8BC9CEB8-8B4A-11D0-8D11-00A0C91BC942}") = "LAB1_1", "LAB1\LAB1.vcxproj", "{1A9BD395-BFF1-4B32-AFB5-748002517A68}"
EndProject
Project("{8BC9CEB8-8B4A-11D0-8D11-00A0C91BC942}") = "LAB1_2", "LAB1_2\LAB1_2.vcxproj", "{37AA7B2A-5643-4D0C-BBD8-266142C25D05}"
EndProject
Project("{8BC9CEB8-8B4A-11D0-8D11-00A0C91BC942}") = "HW1_1", "HW1\HW1.vcxproj", "{2A6DE612-AFA1-4F5B-948B-3518C6A6800D}"
EndProject
Project("{8BC9CEB8-8B4A-11D0-8D11-00A0C91BC942}") = "HW1_2", "HW1_2\HW1_2.vcxproj", "{7AA5DBFF-7166-4106-80E1-604BCCDD7300}"
EndProject
Project("{8BC9CEB8-8B4A-11D0-8D11-00A0C91BC942}") = "q1", "q1\q1.vcxproj", "{2ECD41B1-F5B3-4814-84ED-5D0E0A471999}"
EndProject
Project("{8BC9CEB8-8B4A-11D0-8D11-00A0C91BC942}") = "q2", "q2\q2.vcxproj", "{A2D2E940-C7D2-4B53-AEEB-4795E9603B69}"
EndProject
Project("{8BC9CEB8-8B4A-11D0-8D11-00A0C91BC942}") = "q3", "q3\q3.vcxproj", "{6228139F-AF19-483F-B203-F2449FDD4E9F}"
EndProject
Project("{8BC9CEB8-8B4A-11D0-8D11-00A0C91BC942}") = "q4_1", "q4_1\q4_1.vcxproj", "{06A2BFFD-C869-4DA8-8F96-01F42E7F5B3C}"
EndProject
Project("{8BC9CEB8-8B4A-11D0-8D11-00A0C91BC942}") = "q4_2", "q4_2\q4_2.vcxproj", "{3BB4A019-1EBC-4D87-B4E0-6A9B19CC7D55}"
EndProject
Project("{8BC9CEB8-8B4A-11D0-8D11-00A0C91BC942}") = "q5", "q5\q5.vcxproj", "{0C84F9EB-3012-4DA2-8F4F-E3EF083DB8B1}"
EndProject
Global
	GlobalSection(SolutionConfigurationPlatforms) = preSolution
		Debug|x64 = Debug|x64
		Debug|x86 = Debug|x86
		Release|x64 = Release|x64
		Release|x86 = Release|x86
	EndGlobalSection
	GlobalSection(ProjectConfigurationPlatforms) = postSolution
		{1A9BD395-BFF1-4B32-AFB5-748002517A68}.Debug|x64.ActiveCfg = Debug|x64
		{1A9BD395-BFF1-4B32-AFB5-748002517A68}.Debug|x64.Build.0 = Debug|x64
		{1A9BD395-BFF1-4B32-AFB5-748002517A68}.Debug|x86.ActiveCfg = Debug|Win32
		{1A9BD395-BFF1-4B32-AFB5-748002517A68}.Debug|x86.Build.0 = Debug|Win32
		{1A9BD395-BFF1-4B32-AFB5-748002517A68}.Release|x64.ActiveCfg = Release|x64
		{1A9BD395-BFF1-4B32-AFB5-748002517A68}.Release|x64.Build.0 = Release|x64
		{1A9BD395-BFF1-4B32-AFB5-748002517A68}.Release|x86.ActiveCfg = Release|Win32
		{1A9BD395-BFF1-4B32-AFB5-748002517A68}.Release|x86.Build.0 = Release|Win32
		{37AA7B2A-5643-4D0C-BBD8-266142C25D05}.Debug|x64.ActiveCfg = Debug|x64
		{37AA7B2A-5643-4D0C-BBD8-266142C25D05}.Debug|x64.Build.0 = Debug|x64
		{37AA7B2A-5643-4D0C-BBD8-266142C25D05}.Debug|x86.ActiveCfg = Debug|Win32
		{37AA7B2A-5643-4D0C-BBD8-266142C25D05}.Debug|x86.Build.0 = Debug|Win32
		{37AA7B2A-5643-4D0C-BBD8-266142C25D05}.Release|x64.ActiveCfg = Release|x64
		{37AA7B2A-5643-4D0C-BBD8-266142C25D05}.Release|x64.Build.0 = Release|x64
		{37AA7B2A-5643-4D0C-BBD8-266142C25D05}.Release|x86.ActiveCfg = Release|Win32
		{37AA7B2A-5643-4D0C-BBD8-266142C25D05}.Release|x86.Build.0 = Release|Win32
		{2A6DE612-AFA1-4F5B-948B-3518C6A6800D}.Debug|x64.ActiveCfg = Debug|x64
		{2A6DE612-AFA1-4F5B-948B-3518C6A6800D}.Debug|x64.Build.0 = Debug|x64
		{2A6DE612-AFA1-4F5B-948B-3518C6A6800D}.Debug|x86.ActiveCfg = Debug|Win32
		{2A6DE612-AFA1-4F5B-948B-3518C6A6800D}.Debug|x86.Build.0 = Debug|Win32
		{2A6DE612-AFA1-4F5B-948B-3518C6A6800D}.Release|x64.ActiveCfg = Release|x64
		{2A6DE612-AFA1-4F5B-948B-3518C6A6800D}.Release|x64.Build.0 = Release|x64
		{2A6DE612-AFA1-4F5B-948B-3518C6A6800D}.Release|x86.ActiveCfg = Release|Win32
		{2A6DE612-AFA1-4F5B-948B-3518C6A6800D}.Release|x86.Build.0 = Release|Win32
		{7AA5DBFF-7166-4106-80E1-604BCCDD7300}.Debug|x64.ActiveCfg = Debug|x64
		{7AA5DBFF-7166-4106-80E1-604BCCDD7300}.Debug|x64.Build.0 = Debug|x64
		{7AA5DBFF-7166-4106-80E1-604BCCDD7300}.Debug|x86.ActiveCfg = Debug|Win32
		{7AA5DBFF-7166-4106-80E1-604BCCDD7300}.Debug|x86.Build.0 = Debug|Win32
		{7AA5DBFF-7166-4106-80E1-604BCCDD7300}.Release|x64.ActiveCfg = Release|x64
		{7AA5DBFF-7166-4106-80E1-604BCCDD7300}.Release|x64.Build.0 = Release|x64
		{7AA5DBFF-7166-4106-80E1-604BCCDD7300}.Release|x86.ActiveCfg = Release|Win32
		{7AA5DBFF-7166-4106-80E1-604BCCDD7300}.Release|x86.Build.0 = Release|Win32
		{2ECD41B1-F5B3-4814-84ED-5D0E0A471999}.Debug|x64.ActiveCfg = Debug|x64
		{2ECD41B1-F5B3-4814-84ED-5D0E0A471999}.Debug|x64.Build.0 = Debug|x64
		{2ECD41B1-F5B3-4814-84ED-5D0E0A471999}.Debug|x86.ActiveCfg = Debug|Win32
		{2ECD41B1-F5B3-4814-84ED-5D0E0A471999}.Debug|x86.Build.0 = Debug|Win32
		{2ECD41B1-F5B3-4814-84ED-5D0E0A471999}.Release|x64.ActiveCfg = Release|x64
		{2ECD41B1-F5B3-4814-84ED-5D0E0A471999}.Release|x64.Build.0 = Release|x64
		{2ECD41B1-F5B3-4814-84ED-5D0E0A471999}.Release|x86.ActiveCfg = Release|Win32
		{2ECD41B1-F5B3-4814-84ED-5D0E0A471999}.Release|x86.Build.0 = Release|Win32
		{A2D2E940-C7D2-4B53-AEEB-4795E9603B69}.Debug|x64.ActiveCfg = Debug|x64
		{A2D2E940-C7D2-4B53-AEEB-4795E9603B69}.Debug|x64.Build.0 = Debug|x64
		{A2D2E940-C7D2-4B53-AEEB-4795E9603B69}.Debug|x86.ActiveCfg = Debug|Win32
		{A2D2E940-C7D2-4B53-AEEB-4795E9603B69}.Debug|x86.Build.0 = Debug|Win32
		{A2D2E940-C7D2-4B53-AEEB-4795E9603B69}.Release|x64.ActiveCfg = Release|x64
		{A2D2E940-C7D2-4B53-AEEB-4795E9603B69}.Release|x64.Build.0 = Release|x64
		{A2D2E940-C7D2-4B53-AEEB-4795E9603B69}.Release|x86.ActiveCfg = Release|Win32
		{A2D2E940-C7D2-4B53-AEEB-4795E9603B69}.Release|x86.Build.0 = Release|Win32
		{6228139F-AF19-483F-B203-F2449FDD4E9F}.Debug|x64.ActiveCfg = Debug|x64
		{6228139F-AF19-483F-B203-F2449FDD4E9F}.Debug|x64.Build.0 = Debug|x64
		{6228139F-AF19-483F-B203-F2449FDD4E9F}.Debug|x86.ActiveCfg = Debug|Win32
		{6228139F-AF19-483F-B203-F2449FDD4E9F}.Debug|x86.Build.0 = Debug|Win32
		{6228139F-AF19-483F-B203-F2449FDD4E9F}.Release|x64.ActiveCfg = Release|x64
		{6228139F-AF19-483F-B203-F2449FDD4E9F}.Release|x64.Build.0 = Release|x64
		{6228139F-AF19-483F-B203-F2449FDD4E9F}.Release|x86.ActiveCfg = Release|Win32
		{6228139F-AF19-483F-B203-F2449FDD4E9F}.Release|x86.Build.0 = Release|Win32
		{06A2BFFD-C869-4DA8-8F96-01F42E7F5B3C}.Debug|x64.ActiveCfg = Debug|x64
		{06A2BFFD-C869-4DA8-8F96-01F42E7F5B3C}.Debug|x64.Build.0 = Debug|x64
		{06A2BFFD-C869-4DA8-8F96-01F42E7F5B3C}.Debug|x86.ActiveCfg = Debug|Win32
		{06A2BFFD-C869-4DA8-8F96-01F42E7F5B3C}.Debug|x86.Build.0 = Debug|Win32
		{06A2BFFD-C869-4DA8-8F96-01F42E7F5B3C}.Release|x64.ActiveCfg = Release|x64
		{06A2BFFD-C869-4DA8-8F96-01F42E7F5B3C}.Release|x64.Build.0 = Release|x64
		{06A2BFFD-C869-4DA8-8F96-01F42E7F5B3C}.Release|x86.ActiveCfg = Release|Win32
		{06A2BFFD-C869-4DA8-8F96-01F42E7F5B3C}.Release|x86.Build.0 = Release|Win32
		{3BB4A019-1EBC-4D87-B4E0-6A9B19CC7D55}.Debug|x64.ActiveCfg = Debug|x64
		{3BB4A019-1EBC-4D87-B4E0-6A9B19CC7D55}.Debug|x64.Build.0 = Debug|x64
		{3BB4A019-1EBC-4D87-B4E0-6A9B19CC7D55}.Debug|x86.ActiveCfg = Debug|Win32
		{3BB4A019-1EBC-4D87-B4E0-6A9B19CC7D55}.Debug|x86.Build.0 = Debug|Win32
		{3BB4A019-1EBC-4D87-B4E0-6A9B19CC7D55}.Release|x64.ActiveCfg = Release|x64
		{3BB4A019-1EBC-4D87-B4E0-6A9B19CC7D55}.Release|x64.Build.0 = Release|x64
		{3BB4A019-1EBC-4D87-B4E0-6A9B19CC7D55}.Release|x86.ActiveCfg = Release|Win32
		{3BB4A019-1EBC-4D87-B4E0-6A9B19CC7D55}.Release|x86.Build.0 = Release|Win32
		{0C84F9EB-3012-4DA2-8F4F-E3EF083DB8B1}.Debug|x64.ActiveCfg = Debug|x64
		{0C84F9EB-3012-4DA2-8F4F-E3EF083DB8B1}.Debug|x64.Build.0 = Debug|x64
		{0C84F9EB-3012-4DA2-8F4F-E3EF083DB8B1}.Debug|x86.ActiveCfg = Debug|Win32
		{0C84F9EB-3012-4DA2-8F4F-E3EF083DB8B1}.Debug|x86.Build.0 = Debug|Win32
		{0C84F9EB-3012-4DA2-8F4F-E3EF083DB8B1}.Release|x64.ActiveCfg = Release|x64
		{0C84F9EB-3012-4DA2-8F4F-E3EF083DB8B1}.Release|x64.Build.0 = Release|x64
		{0C84F9EB-3012-4DA2-8F4F-E3EF083DB8B1}.Release|x86.ActiveCfg = Release|Win32
		{0C84F9EB-3012-4DA2-8F4F-E3EF083DB8B1}.Release|x86.Build.0 = Release|Win32
	EndGlobalSection
	GlobalSection(SolutionProperties) = preSolution
		HideSolutionNode = FALSE
	EndGlobalSection
	GlobalSection(ExtensibilityGlobals) = postSolution
		SolutionGuid = {F3E18D22-3397-4742-AED9-6C77316E1AD6}
	EndGlobalSection
EndGlobal
