
Microsoft Visual Studio Solution File, Format Version 12.00
# Visual Studio Version 16
VisualStudioVersion = 16.0.31025.194
MinimumVisualStudioVersion = 10.0.40219.1
Project("{8BC9CEB8-8B4A-11D0-8D11-00A0C91BC942}") = "LAB13_1", "LAB12_1\LAB12_1.vcxproj", "{66FA4947-DF5D-49F3-878F-A3872971B175}"
EndProject
Project("{8BC9CEB8-8B4A-11D0-8D11-00A0C91BC942}") = "LAB13_2", "LAB13_2\LAB13_2.vcxproj", "{52EF4440-BBFC-445F-B08B-AC84B7AB0F2A}"
EndProject
Project("{8BC9CEB8-8B4A-11D0-8D11-00A0C91BC942}") = "LAB13_3", "LAB13_3\LAB13_3.vcxproj", "{88D52CCE-972F-491D-ABD0-9B7ADC1CD043}"
EndProject
Project("{8BC9CEB8-8B4A-11D0-8D11-00A0C91BC942}") = "LAB13_4F", "LAB13_4F\LAB13_4F.vcxproj", "{5F7739FB-B97F-4B96-85D3-1AEF0F6C13E7}"
EndProject
Project("{8BC9CEB8-8B4A-11D0-8D11-00A0C91BC942}") = "LAB13_5", "LAB13_5\LAB13_5.vcxproj", "{F9B7F4EF-FACA-476C-A9FD-AA62041BA455}"
EndProject
Project("{8BC9CEB8-8B4A-11D0-8D11-00A0C91BC942}") = "메르센소수", "메르센소수\메르센소수.vcxproj", "{44091753-96B4-4A18-85E0-1DC14ABFE5BE}"
EndProject
Project("{8BC9CEB8-8B4A-11D0-8D11-00A0C91BC942}") = "HW11_4_1", "HW11_4_1\HW11_4_1.vcxproj", "{73886AF3-CD53-4FF9-A0F4-7B25E40400D6}"
EndProject
Project("{8BC9CEB8-8B4A-11D0-8D11-00A0C91BC942}") = "문제6", "문제6\문제6.vcxproj", "{CDE35135-8302-4AD3-8D82-59E04FDADD59}"
EndProject
Project("{8BC9CEB8-8B4A-11D0-8D11-00A0C91BC942}") = "HW9_다", "HW9_다\HW9_다.vcxproj", "{A289A10F-8BDC-4C43-A556-BCA96B1A482F}"
EndProject
Global
	GlobalSection(SolutionConfigurationPlatforms) = preSolution
		Debug|x64 = Debug|x64
		Debug|x86 = Debug|x86
		Release|x64 = Release|x64
		Release|x86 = Release|x86
	EndGlobalSection
	GlobalSection(ProjectConfigurationPlatforms) = postSolution
		{66FA4947-DF5D-49F3-878F-A3872971B175}.Debug|x64.ActiveCfg = Debug|x64
		{66FA4947-DF5D-49F3-878F-A3872971B175}.Debug|x64.Build.0 = Debug|x64
		{66FA4947-DF5D-49F3-878F-A3872971B175}.Debug|x86.ActiveCfg = Debug|Win32
		{66FA4947-DF5D-49F3-878F-A3872971B175}.Debug|x86.Build.0 = Debug|Win32
		{66FA4947-DF5D-49F3-878F-A3872971B175}.Release|x64.ActiveCfg = Release|x64
		{66FA4947-DF5D-49F3-878F-A3872971B175}.Release|x64.Build.0 = Release|x64
		{66FA4947-DF5D-49F3-878F-A3872971B175}.Release|x86.ActiveCfg = Release|Win32
		{66FA4947-DF5D-49F3-878F-A3872971B175}.Release|x86.Build.0 = Release|Win32
		{52EF4440-BBFC-445F-B08B-AC84B7AB0F2A}.Debug|x64.ActiveCfg = Debug|x64
		{52EF4440-BBFC-445F-B08B-AC84B7AB0F2A}.Debug|x64.Build.0 = Debug|x64
		{52EF4440-BBFC-445F-B08B-AC84B7AB0F2A}.Debug|x86.ActiveCfg = Debug|Win32
		{52EF4440-BBFC-445F-B08B-AC84B7AB0F2A}.Debug|x86.Build.0 = Debug|Win32
		{52EF4440-BBFC-445F-B08B-AC84B7AB0F2A}.Release|x64.ActiveCfg = Release|x64
		{52EF4440-BBFC-445F-B08B-AC84B7AB0F2A}.Release|x64.Build.0 = Release|x64
		{52EF4440-BBFC-445F-B08B-AC84B7AB0F2A}.Release|x86.ActiveCfg = Release|Win32
		{52EF4440-BBFC-445F-B08B-AC84B7AB0F2A}.Release|x86.Build.0 = Release|Win32
		{88D52CCE-972F-491D-ABD0-9B7ADC1CD043}.Debug|x64.ActiveCfg = Debug|x64
		{88D52CCE-972F-491D-ABD0-9B7ADC1CD043}.Debug|x64.Build.0 = Debug|x64
		{88D52CCE-972F-491D-ABD0-9B7ADC1CD043}.Debug|x86.ActiveCfg = Debug|Win32
		{88D52CCE-972F-491D-ABD0-9B7ADC1CD043}.Debug|x86.Build.0 = Debug|Win32
		{88D52CCE-972F-491D-ABD0-9B7ADC1CD043}.Release|x64.ActiveCfg = Release|x64
		{88D52CCE-972F-491D-ABD0-9B7ADC1CD043}.Release|x64.Build.0 = Release|x64
		{88D52CCE-972F-491D-ABD0-9B7ADC1CD043}.Release|x86.ActiveCfg = Release|Win32
		{88D52CCE-972F-491D-ABD0-9B7ADC1CD043}.Release|x86.Build.0 = Release|Win32
		{5F7739FB-B97F-4B96-85D3-1AEF0F6C13E7}.Debug|x64.ActiveCfg = Debug|x64
		{5F7739FB-B97F-4B96-85D3-1AEF0F6C13E7}.Debug|x64.Build.0 = Debug|x64
		{5F7739FB-B97F-4B96-85D3-1AEF0F6C13E7}.Debug|x86.ActiveCfg = Debug|Win32
		{5F7739FB-B97F-4B96-85D3-1AEF0F6C13E7}.Debug|x86.Build.0 = Debug|Win32
		{5F7739FB-B97F-4B96-85D3-1AEF0F6C13E7}.Release|x64.ActiveCfg = Release|x64
		{5F7739FB-B97F-4B96-85D3-1AEF0F6C13E7}.Release|x64.Build.0 = Release|x64
		{5F7739FB-B97F-4B96-85D3-1AEF0F6C13E7}.Release|x86.ActiveCfg = Release|Win32
		{5F7739FB-B97F-4B96-85D3-1AEF0F6C13E7}.Release|x86.Build.0 = Release|Win32
		{F9B7F4EF-FACA-476C-A9FD-AA62041BA455}.Debug|x64.ActiveCfg = Debug|x64
		{F9B7F4EF-FACA-476C-A9FD-AA62041BA455}.Debug|x64.Build.0 = Debug|x64
		{F9B7F4EF-FACA-476C-A9FD-AA62041BA455}.Debug|x86.ActiveCfg = Debug|Win32
		{F9B7F4EF-FACA-476C-A9FD-AA62041BA455}.Debug|x86.Build.0 = Debug|Win32
		{F9B7F4EF-FACA-476C-A9FD-AA62041BA455}.Release|x64.ActiveCfg = Release|x64
		{F9B7F4EF-FACA-476C-A9FD-AA62041BA455}.Release|x64.Build.0 = Release|x64
		{F9B7F4EF-FACA-476C-A9FD-AA62041BA455}.Release|x86.ActiveCfg = Release|Win32
		{F9B7F4EF-FACA-476C-A9FD-AA62041BA455}.Release|x86.Build.0 = Release|Win32
		{44091753-96B4-4A18-85E0-1DC14ABFE5BE}.Debug|x64.ActiveCfg = Debug|x64
		{44091753-96B4-4A18-85E0-1DC14ABFE5BE}.Debug|x64.Build.0 = Debug|x64
		{44091753-96B4-4A18-85E0-1DC14ABFE5BE}.Debug|x86.ActiveCfg = Debug|Win32
		{44091753-96B4-4A18-85E0-1DC14ABFE5BE}.Debug|x86.Build.0 = Debug|Win32
		{44091753-96B4-4A18-85E0-1DC14ABFE5BE}.Release|x64.ActiveCfg = Release|x64
		{44091753-96B4-4A18-85E0-1DC14ABFE5BE}.Release|x64.Build.0 = Release|x64
		{44091753-96B4-4A18-85E0-1DC14ABFE5BE}.Release|x86.ActiveCfg = Release|Win32
		{44091753-96B4-4A18-85E0-1DC14ABFE5BE}.Release|x86.Build.0 = Release|Win32
		{73886AF3-CD53-4FF9-A0F4-7B25E40400D6}.Debug|x64.ActiveCfg = Debug|x64
		{73886AF3-CD53-4FF9-A0F4-7B25E40400D6}.Debug|x64.Build.0 = Debug|x64
		{73886AF3-CD53-4FF9-A0F4-7B25E40400D6}.Debug|x86.ActiveCfg = Debug|Win32
		{73886AF3-CD53-4FF9-A0F4-7B25E40400D6}.Debug|x86.Build.0 = Debug|Win32
		{73886AF3-CD53-4FF9-A0F4-7B25E40400D6}.Release|x64.ActiveCfg = Release|x64
		{73886AF3-CD53-4FF9-A0F4-7B25E40400D6}.Release|x64.Build.0 = Release|x64
		{73886AF3-CD53-4FF9-A0F4-7B25E40400D6}.Release|x86.ActiveCfg = Release|Win32
		{73886AF3-CD53-4FF9-A0F4-7B25E40400D6}.Release|x86.Build.0 = Release|Win32
		{CDE35135-8302-4AD3-8D82-59E04FDADD59}.Debug|x64.ActiveCfg = Debug|x64
		{CDE35135-8302-4AD3-8D82-59E04FDADD59}.Debug|x64.Build.0 = Debug|x64
		{CDE35135-8302-4AD3-8D82-59E04FDADD59}.Debug|x86.ActiveCfg = Debug|Win32
		{CDE35135-8302-4AD3-8D82-59E04FDADD59}.Debug|x86.Build.0 = Debug|Win32
		{CDE35135-8302-4AD3-8D82-59E04FDADD59}.Release|x64.ActiveCfg = Release|x64
		{CDE35135-8302-4AD3-8D82-59E04FDADD59}.Release|x64.Build.0 = Release|x64
		{CDE35135-8302-4AD3-8D82-59E04FDADD59}.Release|x86.ActiveCfg = Release|Win32
		{CDE35135-8302-4AD3-8D82-59E04FDADD59}.Release|x86.Build.0 = Release|Win32
		{A289A10F-8BDC-4C43-A556-BCA96B1A482F}.Debug|x64.ActiveCfg = Debug|x64
		{A289A10F-8BDC-4C43-A556-BCA96B1A482F}.Debug|x64.Build.0 = Debug|x64
		{A289A10F-8BDC-4C43-A556-BCA96B1A482F}.Debug|x86.ActiveCfg = Debug|Win32
		{A289A10F-8BDC-4C43-A556-BCA96B1A482F}.Debug|x86.Build.0 = Debug|Win32
		{A289A10F-8BDC-4C43-A556-BCA96B1A482F}.Release|x64.ActiveCfg = Release|x64
		{A289A10F-8BDC-4C43-A556-BCA96B1A482F}.Release|x64.Build.0 = Release|x64
		{A289A10F-8BDC-4C43-A556-BCA96B1A482F}.Release|x86.ActiveCfg = Release|Win32
		{A289A10F-8BDC-4C43-A556-BCA96B1A482F}.Release|x86.Build.0 = Release|Win32
	EndGlobalSection
	GlobalSection(SolutionProperties) = preSolution
		HideSolutionNode = FALSE
	EndGlobalSection
	GlobalSection(ExtensibilityGlobals) = postSolution
		SolutionGuid = {A4F8A7E3-884D-4946-B3B6-37330F42DB31}
	EndGlobalSection
EndGlobal
