
Microsoft Visual Studio Solution File, Format Version 12.00
# Visual Studio Version 16
VisualStudioVersion = 16.0.31025.194
MinimumVisualStudioVersion = 10.0.40219.1
Project("{8BC9CEB8-8B4A-11D0-8D11-00A0C91BC942}") = "LAB6_1", "LAB6_1\LAB6_1.vcxproj", "{B0179880-4793-456F-BBF5-7F7F18B6D625}"
EndProject
Project("{8BC9CEB8-8B4A-11D0-8D11-00A0C91BC942}") = "LAB6_2", "LAB6_2\LAB6_2.vcxproj", "{B36EFFC6-F338-4A22-9A34-24C1D0AE2A98}"
EndProject
Project("{8BC9CEB8-8B4A-11D0-8D11-00A0C91BC942}") = "LAB6_3", "LAB6_3\LAB6_3.vcxproj", "{E3650EB6-9EDA-43D0-80D2-C1666C36E7EC}"
EndProject
Project("{8BC9CEB8-8B4A-11D0-8D11-00A0C91BC942}") = "LAB6_4", "LAB6_4\LAB6_4.vcxproj", "{EF2B8812-D55B-4DCD-8F69-D22933782782}"
EndProject
Project("{8BC9CEB8-8B4A-11D0-8D11-00A0C91BC942}") = "LAB6_5", "LAB6_5\LAB6_5.vcxproj", "{8C9177F9-370F-4780-A94A-F2C58E2D29A7}"
EndProject
Project("{8BC9CEB8-8B4A-11D0-8D11-00A0C91BC942}") = "HW6_1", "HW6_1\HW6_1.vcxproj", "{6110C1AC-7258-4562-A08D-4C7A15A57644}"
EndProject
Project("{8BC9CEB8-8B4A-11D0-8D11-00A0C91BC942}") = "HW6_2", "HW6_2\HW6_2.vcxproj", "{C368A441-D173-4BDC-8E59-D5B46A4CA1DE}"
EndProject
Project("{8BC9CEB8-8B4A-11D0-8D11-00A0C91BC942}") = "HW6_3", "HW6_3\HW6_3.vcxproj", "{C4379669-07A9-4AEB-9D16-4C9C674149CE}"
EndProject
Project("{8BC9CEB8-8B4A-11D0-8D11-00A0C91BC942}") = "HW6_3_", "HW6_3_\HW6_3_.vcxproj", "{78982F8F-CC44-4CC9-9765-EA9E3D713C8F}"
EndProject
Global
	GlobalSection(SolutionConfigurationPlatforms) = preSolution
		Debug|x64 = Debug|x64
		Debug|x86 = Debug|x86
		Release|x64 = Release|x64
		Release|x86 = Release|x86
	EndGlobalSection
	GlobalSection(ProjectConfigurationPlatforms) = postSolution
		{B0179880-4793-456F-BBF5-7F7F18B6D625}.Debug|x64.ActiveCfg = Debug|x64
		{B0179880-4793-456F-BBF5-7F7F18B6D625}.Debug|x64.Build.0 = Debug|x64
		{B0179880-4793-456F-BBF5-7F7F18B6D625}.Debug|x86.ActiveCfg = Debug|Win32
		{B0179880-4793-456F-BBF5-7F7F18B6D625}.Debug|x86.Build.0 = Debug|Win32
		{B0179880-4793-456F-BBF5-7F7F18B6D625}.Release|x64.ActiveCfg = Release|x64
		{B0179880-4793-456F-BBF5-7F7F18B6D625}.Release|x64.Build.0 = Release|x64
		{B0179880-4793-456F-BBF5-7F7F18B6D625}.Release|x86.ActiveCfg = Release|Win32
		{B0179880-4793-456F-BBF5-7F7F18B6D625}.Release|x86.Build.0 = Release|Win32
		{B36EFFC6-F338-4A22-9A34-24C1D0AE2A98}.Debug|x64.ActiveCfg = Debug|x64
		{B36EFFC6-F338-4A22-9A34-24C1D0AE2A98}.Debug|x64.Build.0 = Debug|x64
		{B36EFFC6-F338-4A22-9A34-24C1D0AE2A98}.Debug|x86.ActiveCfg = Debug|Win32
		{B36EFFC6-F338-4A22-9A34-24C1D0AE2A98}.Debug|x86.Build.0 = Debug|Win32
		{B36EFFC6-F338-4A22-9A34-24C1D0AE2A98}.Release|x64.ActiveCfg = Release|x64
		{B36EFFC6-F338-4A22-9A34-24C1D0AE2A98}.Release|x64.Build.0 = Release|x64
		{B36EFFC6-F338-4A22-9A34-24C1D0AE2A98}.Release|x86.ActiveCfg = Release|Win32
		{B36EFFC6-F338-4A22-9A34-24C1D0AE2A98}.Release|x86.Build.0 = Release|Win32
		{E3650EB6-9EDA-43D0-80D2-C1666C36E7EC}.Debug|x64.ActiveCfg = Debug|x64
		{E3650EB6-9EDA-43D0-80D2-C1666C36E7EC}.Debug|x64.Build.0 = Debug|x64
		{E3650EB6-9EDA-43D0-80D2-C1666C36E7EC}.Debug|x86.ActiveCfg = Debug|Win32
		{E3650EB6-9EDA-43D0-80D2-C1666C36E7EC}.Debug|x86.Build.0 = Debug|Win32
		{E3650EB6-9EDA-43D0-80D2-C1666C36E7EC}.Release|x64.ActiveCfg = Release|x64
		{E3650EB6-9EDA-43D0-80D2-C1666C36E7EC}.Release|x64.Build.0 = Release|x64
		{E3650EB6-9EDA-43D0-80D2-C1666C36E7EC}.Release|x86.ActiveCfg = Release|Win32
		{E3650EB6-9EDA-43D0-80D2-C1666C36E7EC}.Release|x86.Build.0 = Release|Win32
		{EF2B8812-D55B-4DCD-8F69-D22933782782}.Debug|x64.ActiveCfg = Debug|x64
		{EF2B8812-D55B-4DCD-8F69-D22933782782}.Debug|x64.Build.0 = Debug|x64
		{EF2B8812-D55B-4DCD-8F69-D22933782782}.Debug|x86.ActiveCfg = Debug|Win32
		{EF2B8812-D55B-4DCD-8F69-D22933782782}.Debug|x86.Build.0 = Debug|Win32
		{EF2B8812-D55B-4DCD-8F69-D22933782782}.Release|x64.ActiveCfg = Release|x64
		{EF2B8812-D55B-4DCD-8F69-D22933782782}.Release|x64.Build.0 = Release|x64
		{EF2B8812-D55B-4DCD-8F69-D22933782782}.Release|x86.ActiveCfg = Release|Win32
		{EF2B8812-D55B-4DCD-8F69-D22933782782}.Release|x86.Build.0 = Release|Win32
		{8C9177F9-370F-4780-A94A-F2C58E2D29A7}.Debug|x64.ActiveCfg = Debug|x64
		{8C9177F9-370F-4780-A94A-F2C58E2D29A7}.Debug|x64.Build.0 = Debug|x64
		{8C9177F9-370F-4780-A94A-F2C58E2D29A7}.Debug|x86.ActiveCfg = Debug|Win32
		{8C9177F9-370F-4780-A94A-F2C58E2D29A7}.Debug|x86.Build.0 = Debug|Win32
		{8C9177F9-370F-4780-A94A-F2C58E2D29A7}.Release|x64.ActiveCfg = Release|x64
		{8C9177F9-370F-4780-A94A-F2C58E2D29A7}.Release|x64.Build.0 = Release|x64
		{8C9177F9-370F-4780-A94A-F2C58E2D29A7}.Release|x86.ActiveCfg = Release|Win32
		{8C9177F9-370F-4780-A94A-F2C58E2D29A7}.Release|x86.Build.0 = Release|Win32
		{6110C1AC-7258-4562-A08D-4C7A15A57644}.Debug|x64.ActiveCfg = Debug|x64
		{6110C1AC-7258-4562-A08D-4C7A15A57644}.Debug|x64.Build.0 = Debug|x64
		{6110C1AC-7258-4562-A08D-4C7A15A57644}.Debug|x86.ActiveCfg = Debug|Win32
		{6110C1AC-7258-4562-A08D-4C7A15A57644}.Debug|x86.Build.0 = Debug|Win32
		{6110C1AC-7258-4562-A08D-4C7A15A57644}.Release|x64.ActiveCfg = Release|x64
		{6110C1AC-7258-4562-A08D-4C7A15A57644}.Release|x64.Build.0 = Release|x64
		{6110C1AC-7258-4562-A08D-4C7A15A57644}.Release|x86.ActiveCfg = Release|Win32
		{6110C1AC-7258-4562-A08D-4C7A15A57644}.Release|x86.Build.0 = Release|Win32
		{C368A441-D173-4BDC-8E59-D5B46A4CA1DE}.Debug|x64.ActiveCfg = Debug|x64
		{C368A441-D173-4BDC-8E59-D5B46A4CA1DE}.Debug|x64.Build.0 = Debug|x64
		{C368A441-D173-4BDC-8E59-D5B46A4CA1DE}.Debug|x86.ActiveCfg = Debug|Win32
		{C368A441-D173-4BDC-8E59-D5B46A4CA1DE}.Debug|x86.Build.0 = Debug|Win32
		{C368A441-D173-4BDC-8E59-D5B46A4CA1DE}.Release|x64.ActiveCfg = Release|x64
		{C368A441-D173-4BDC-8E59-D5B46A4CA1DE}.Release|x64.Build.0 = Release|x64
		{C368A441-D173-4BDC-8E59-D5B46A4CA1DE}.Release|x86.ActiveCfg = Release|Win32
		{C368A441-D173-4BDC-8E59-D5B46A4CA1DE}.Release|x86.Build.0 = Release|Win32
		{C4379669-07A9-4AEB-9D16-4C9C674149CE}.Debug|x64.ActiveCfg = Debug|x64
		{C4379669-07A9-4AEB-9D16-4C9C674149CE}.Debug|x64.Build.0 = Debug|x64
		{C4379669-07A9-4AEB-9D16-4C9C674149CE}.Debug|x86.ActiveCfg = Debug|Win32
		{C4379669-07A9-4AEB-9D16-4C9C674149CE}.Debug|x86.Build.0 = Debug|Win32
		{C4379669-07A9-4AEB-9D16-4C9C674149CE}.Release|x64.ActiveCfg = Release|x64
		{C4379669-07A9-4AEB-9D16-4C9C674149CE}.Release|x64.Build.0 = Release|x64
		{C4379669-07A9-4AEB-9D16-4C9C674149CE}.Release|x86.ActiveCfg = Release|Win32
		{C4379669-07A9-4AEB-9D16-4C9C674149CE}.Release|x86.Build.0 = Release|Win32
		{78982F8F-CC44-4CC9-9765-EA9E3D713C8F}.Debug|x64.ActiveCfg = Debug|x64
		{78982F8F-CC44-4CC9-9765-EA9E3D713C8F}.Debug|x64.Build.0 = Debug|x64
		{78982F8F-CC44-4CC9-9765-EA9E3D713C8F}.Debug|x86.ActiveCfg = Debug|Win32
		{78982F8F-CC44-4CC9-9765-EA9E3D713C8F}.Debug|x86.Build.0 = Debug|Win32
		{78982F8F-CC44-4CC9-9765-EA9E3D713C8F}.Release|x64.ActiveCfg = Release|x64
		{78982F8F-CC44-4CC9-9765-EA9E3D713C8F}.Release|x64.Build.0 = Release|x64
		{78982F8F-CC44-4CC9-9765-EA9E3D713C8F}.Release|x86.ActiveCfg = Release|Win32
		{78982F8F-CC44-4CC9-9765-EA9E3D713C8F}.Release|x86.Build.0 = Release|Win32
	EndGlobalSection
	GlobalSection(SolutionProperties) = preSolution
		HideSolutionNode = FALSE
	EndGlobalSection
	GlobalSection(ExtensibilityGlobals) = postSolution
		SolutionGuid = {41C16A3F-62B3-4074-9AF7-B7F52AA94C81}
	EndGlobalSection
EndGlobal
