
Microsoft Visual Studio Solution File, Format Version 12.00
# Visual Studio Version 16
VisualStudioVersion = 16.0.31025.194
MinimumVisualStudioVersion = 10.0.40219.1
Project("{8BC9CEB8-8B4A-11D0-8D11-00A0C91BC942}") = "m1", "m1\m1.vcxproj", "{9D39E3AE-347B-4107-9782-66D644B2E997}"
EndProject
Project("{8BC9CEB8-8B4A-11D0-8D11-00A0C91BC942}") = "m2", "m2\m2.vcxproj", "{27D75B32-1B49-4EFC-B6BA-642445AEFA72}"
EndProject
Project("{8BC9CEB8-8B4A-11D0-8D11-00A0C91BC942}") = "m3", "m3\m3.vcxproj", "{552A713B-1891-497B-B063-F615662FAAF5}"
EndProject
Global
	GlobalSection(SolutionConfigurationPlatforms) = preSolution
		Debug|x64 = Debug|x64
		Debug|x86 = Debug|x86
		Release|x64 = Release|x64
		Release|x86 = Release|x86
	EndGlobalSection
	GlobalSection(ProjectConfigurationPlatforms) = postSolution
		{9D39E3AE-347B-4107-9782-66D644B2E997}.Debug|x64.ActiveCfg = Debug|x64
		{9D39E3AE-347B-4107-9782-66D644B2E997}.Debug|x64.Build.0 = Debug|x64
		{9D39E3AE-347B-4107-9782-66D644B2E997}.Debug|x86.ActiveCfg = Debug|Win32
		{9D39E3AE-347B-4107-9782-66D644B2E997}.Debug|x86.Build.0 = Debug|Win32
		{9D39E3AE-347B-4107-9782-66D644B2E997}.Release|x64.ActiveCfg = Release|x64
		{9D39E3AE-347B-4107-9782-66D644B2E997}.Release|x64.Build.0 = Release|x64
		{9D39E3AE-347B-4107-9782-66D644B2E997}.Release|x86.ActiveCfg = Release|Win32
		{9D39E3AE-347B-4107-9782-66D644B2E997}.Release|x86.Build.0 = Release|Win32
		{27D75B32-1B49-4EFC-B6BA-642445AEFA72}.Debug|x64.ActiveCfg = Debug|x64
		{27D75B32-1B49-4EFC-B6BA-642445AEFA72}.Debug|x64.Build.0 = Debug|x64
		{27D75B32-1B49-4EFC-B6BA-642445AEFA72}.Debug|x86.ActiveCfg = Debug|Win32
		{27D75B32-1B49-4EFC-B6BA-642445AEFA72}.Debug|x86.Build.0 = Debug|Win32
		{27D75B32-1B49-4EFC-B6BA-642445AEFA72}.Release|x64.ActiveCfg = Release|x64
		{27D75B32-1B49-4EFC-B6BA-642445AEFA72}.Release|x64.Build.0 = Release|x64
		{27D75B32-1B49-4EFC-B6BA-642445AEFA72}.Release|x86.ActiveCfg = Release|Win32
		{27D75B32-1B49-4EFC-B6BA-642445AEFA72}.Release|x86.Build.0 = Release|Win32
		{552A713B-1891-497B-B063-F615662FAAF5}.Debug|x64.ActiveCfg = Debug|x64
		{552A713B-1891-497B-B063-F615662FAAF5}.Debug|x64.Build.0 = Debug|x64
		{552A713B-1891-497B-B063-F615662FAAF5}.Debug|x86.ActiveCfg = Debug|Win32
		{552A713B-1891-497B-B063-F615662FAAF5}.Debug|x86.Build.0 = Debug|Win32
		{552A713B-1891-497B-B063-F615662FAAF5}.Release|x64.ActiveCfg = Release|x64
		{552A713B-1891-497B-B063-F615662FAAF5}.Release|x64.Build.0 = Release|x64
		{552A713B-1891-497B-B063-F615662FAAF5}.Release|x86.ActiveCfg = Release|Win32
		{552A713B-1891-497B-B063-F615662FAAF5}.Release|x86.Build.0 = Release|Win32
	EndGlobalSection
	GlobalSection(SolutionProperties) = preSolution
		HideSolutionNode = FALSE
	EndGlobalSection
	GlobalSection(ExtensibilityGlobals) = postSolution
		SolutionGuid = {E5A9D5C0-78EF-477C-8018-459A400B3B8A}
	EndGlobalSection
EndGlobal
