
Microsoft Visual Studio Solution File, Format Version 12.00
# Visual Studio Version 16
VisualStudioVersion = 16.0.31025.194
MinimumVisualStudioVersion = 10.0.40219.1
Project("{8BC9CEB8-8B4A-11D0-8D11-00A0C91BC942}") = "LAB1_1", "LAB1_1\LAB1_1.vcxproj", "{70D90838-1CCC-4629-84A2-64CE7255DC82}"
EndProject
Project("{8BC9CEB8-8B4A-11D0-8D11-00A0C91BC942}") = "HW1_1", "HW1_1\HW1_1.vcxproj", "{AE9A4F8D-A247-48EC-8AD7-BD042176DD6D}"
EndProject
Project("{8BC9CEB8-8B4A-11D0-8D11-00A0C91BC942}") = "LAB2_1", "LAB2_1\LAB2_1.vcxproj", "{7A949BB8-327A-4A0C-B38B-4F9407C71EBC}"
EndProject
Project("{8BC9CEB8-8B4A-11D0-8D11-00A0C91BC942}") = "LAB2_2", "LAB2_2\LAB2_2.vcxproj", "{608AFBCA-5490-4786-BF31-EC3BA5D2DE49}"
EndProject
Project("{8BC9CEB8-8B4A-11D0-8D11-00A0C91BC942}") = "LAB2_3", "LAB2_3\LAB2_3.vcxproj", "{3FFDDD7C-78BB-479C-8142-0E6F9FB8BE89}"
EndProject
Project("{8BC9CEB8-8B4A-11D0-8D11-00A0C91BC942}") = "HW2_1", "HW2_1\HW2_1.vcxproj", "{47CCE8E1-3A13-4390-AF40-1CC863DBE995}"
EndProject
Project("{8BC9CEB8-8B4A-11D0-8D11-00A0C91BC942}") = "HW2_2", "HW2_2\HW2_2.vcxproj", "{646F51E6-1297-4365-A15B-DAC68B088C87}"
EndProject
Project("{8BC9CEB8-8B4A-11D0-8D11-00A0C91BC942}") = "HW2_3", "HW2_3\HW2_3.vcxproj", "{9F73A183-1D2A-49A6-AAA6-F9DF5FE46F26}"
EndProject
Project("{8BC9CEB8-8B4A-11D0-8D11-00A0C91BC942}") = "LAB3_0", "LAB3_0\LAB3_0.vcxproj", "{34D1095D-59AB-469E-A64B-63E57E6D74E7}"
EndProject
Project("{8BC9CEB8-8B4A-11D0-8D11-00A0C91BC942}") = "LAB3_1", "LAB3_1\LAB3_1.vcxproj", "{B5DC04CC-3062-4BCC-B5AF-7FBC2A8B817E}"
EndProject
Project("{8BC9CEB8-8B4A-11D0-8D11-00A0C91BC942}") = "LAB3_2", "LAB3_2\LAB3_2.vcxproj", "{61D52942-4A68-428B-AC54-DBDE2D28A8C4}"
EndProject
Project("{8BC9CEB8-8B4A-11D0-8D11-00A0C91BC942}") = "LAB3_3", "LAB3_3\LAB3_3.vcxproj", "{98A8DA35-2F32-4B09-B568-5301FD1520CE}"
EndProject
Project("{8BC9CEB8-8B4A-11D0-8D11-00A0C91BC942}") = "LAB3_4", "LAB3_4\LAB3_4.vcxproj", "{F02264F2-579C-4B55-AD31-D657F33EB567}"
EndProject
Project("{8BC9CEB8-8B4A-11D0-8D11-00A0C91BC942}") = "HW3_1", "HW3_1\HW3_1.vcxproj", "{0A528B45-CFF4-4B70-9405-A9A80BE03462}"
EndProject
Project("{8BC9CEB8-8B4A-11D0-8D11-00A0C91BC942}") = "HW3_2", "HW3_2\HW3_2.vcxproj", "{43047B77-597C-4E57-9252-155C418D10DA}"
EndProject
Project("{8BC9CEB8-8B4A-11D0-8D11-00A0C91BC942}") = "HW3_3", "HW3_3\HW3_3.vcxproj", "{1D192E98-083B-463B-B84A-187A3C58FE4B}"
EndProject
Project("{8BC9CEB8-8B4A-11D0-8D11-00A0C91BC942}") = "HW3_4", "HW3_4\HW3_4.vcxproj", "{CC94F3A3-9193-4977-9FB7-9D0232F5999A}"
EndProject
Project("{8BC9CEB8-8B4A-11D0-8D11-00A0C91BC942}") = "LAB5_0", "LAB5_0\LAB5_0.vcxproj", "{9449AB35-62B2-4B9F-906A-61D806BDD408}"
EndProject
Project("{8BC9CEB8-8B4A-11D0-8D11-00A0C91BC942}") = "LAB5_1", "LAB5_1\LAB5_1.vcxproj", "{2602433A-C233-476A-A429-F867F7985F9F}"
EndProject
Project("{8BC9CEB8-8B4A-11D0-8D11-00A0C91BC942}") = "LAB5_2", "LAB5_2\LAB5_2.vcxproj", "{F277852F-9450-4150-A59C-A35FFF8D2168}"
EndProject
Project("{8BC9CEB8-8B4A-11D0-8D11-00A0C91BC942}") = "LAB5_3", "LAB5_3\LAB5_3.vcxproj", "{A57FFFD6-A512-4E4C-9A02-6992C49F6511}"
EndProject
Project("{8BC9CEB8-8B4A-11D0-8D11-00A0C91BC942}") = "HW5_1", "HW5_1\HW5_1.vcxproj", "{8F68A417-845B-4AF4-920F-9E5146E9820E}"
EndProject
Project("{8BC9CEB8-8B4A-11D0-8D11-00A0C91BC942}") = "HW5_2", "HW5_2\HW5_2.vcxproj", "{F6803738-156A-4C14-85D1-C33FC36D7D45}"
EndProject
Project("{8BC9CEB8-8B4A-11D0-8D11-00A0C91BC942}") = "HW5_3", "HW5_3\HW5_3.vcxproj", "{889F937E-8173-4144-8947-6EA0317ED505}"
EndProject
Project("{8BC9CEB8-8B4A-11D0-8D11-00A0C91BC942}") = "LAB6_0", "LAB6_0\LAB6_0.vcxproj", "{7B3315CF-71A0-4061-9239-F6D86E00B93F}"
EndProject
Project("{8BC9CEB8-8B4A-11D0-8D11-00A0C91BC942}") = "LAB6_1", "LAB6_1\LAB6_1.vcxproj", "{20D17E75-B81F-4372-B470-4A6B74EAF60A}"
EndProject
Project("{8BC9CEB8-8B4A-11D0-8D11-00A0C91BC942}") = "LAB6_3", "LAB6_3\LAB6_3.vcxproj", "{ED9B4698-42D4-4706-953C-BEEEB6BC6151}"
EndProject
Project("{8BC9CEB8-8B4A-11D0-8D11-00A0C91BC942}") = "LAB6_2", "LAB6_2\LAB6_2.vcxproj", "{102B1BD7-4949-4188-A6B9-F8E4F0E6724C}"
EndProject
Project("{8BC9CEB8-8B4A-11D0-8D11-00A0C91BC942}") = "LAB6_4", "LAB6_4\LAB6_4.vcxproj", "{BB4E53A2-F983-4847-90E7-E01A903341F4}"
EndProject
Project("{8BC9CEB8-8B4A-11D0-8D11-00A0C91BC942}") = "LAB6_5", "LAB6_5\LAB6_5.vcxproj", "{C4278130-EB25-4E8A-A790-978B11D65092}"
EndProject
Project("{8BC9CEB8-8B4A-11D0-8D11-00A0C91BC942}") = "HW6_1", "HW6_1\HW6_1.vcxproj", "{4C52F470-7E85-47B8-A0D1-F4CEE6538D65}"
EndProject
Project("{8BC9CEB8-8B4A-11D0-8D11-00A0C91BC942}") = "HW6_2", "HW6_2\HW6_2.vcxproj", "{F2818CB5-D14D-44A5-A810-DC963481F0DC}"
EndProject
Project("{8BC9CEB8-8B4A-11D0-8D11-00A0C91BC942}") = "HW6_3", "HW6_3\HW6_3.vcxproj", "{5136BD9F-3A0C-4630-9B59-F250AE50E0DF}"
EndProject
Project("{8BC9CEB8-8B4A-11D0-8D11-00A0C91BC942}") = "LAB7_1", "LAB7_1\LAB7_1.vcxproj", "{7AB68B89-EB86-4B3E-A8A2-C4FD7CA243A4}"
EndProject
Project("{8BC9CEB8-8B4A-11D0-8D11-00A0C91BC942}") = "LAB7_2", "LAB7-2\LAB7-2.vcxproj", "{4205DA99-27D9-499B-865C-46151EAAAF29}"
EndProject
Project("{8BC9CEB8-8B4A-11D0-8D11-00A0C91BC942}") = "HW7_1", "HW7_1\HW7_1.vcxproj", "{F9C56EE2-AABE-4C57-AF58-B10B62DF4486}"
EndProject
Project("{8BC9CEB8-8B4A-11D0-8D11-00A0C91BC942}") = "HW7_2", "HW7_2\HW7_2.vcxproj", "{3B143712-DDE0-4B76-9162-1EC69C7D175F}"
EndProject
Project("{8BC9CEB8-8B4A-11D0-8D11-00A0C91BC942}") = "LAB7_3", "LAB7_3\LAB7_3.vcxproj", "{3DFB572F-7E31-4104-ACA5-008502345522}"
EndProject
Project("{8BC9CEB8-8B4A-11D0-8D11-00A0C91BC942}") = "LAB7_4", "LAB7_4\LAB7_4.vcxproj", "{399DBC84-4D30-4A8C-8CA8-4563B2AF7350}"
EndProject
Project("{8BC9CEB8-8B4A-11D0-8D11-00A0C91BC942}") = "LAB7_5", "LAB7_5\LAB7_5.vcxproj", "{1030DA07-5C56-4B89-8C73-1B0F9DDFC200}"
EndProject
Project("{8BC9CEB8-8B4A-11D0-8D11-00A0C91BC942}") = "LAB7_6", "LAB7_6\LAB7_6.vcxproj", "{DFE620C8-5F90-4A69-8348-A3F432490D19}"
EndProject
Project("{8BC9CEB8-8B4A-11D0-8D11-00A0C91BC942}") = "HW7_3", "HW7_3\HW7_3.vcxproj", "{FCBD4EE3-AACD-4462-9D20-BF61D60D289A}"
EndProject
Project("{8BC9CEB8-8B4A-11D0-8D11-00A0C91BC942}") = "HW7_4", "HW7_4\HW7_4.vcxproj", "{22F26F75-CD9D-462A-AB51-955C07736310}"
EndProject
Project("{8BC9CEB8-8B4A-11D0-8D11-00A0C91BC942}") = "LAB8_1", "LAB8_1\LAB8_1.vcxproj", "{06C14ED0-AFFE-422D-A5BE-F4DA5195234D}"
EndProject
Project("{8BC9CEB8-8B4A-11D0-8D11-00A0C91BC942}") = "LAB8_2", "LAB8_2\LAB8_2.vcxproj", "{36D1C37D-3C44-4B05-A4EF-084BE575DAFA}"
EndProject
Project("{8BC9CEB8-8B4A-11D0-8D11-00A0C91BC942}") = "LAB8_3", "LAB8_3\LAB8_3.vcxproj", "{40185AD4-D2C2-47EF-8E8D-5D8831553402}"
EndProject
Project("{8BC9CEB8-8B4A-11D0-8D11-00A0C91BC942}") = "LAB8_4", "LAB8_4\LAB8_4.vcxproj", "{773CB207-0AA4-44F0-8DBE-7EA0E10DE0CA}"
EndProject
Project("{8BC9CEB8-8B4A-11D0-8D11-00A0C91BC942}") = "LAB8_5_1", "LAB8_5\LAB8_5.vcxproj", "{7976234A-A234-4F1D-B76C-168125835690}"
EndProject
Project("{8BC9CEB8-8B4A-11D0-8D11-00A0C91BC942}") = "LAB8_5_2", "LAB8_5_2\LAB8_5_2.vcxproj", "{A6A216D6-E9F5-4EC4-8D0F-1AD553BD6753}"
EndProject
Project("{8BC9CEB8-8B4A-11D0-8D11-00A0C91BC942}") = "HW8_1", "HW8_1\HW8_1.vcxproj", "{4ADF538F-F87C-4B07-8936-B6F2871E6407}"
EndProject
Project("{8BC9CEB8-8B4A-11D0-8D11-00A0C91BC942}") = "HW8_2", "HW8_2\HW8_2.vcxproj", "{9A6104E5-D123-49FE-BFD5-51A0AAD8124F}"
EndProject
Project("{8BC9CEB8-8B4A-11D0-8D11-00A0C91BC942}") = "HW8_3", "HW8_3\HW8_3.vcxproj", "{05DD6819-C9EB-4000-89E1-66D464B8C727}"
EndProject
Project("{8BC9CEB8-8B4A-11D0-8D11-00A0C91BC942}") = "HW8_4_1", "HW8_4_1\HW8_4_1.vcxproj", "{655BF26C-647B-48ED-9F36-82A53AFDEDA3}"
EndProject
Project("{8BC9CEB8-8B4A-11D0-8D11-00A0C91BC942}") = "HW8_4_2", "HW8_4_2\HW8_4_2.vcxproj", "{9A40F73C-2C6D-4BA1-8216-E283CD79C8CB}"
EndProject
Project("{8BC9CEB8-8B4A-11D0-8D11-00A0C91BC942}") = "HW8_5", "HW8_5\HW8_5.vcxproj", "{9BF497DB-991B-4FB9-8ED2-685C4648683A}"
EndProject
Project("{8BC9CEB8-8B4A-11D0-8D11-00A0C91BC942}") = "HW8_6", "HW8_6\HW8_6.vcxproj", "{63D6E70D-AEDC-4FA8-AC49-F81EBA41A35E}"
EndProject
Project("{8BC9CEB8-8B4A-11D0-8D11-00A0C91BC942}") = "HW8_7", "HW8_7\HW8_7.vcxproj", "{D202B590-62FE-45E4-AF1A-4E8CC4B5DBB7}"
EndProject
Project("{8BC9CEB8-8B4A-11D0-8D11-00A0C91BC942}") = "HW8_8", "HW8_8\HW8_8.vcxproj", "{16FA0385-86C3-4100-928B-17972C3BC42F}"
EndProject
Project("{8BC9CEB8-8B4A-11D0-8D11-00A0C91BC942}") = "HW7_5", "HW7_5\HW7_5.vcxproj", "{12170DCC-548C-46B0-ADDD-44170E176404}"
EndProject
Project("{8BC9CEB8-8B4A-11D0-8D11-00A0C91BC942}") = "HW9_4", "HW9_4\HW9_4.vcxproj", "{8138994D-1A2C-4A02-BEF7-1DAB476B9231}"
EndProject
Project("{8BC9CEB8-8B4A-11D0-8D11-00A0C91BC942}") = "HW9_5", "HW9_5\HW9_5.vcxproj", "{4CE8D68D-18B9-4DA1-BA02-FF36EE96639B}"
EndProject
Project("{8BC9CEB8-8B4A-11D0-8D11-00A0C91BC942}") = "M3", "M3\M3.vcxproj", "{A354C076-2E5A-4B29-9FB5-6917A3A9E0D8}"
EndProject
Project("{8BC9CEB8-8B4A-11D0-8D11-00A0C91BC942}") = "HW9_나", "HW9_나\HW9_나.vcxproj", "{4751B89B-E496-4280-B617-2773382D8A61}"
EndProject
Project("{8BC9CEB8-8B4A-11D0-8D11-00A0C91BC942}") = "M2", "M4\M4.vcxproj", "{74643994-3393-4E1B-88DA-69DE34263022}"
EndProject
Project("{8BC9CEB8-8B4A-11D0-8D11-00A0C91BC942}") = "m44", "m44\m44.vcxproj", "{13C1A524-9664-4DF3-9547-937E8F415E2D}"
EndProject
Project("{8BC9CEB8-8B4A-11D0-8D11-00A0C91BC942}") = "M6", "M6\M6.vcxproj", "{74A9DF25-0303-4F67-B21C-2D2B0F9D5BF7}"
EndProject
Project("{8BC9CEB8-8B4A-11D0-8D11-00A0C91BC942}") = "HW9_나_변형", "HW9_나_변형\HW9_나_변형.vcxproj", "{1FB9CAD9-6A0C-4DD3-8246-EE8DC980EE1D}"
EndProject
Project("{8BC9CEB8-8B4A-11D0-8D11-00A0C91BC942}") = "P1", "P1\P1.vcxproj", "{97CFF99A-87D4-4D38-8266-BCE42987C0AA}"
EndProject
Project("{8BC9CEB8-8B4A-11D0-8D11-00A0C91BC942}") = "P2", "P2\P2.vcxproj", "{7187D562-65B7-4AEB-96DA-1A9C08733E92}"
EndProject
Project("{8BC9CEB8-8B4A-11D0-8D11-00A0C91BC942}") = "P3", "P3\P3.vcxproj", "{53581AA4-17BE-4239-A5DF-25031B976599}"
EndProject
Project("{8BC9CEB8-8B4A-11D0-8D11-00A0C91BC942}") = "M1", "M1\M1.vcxproj", "{9362B737-693D-49F1-85B1-931301905FAB}"
EndProject
Project("{8BC9CEB8-8B4A-11D0-8D11-00A0C91BC942}") = "M5", "M5\M5.vcxproj", "{28EA0D05-BF9A-4FB6-B094-01A084EACDE0}"
EndProject
Project("{8BC9CEB8-8B4A-11D0-8D11-00A0C91BC942}") = "LAB7_3_답", "LAB7_3_답\LAB7_3_답.vcxproj", "{812750D3-95D9-41C6-BC52-671B53C5743F}"
EndProject
Project("{8BC9CEB8-8B4A-11D0-8D11-00A0C91BC942}") = "HW8_8_다른답", "HW8_8_다른답\HW8_8_다른답.vcxproj", "{E8F48410-A2F6-47E8-91C4-CFE42A9E8D69}"
EndProject
Project("{8BC9CEB8-8B4A-11D0-8D11-00A0C91BC942}") = "M4_답", "M4_답\M4_답.vcxproj", "{F9D75139-C0CC-482E-B41A-D68F5422287B}"
EndProject
Project("{8BC9CEB8-8B4A-11D0-8D11-00A0C91BC942}") = "M4_다른답", "M4_다른답\M4_다른답.vcxproj", "{AC2B24D6-B02C-4415-A289-76DD38CC79DB}"
EndProject
Project("{8BC9CEB8-8B4A-11D0-8D11-00A0C91BC942}") = "M6_답", "M6_답\M6_답.vcxproj", "{33AC2704-E23C-4116-8C45-01EC83A75336}"
EndProject
Project("{8BC9CEB8-8B4A-11D0-8D11-00A0C91BC942}") = "HW9_5_답", "HW9_5_답\HW9_5_답.vcxproj", "{43E5A71D-69B9-4344-8863-168EBD01C95C}"
EndProject
Project("{8BC9CEB8-8B4A-11D0-8D11-00A0C91BC942}") = "HW9_나_뱐향딥", "HW9_나_뱐향딥\HW9_나_뱐향딥.vcxproj", "{C8BE50CD-2C3C-490F-A8A7-1B05C11F639D}"
EndProject
Project("{8BC9CEB8-8B4A-11D0-8D11-00A0C91BC942}") = "HW7_6", "HW7_6\HW7_6.vcxproj", "{C575C55E-C1F7-4332-956E-447EDE6EAAC5}"
EndProject
Project("{8BC9CEB8-8B4A-11D0-8D11-00A0C91BC942}") = "HW9_4_답", "HW9_4_답\HW9_4_답.vcxproj", "{A5EEA483-1DDE-48CA-9E80-675ED71C87EF}"
EndProject
Global
	GlobalSection(SolutionConfigurationPlatforms) = preSolution
		Debug|x64 = Debug|x64
		Debug|x86 = Debug|x86
		Release|x64 = Release|x64
		Release|x86 = Release|x86
	EndGlobalSection
	GlobalSection(ProjectConfigurationPlatforms) = postSolution
		{70D90838-1CCC-4629-84A2-64CE7255DC82}.Debug|x64.ActiveCfg = Debug|x64
		{70D90838-1CCC-4629-84A2-64CE7255DC82}.Debug|x64.Build.0 = Debug|x64
		{70D90838-1CCC-4629-84A2-64CE7255DC82}.Debug|x86.ActiveCfg = Debug|Win32
		{70D90838-1CCC-4629-84A2-64CE7255DC82}.Debug|x86.Build.0 = Debug|Win32
		{70D90838-1CCC-4629-84A2-64CE7255DC82}.Release|x64.ActiveCfg = Release|x64
		{70D90838-1CCC-4629-84A2-64CE7255DC82}.Release|x64.Build.0 = Release|x64
		{70D90838-1CCC-4629-84A2-64CE7255DC82}.Release|x86.ActiveCfg = Release|Win32
		{70D90838-1CCC-4629-84A2-64CE7255DC82}.Release|x86.Build.0 = Release|Win32
		{AE9A4F8D-A247-48EC-8AD7-BD042176DD6D}.Debug|x64.ActiveCfg = Debug|x64
		{AE9A4F8D-A247-48EC-8AD7-BD042176DD6D}.Debug|x64.Build.0 = Debug|x64
		{AE9A4F8D-A247-48EC-8AD7-BD042176DD6D}.Debug|x86.ActiveCfg = Debug|Win32
		{AE9A4F8D-A247-48EC-8AD7-BD042176DD6D}.Debug|x86.Build.0 = Debug|Win32
		{AE9A4F8D-A247-48EC-8AD7-BD042176DD6D}.Release|x64.ActiveCfg = Release|x64
		{AE9A4F8D-A247-48EC-8AD7-BD042176DD6D}.Release|x64.Build.0 = Release|x64
		{AE9A4F8D-A247-48EC-8AD7-BD042176DD6D}.Release|x86.ActiveCfg = Release|Win32
		{AE9A4F8D-A247-48EC-8AD7-BD042176DD6D}.Release|x86.Build.0 = Release|Win32
		{7A949BB8-327A-4A0C-B38B-4F9407C71EBC}.Debug|x64.ActiveCfg = Debug|x64
		{7A949BB8-327A-4A0C-B38B-4F9407C71EBC}.Debug|x64.Build.0 = Debug|x64
		{7A949BB8-327A-4A0C-B38B-4F9407C71EBC}.Debug|x86.ActiveCfg = Debug|Win32
		{7A949BB8-327A-4A0C-B38B-4F9407C71EBC}.Debug|x86.Build.0 = Debug|Win32
		{7A949BB8-327A-4A0C-B38B-4F9407C71EBC}.Release|x64.ActiveCfg = Release|x64
		{7A949BB8-327A-4A0C-B38B-4F9407C71EBC}.Release|x64.Build.0 = Release|x64
		{7A949BB8-327A-4A0C-B38B-4F9407C71EBC}.Release|x86.ActiveCfg = Release|Win32
		{7A949BB8-327A-4A0C-B38B-4F9407C71EBC}.Release|x86.Build.0 = Release|Win32
		{608AFBCA-5490-4786-BF31-EC3BA5D2DE49}.Debug|x64.ActiveCfg = Debug|x64
		{608AFBCA-5490-4786-BF31-EC3BA5D2DE49}.Debug|x64.Build.0 = Debug|x64
		{608AFBCA-5490-4786-BF31-EC3BA5D2DE49}.Debug|x86.ActiveCfg = Debug|Win32
		{608AFBCA-5490-4786-BF31-EC3BA5D2DE49}.Debug|x86.Build.0 = Debug|Win32
		{608AFBCA-5490-4786-BF31-EC3BA5D2DE49}.Release|x64.ActiveCfg = Release|x64
		{608AFBCA-5490-4786-BF31-EC3BA5D2DE49}.Release|x64.Build.0 = Release|x64
		{608AFBCA-5490-4786-BF31-EC3BA5D2DE49}.Release|x86.ActiveCfg = Release|Win32
		{608AFBCA-5490-4786-BF31-EC3BA5D2DE49}.Release|x86.Build.0 = Release|Win32
		{3FFDDD7C-78BB-479C-8142-0E6F9FB8BE89}.Debug|x64.ActiveCfg = Debug|x64
		{3FFDDD7C-78BB-479C-8142-0E6F9FB8BE89}.Debug|x64.Build.0 = Debug|x64
		{3FFDDD7C-78BB-479C-8142-0E6F9FB8BE89}.Debug|x86.ActiveCfg = Debug|Win32
		{3FFDDD7C-78BB-479C-8142-0E6F9FB8BE89}.Debug|x86.Build.0 = Debug|Win32
		{3FFDDD7C-78BB-479C-8142-0E6F9FB8BE89}.Release|x64.ActiveCfg = Release|x64
		{3FFDDD7C-78BB-479C-8142-0E6F9FB8BE89}.Release|x64.Build.0 = Release|x64
		{3FFDDD7C-78BB-479C-8142-0E6F9FB8BE89}.Release|x86.ActiveCfg = Release|Win32
		{3FFDDD7C-78BB-479C-8142-0E6F9FB8BE89}.Release|x86.Build.0 = Release|Win32
		{47CCE8E1-3A13-4390-AF40-1CC863DBE995}.Debug|x64.ActiveCfg = Debug|x64
		{47CCE8E1-3A13-4390-AF40-1CC863DBE995}.Debug|x64.Build.0 = Debug|x64
		{47CCE8E1-3A13-4390-AF40-1CC863DBE995}.Debug|x86.ActiveCfg = Debug|Win32
		{47CCE8E1-3A13-4390-AF40-1CC863DBE995}.Debug|x86.Build.0 = Debug|Win32
		{47CCE8E1-3A13-4390-AF40-1CC863DBE995}.Release|x64.ActiveCfg = Release|x64
		{47CCE8E1-3A13-4390-AF40-1CC863DBE995}.Release|x64.Build.0 = Release|x64
		{47CCE8E1-3A13-4390-AF40-1CC863DBE995}.Release|x86.ActiveCfg = Release|Win32
		{47CCE8E1-3A13-4390-AF40-1CC863DBE995}.Release|x86.Build.0 = Release|Win32
		{646F51E6-1297-4365-A15B-DAC68B088C87}.Debug|x64.ActiveCfg = Debug|x64
		{646F51E6-1297-4365-A15B-DAC68B088C87}.Debug|x64.Build.0 = Debug|x64
		{646F51E6-1297-4365-A15B-DAC68B088C87}.Debug|x86.ActiveCfg = Debug|Win32
		{646F51E6-1297-4365-A15B-DAC68B088C87}.Debug|x86.Build.0 = Debug|Win32
		{646F51E6-1297-4365-A15B-DAC68B088C87}.Release|x64.ActiveCfg = Release|x64
		{646F51E6-1297-4365-A15B-DAC68B088C87}.Release|x64.Build.0 = Release|x64
		{646F51E6-1297-4365-A15B-DAC68B088C87}.Release|x86.ActiveCfg = Release|Win32
		{646F51E6-1297-4365-A15B-DAC68B088C87}.Release|x86.Build.0 = Release|Win32
		{9F73A183-1D2A-49A6-AAA6-F9DF5FE46F26}.Debug|x64.ActiveCfg = Debug|x64
		{9F73A183-1D2A-49A6-AAA6-F9DF5FE46F26}.Debug|x64.Build.0 = Debug|x64
		{9F73A183-1D2A-49A6-AAA6-F9DF5FE46F26}.Debug|x86.ActiveCfg = Debug|Win32
		{9F73A183-1D2A-49A6-AAA6-F9DF5FE46F26}.Debug|x86.Build.0 = Debug|Win32
		{9F73A183-1D2A-49A6-AAA6-F9DF5FE46F26}.Release|x64.ActiveCfg = Release|x64
		{9F73A183-1D2A-49A6-AAA6-F9DF5FE46F26}.Release|x64.Build.0 = Release|x64
		{9F73A183-1D2A-49A6-AAA6-F9DF5FE46F26}.Release|x86.ActiveCfg = Release|Win32
		{9F73A183-1D2A-49A6-AAA6-F9DF5FE46F26}.Release|x86.Build.0 = Release|Win32
		{34D1095D-59AB-469E-A64B-63E57E6D74E7}.Debug|x64.ActiveCfg = Debug|x64
		{34D1095D-59AB-469E-A64B-63E57E6D74E7}.Debug|x64.Build.0 = Debug|x64
		{34D1095D-59AB-469E-A64B-63E57E6D74E7}.Debug|x86.ActiveCfg = Debug|Win32
		{34D1095D-59AB-469E-A64B-63E57E6D74E7}.Debug|x86.Build.0 = Debug|Win32
		{34D1095D-59AB-469E-A64B-63E57E6D74E7}.Release|x64.ActiveCfg = Release|x64
		{34D1095D-59AB-469E-A64B-63E57E6D74E7}.Release|x64.Build.0 = Release|x64
		{34D1095D-59AB-469E-A64B-63E57E6D74E7}.Release|x86.ActiveCfg = Release|Win32
		{34D1095D-59AB-469E-A64B-63E57E6D74E7}.Release|x86.Build.0 = Release|Win32
		{B5DC04CC-3062-4BCC-B5AF-7FBC2A8B817E}.Debug|x64.ActiveCfg = Debug|x64
		{B5DC04CC-3062-4BCC-B5AF-7FBC2A8B817E}.Debug|x64.Build.0 = Debug|x64
		{B5DC04CC-3062-4BCC-B5AF-7FBC2A8B817E}.Debug|x86.ActiveCfg = Debug|Win32
		{B5DC04CC-3062-4BCC-B5AF-7FBC2A8B817E}.Debug|x86.Build.0 = Debug|Win32
		{B5DC04CC-3062-4BCC-B5AF-7FBC2A8B817E}.Release|x64.ActiveCfg = Release|x64
		{B5DC04CC-3062-4BCC-B5AF-7FBC2A8B817E}.Release|x64.Build.0 = Release|x64
		{B5DC04CC-3062-4BCC-B5AF-7FBC2A8B817E}.Release|x86.ActiveCfg = Release|Win32
		{B5DC04CC-3062-4BCC-B5AF-7FBC2A8B817E}.Release|x86.Build.0 = Release|Win32
		{61D52942-4A68-428B-AC54-DBDE2D28A8C4}.Debug|x64.ActiveCfg = Debug|x64
		{61D52942-4A68-428B-AC54-DBDE2D28A8C4}.Debug|x64.Build.0 = Debug|x64
		{61D52942-4A68-428B-AC54-DBDE2D28A8C4}.Debug|x86.ActiveCfg = Debug|Win32
		{61D52942-4A68-428B-AC54-DBDE2D28A8C4}.Debug|x86.Build.0 = Debug|Win32
		{61D52942-4A68-428B-AC54-DBDE2D28A8C4}.Release|x64.ActiveCfg = Release|x64
		{61D52942-4A68-428B-AC54-DBDE2D28A8C4}.Release|x64.Build.0 = Release|x64
		{61D52942-4A68-428B-AC54-DBDE2D28A8C4}.Release|x86.ActiveCfg = Release|Win32
		{61D52942-4A68-428B-AC54-DBDE2D28A8C4}.Release|x86.Build.0 = Release|Win32
		{98A8DA35-2F32-4B09-B568-5301FD1520CE}.Debug|x64.ActiveCfg = Debug|x64
		{98A8DA35-2F32-4B09-B568-5301FD1520CE}.Debug|x64.Build.0 = Debug|x64
		{98A8DA35-2F32-4B09-B568-5301FD1520CE}.Debug|x86.ActiveCfg = Debug|Win32
		{98A8DA35-2F32-4B09-B568-5301FD1520CE}.Debug|x86.Build.0 = Debug|Win32
		{98A8DA35-2F32-4B09-B568-5301FD1520CE}.Release|x64.ActiveCfg = Release|x64
		{98A8DA35-2F32-4B09-B568-5301FD1520CE}.Release|x64.Build.0 = Release|x64
		{98A8DA35-2F32-4B09-B568-5301FD1520CE}.Release|x86.ActiveCfg = Release|Win32
		{98A8DA35-2F32-4B09-B568-5301FD1520CE}.Release|x86.Build.0 = Release|Win32
		{F02264F2-579C-4B55-AD31-D657F33EB567}.Debug|x64.ActiveCfg = Debug|x64
		{F02264F2-579C-4B55-AD31-D657F33EB567}.Debug|x64.Build.0 = Debug|x64
		{F02264F2-579C-4B55-AD31-D657F33EB567}.Debug|x86.ActiveCfg = Debug|Win32
		{F02264F2-579C-4B55-AD31-D657F33EB567}.Debug|x86.Build.0 = Debug|Win32
		{F02264F2-579C-4B55-AD31-D657F33EB567}.Release|x64.ActiveCfg = Release|x64
		{F02264F2-579C-4B55-AD31-D657F33EB567}.Release|x64.Build.0 = Release|x64
		{F02264F2-579C-4B55-AD31-D657F33EB567}.Release|x86.ActiveCfg = Release|Win32
		{F02264F2-579C-4B55-AD31-D657F33EB567}.Release|x86.Build.0 = Release|Win32
		{0A528B45-CFF4-4B70-9405-A9A80BE03462}.Debug|x64.ActiveCfg = Debug|x64
		{0A528B45-CFF4-4B70-9405-A9A80BE03462}.Debug|x64.Build.0 = Debug|x64
		{0A528B45-CFF4-4B70-9405-A9A80BE03462}.Debug|x86.ActiveCfg = Debug|Win32
		{0A528B45-CFF4-4B70-9405-A9A80BE03462}.Debug|x86.Build.0 = Debug|Win32
		{0A528B45-CFF4-4B70-9405-A9A80BE03462}.Release|x64.ActiveCfg = Release|x64
		{0A528B45-CFF4-4B70-9405-A9A80BE03462}.Release|x64.Build.0 = Release|x64
		{0A528B45-CFF4-4B70-9405-A9A80BE03462}.Release|x86.ActiveCfg = Release|Win32
		{0A528B45-CFF4-4B70-9405-A9A80BE03462}.Release|x86.Build.0 = Release|Win32
		{43047B77-597C-4E57-9252-155C418D10DA}.Debug|x64.ActiveCfg = Debug|x64
		{43047B77-597C-4E57-9252-155C418D10DA}.Debug|x64.Build.0 = Debug|x64
		{43047B77-597C-4E57-9252-155C418D10DA}.Debug|x86.ActiveCfg = Debug|Win32
		{43047B77-597C-4E57-9252-155C418D10DA}.Debug|x86.Build.0 = Debug|Win32
		{43047B77-597C-4E57-9252-155C418D10DA}.Release|x64.ActiveCfg = Release|x64
		{43047B77-597C-4E57-9252-155C418D10DA}.Release|x64.Build.0 = Release|x64
		{43047B77-597C-4E57-9252-155C418D10DA}.Release|x86.ActiveCfg = Release|Win32
		{43047B77-597C-4E57-9252-155C418D10DA}.Release|x86.Build.0 = Release|Win32
		{1D192E98-083B-463B-B84A-187A3C58FE4B}.Debug|x64.ActiveCfg = Debug|x64
		{1D192E98-083B-463B-B84A-187A3C58FE4B}.Debug|x64.Build.0 = Debug|x64
		{1D192E98-083B-463B-B84A-187A3C58FE4B}.Debug|x86.ActiveCfg = Debug|Win32
		{1D192E98-083B-463B-B84A-187A3C58FE4B}.Debug|x86.Build.0 = Debug|Win32
		{1D192E98-083B-463B-B84A-187A3C58FE4B}.Release|x64.ActiveCfg = Release|x64
		{1D192E98-083B-463B-B84A-187A3C58FE4B}.Release|x64.Build.0 = Release|x64
		{1D192E98-083B-463B-B84A-187A3C58FE4B}.Release|x86.ActiveCfg = Release|Win32
		{1D192E98-083B-463B-B84A-187A3C58FE4B}.Release|x86.Build.0 = Release|Win32
		{CC94F3A3-9193-4977-9FB7-9D0232F5999A}.Debug|x64.ActiveCfg = Debug|x64
		{CC94F3A3-9193-4977-9FB7-9D0232F5999A}.Debug|x64.Build.0 = Debug|x64
		{CC94F3A3-9193-4977-9FB7-9D0232F5999A}.Debug|x86.ActiveCfg = Debug|Win32
		{CC94F3A3-9193-4977-9FB7-9D0232F5999A}.Debug|x86.Build.0 = Debug|Win32
		{CC94F3A3-9193-4977-9FB7-9D0232F5999A}.Release|x64.ActiveCfg = Release|x64
		{CC94F3A3-9193-4977-9FB7-9D0232F5999A}.Release|x64.Build.0 = Release|x64
		{CC94F3A3-9193-4977-9FB7-9D0232F5999A}.Release|x86.ActiveCfg = Release|Win32
		{CC94F3A3-9193-4977-9FB7-9D0232F5999A}.Release|x86.Build.0 = Release|Win32
		{9449AB35-62B2-4B9F-906A-61D806BDD408}.Debug|x64.ActiveCfg = Debug|x64
		{9449AB35-62B2-4B9F-906A-61D806BDD408}.Debug|x64.Build.0 = Debug|x64
		{9449AB35-62B2-4B9F-906A-61D806BDD408}.Debug|x86.ActiveCfg = Debug|Win32
		{9449AB35-62B2-4B9F-906A-61D806BDD408}.Debug|x86.Build.0 = Debug|Win32
		{9449AB35-62B2-4B9F-906A-61D806BDD408}.Release|x64.ActiveCfg = Release|x64
		{9449AB35-62B2-4B9F-906A-61D806BDD408}.Release|x64.Build.0 = Release|x64
		{9449AB35-62B2-4B9F-906A-61D806BDD408}.Release|x86.ActiveCfg = Release|Win32
		{9449AB35-62B2-4B9F-906A-61D806BDD408}.Release|x86.Build.0 = Release|Win32
		{2602433A-C233-476A-A429-F867F7985F9F}.Debug|x64.ActiveCfg = Debug|x64
		{2602433A-C233-476A-A429-F867F7985F9F}.Debug|x64.Build.0 = Debug|x64
		{2602433A-C233-476A-A429-F867F7985F9F}.Debug|x86.ActiveCfg = Debug|Win32
		{2602433A-C233-476A-A429-F867F7985F9F}.Debug|x86.Build.0 = Debug|Win32
		{2602433A-C233-476A-A429-F867F7985F9F}.Release|x64.ActiveCfg = Release|x64
		{2602433A-C233-476A-A429-F867F7985F9F}.Release|x64.Build.0 = Release|x64
		{2602433A-C233-476A-A429-F867F7985F9F}.Release|x86.ActiveCfg = Release|Win32
		{2602433A-C233-476A-A429-F867F7985F9F}.Release|x86.Build.0 = Release|Win32
		{F277852F-9450-4150-A59C-A35FFF8D2168}.Debug|x64.ActiveCfg = Debug|x64
		{F277852F-9450-4150-A59C-A35FFF8D2168}.Debug|x64.Build.0 = Debug|x64
		{F277852F-9450-4150-A59C-A35FFF8D2168}.Debug|x86.ActiveCfg = Debug|Win32
		{F277852F-9450-4150-A59C-A35FFF8D2168}.Debug|x86.Build.0 = Debug|Win32
		{F277852F-9450-4150-A59C-A35FFF8D2168}.Release|x64.ActiveCfg = Release|x64
		{F277852F-9450-4150-A59C-A35FFF8D2168}.Release|x64.Build.0 = Release|x64
		{F277852F-9450-4150-A59C-A35FFF8D2168}.Release|x86.ActiveCfg = Release|Win32
		{F277852F-9450-4150-A59C-A35FFF8D2168}.Release|x86.Build.0 = Release|Win32
		{A57FFFD6-A512-4E4C-9A02-6992C49F6511}.Debug|x64.ActiveCfg = Debug|x64
		{A57FFFD6-A512-4E4C-9A02-6992C49F6511}.Debug|x64.Build.0 = Debug|x64
		{A57FFFD6-A512-4E4C-9A02-6992C49F6511}.Debug|x86.ActiveCfg = Debug|Win32
		{A57FFFD6-A512-4E4C-9A02-6992C49F6511}.Debug|x86.Build.0 = Debug|Win32
		{A57FFFD6-A512-4E4C-9A02-6992C49F6511}.Release|x64.ActiveCfg = Release|x64
		{A57FFFD6-A512-4E4C-9A02-6992C49F6511}.Release|x64.Build.0 = Release|x64
		{A57FFFD6-A512-4E4C-9A02-6992C49F6511}.Release|x86.ActiveCfg = Release|Win32
		{A57FFFD6-A512-4E4C-9A02-6992C49F6511}.Release|x86.Build.0 = Release|Win32
		{8F68A417-845B-4AF4-920F-9E5146E9820E}.Debug|x64.ActiveCfg = Debug|x64
		{8F68A417-845B-4AF4-920F-9E5146E9820E}.Debug|x64.Build.0 = Debug|x64
		{8F68A417-845B-4AF4-920F-9E5146E9820E}.Debug|x86.ActiveCfg = Debug|Win32
		{8F68A417-845B-4AF4-920F-9E5146E9820E}.Debug|x86.Build.0 = Debug|Win32
		{8F68A417-845B-4AF4-920F-9E5146E9820E}.Release|x64.ActiveCfg = Release|x64
		{8F68A417-845B-4AF4-920F-9E5146E9820E}.Release|x64.Build.0 = Release|x64
		{8F68A417-845B-4AF4-920F-9E5146E9820E}.Release|x86.ActiveCfg = Release|Win32
		{8F68A417-845B-4AF4-920F-9E5146E9820E}.Release|x86.Build.0 = Release|Win32
		{F6803738-156A-4C14-85D1-C33FC36D7D45}.Debug|x64.ActiveCfg = Debug|x64
		{F6803738-156A-4C14-85D1-C33FC36D7D45}.Debug|x64.Build.0 = Debug|x64
		{F6803738-156A-4C14-85D1-C33FC36D7D45}.Debug|x86.ActiveCfg = Debug|Win32
		{F6803738-156A-4C14-85D1-C33FC36D7D45}.Debug|x86.Build.0 = Debug|Win32
		{F6803738-156A-4C14-85D1-C33FC36D7D45}.Release|x64.ActiveCfg = Release|x64
		{F6803738-156A-4C14-85D1-C33FC36D7D45}.Release|x64.Build.0 = Release|x64
		{F6803738-156A-4C14-85D1-C33FC36D7D45}.Release|x86.ActiveCfg = Release|Win32
		{F6803738-156A-4C14-85D1-C33FC36D7D45}.Release|x86.Build.0 = Release|Win32
		{889F937E-8173-4144-8947-6EA0317ED505}.Debug|x64.ActiveCfg = Debug|x64
		{889F937E-8173-4144-8947-6EA0317ED505}.Debug|x64.Build.0 = Debug|x64
		{889F937E-8173-4144-8947-6EA0317ED505}.Debug|x86.ActiveCfg = Debug|Win32
		{889F937E-8173-4144-8947-6EA0317ED505}.Debug|x86.Build.0 = Debug|Win32
		{889F937E-8173-4144-8947-6EA0317ED505}.Release|x64.ActiveCfg = Release|x64
		{889F937E-8173-4144-8947-6EA0317ED505}.Release|x64.Build.0 = Release|x64
		{889F937E-8173-4144-8947-6EA0317ED505}.Release|x86.ActiveCfg = Release|Win32
		{889F937E-8173-4144-8947-6EA0317ED505}.Release|x86.Build.0 = Release|Win32
		{7B3315CF-71A0-4061-9239-F6D86E00B93F}.Debug|x64.ActiveCfg = Debug|x64
		{7B3315CF-71A0-4061-9239-F6D86E00B93F}.Debug|x64.Build.0 = Debug|x64
		{7B3315CF-71A0-4061-9239-F6D86E00B93F}.Debug|x86.ActiveCfg = Debug|Win32
		{7B3315CF-71A0-4061-9239-F6D86E00B93F}.Debug|x86.Build.0 = Debug|Win32
		{7B3315CF-71A0-4061-9239-F6D86E00B93F}.Release|x64.ActiveCfg = Release|x64
		{7B3315CF-71A0-4061-9239-F6D86E00B93F}.Release|x64.Build.0 = Release|x64
		{7B3315CF-71A0-4061-9239-F6D86E00B93F}.Release|x86.ActiveCfg = Release|Win32
		{7B3315CF-71A0-4061-9239-F6D86E00B93F}.Release|x86.Build.0 = Release|Win32
		{20D17E75-B81F-4372-B470-4A6B74EAF60A}.Debug|x64.ActiveCfg = Debug|x64
		{20D17E75-B81F-4372-B470-4A6B74EAF60A}.Debug|x64.Build.0 = Debug|x64
		{20D17E75-B81F-4372-B470-4A6B74EAF60A}.Debug|x86.ActiveCfg = Debug|Win32
		{20D17E75-B81F-4372-B470-4A6B74EAF60A}.Debug|x86.Build.0 = Debug|Win32
		{20D17E75-B81F-4372-B470-4A6B74EAF60A}.Release|x64.ActiveCfg = Release|x64
		{20D17E75-B81F-4372-B470-4A6B74EAF60A}.Release|x64.Build.0 = Release|x64
		{20D17E75-B81F-4372-B470-4A6B74EAF60A}.Release|x86.ActiveCfg = Release|Win32
		{20D17E75-B81F-4372-B470-4A6B74EAF60A}.Release|x86.Build.0 = Release|Win32
		{ED9B4698-42D4-4706-953C-BEEEB6BC6151}.Debug|x64.ActiveCfg = Debug|x64
		{ED9B4698-42D4-4706-953C-BEEEB6BC6151}.Debug|x64.Build.0 = Debug|x64
		{ED9B4698-42D4-4706-953C-BEEEB6BC6151}.Debug|x86.ActiveCfg = Debug|Win32
		{ED9B4698-42D4-4706-953C-BEEEB6BC6151}.Debug|x86.Build.0 = Debug|Win32
		{ED9B4698-42D4-4706-953C-BEEEB6BC6151}.Release|x64.ActiveCfg = Release|x64
		{ED9B4698-42D4-4706-953C-BEEEB6BC6151}.Release|x64.Build.0 = Release|x64
		{ED9B4698-42D4-4706-953C-BEEEB6BC6151}.Release|x86.ActiveCfg = Release|Win32
		{ED9B4698-42D4-4706-953C-BEEEB6BC6151}.Release|x86.Build.0 = Release|Win32
		{102B1BD7-4949-4188-A6B9-F8E4F0E6724C}.Debug|x64.ActiveCfg = Debug|x64
		{102B1BD7-4949-4188-A6B9-F8E4F0E6724C}.Debug|x64.Build.0 = Debug|x64
		{102B1BD7-4949-4188-A6B9-F8E4F0E6724C}.Debug|x86.ActiveCfg = Debug|Win32
		{102B1BD7-4949-4188-A6B9-F8E4F0E6724C}.Debug|x86.Build.0 = Debug|Win32
		{102B1BD7-4949-4188-A6B9-F8E4F0E6724C}.Release|x64.ActiveCfg = Release|x64
		{102B1BD7-4949-4188-A6B9-F8E4F0E6724C}.Release|x64.Build.0 = Release|x64
		{102B1BD7-4949-4188-A6B9-F8E4F0E6724C}.Release|x86.ActiveCfg = Release|Win32
		{102B1BD7-4949-4188-A6B9-F8E4F0E6724C}.Release|x86.Build.0 = Release|Win32
		{BB4E53A2-F983-4847-90E7-E01A903341F4}.Debug|x64.ActiveCfg = Debug|x64
		{BB4E53A2-F983-4847-90E7-E01A903341F4}.Debug|x64.Build.0 = Debug|x64
		{BB4E53A2-F983-4847-90E7-E01A903341F4}.Debug|x86.ActiveCfg = Debug|Win32
		{BB4E53A2-F983-4847-90E7-E01A903341F4}.Debug|x86.Build.0 = Debug|Win32
		{BB4E53A2-F983-4847-90E7-E01A903341F4}.Release|x64.ActiveCfg = Release|x64
		{BB4E53A2-F983-4847-90E7-E01A903341F4}.Release|x64.Build.0 = Release|x64
		{BB4E53A2-F983-4847-90E7-E01A903341F4}.Release|x86.ActiveCfg = Release|Win32
		{BB4E53A2-F983-4847-90E7-E01A903341F4}.Release|x86.Build.0 = Release|Win32
		{C4278130-EB25-4E8A-A790-978B11D65092}.Debug|x64.ActiveCfg = Debug|x64
		{C4278130-EB25-4E8A-A790-978B11D65092}.Debug|x64.Build.0 = Debug|x64
		{C4278130-EB25-4E8A-A790-978B11D65092}.Debug|x86.ActiveCfg = Debug|Win32
		{C4278130-EB25-4E8A-A790-978B11D65092}.Debug|x86.Build.0 = Debug|Win32
		{C4278130-EB25-4E8A-A790-978B11D65092}.Release|x64.ActiveCfg = Release|x64
		{C4278130-EB25-4E8A-A790-978B11D65092}.Release|x64.Build.0 = Release|x64
		{C4278130-EB25-4E8A-A790-978B11D65092}.Release|x86.ActiveCfg = Release|Win32
		{C4278130-EB25-4E8A-A790-978B11D65092}.Release|x86.Build.0 = Release|Win32
		{4C52F470-7E85-47B8-A0D1-F4CEE6538D65}.Debug|x64.ActiveCfg = Debug|x64
		{4C52F470-7E85-47B8-A0D1-F4CEE6538D65}.Debug|x64.Build.0 = Debug|x64
		{4C52F470-7E85-47B8-A0D1-F4CEE6538D65}.Debug|x86.ActiveCfg = Debug|Win32
		{4C52F470-7E85-47B8-A0D1-F4CEE6538D65}.Debug|x86.Build.0 = Debug|Win32
		{4C52F470-7E85-47B8-A0D1-F4CEE6538D65}.Release|x64.ActiveCfg = Release|x64
		{4C52F470-7E85-47B8-A0D1-F4CEE6538D65}.Release|x64.Build.0 = Release|x64
		{4C52F470-7E85-47B8-A0D1-F4CEE6538D65}.Release|x86.ActiveCfg = Release|Win32
		{4C52F470-7E85-47B8-A0D1-F4CEE6538D65}.Release|x86.Build.0 = Release|Win32
		{F2818CB5-D14D-44A5-A810-DC963481F0DC}.Debug|x64.ActiveCfg = Debug|x64
		{F2818CB5-D14D-44A5-A810-DC963481F0DC}.Debug|x64.Build.0 = Debug|x64
		{F2818CB5-D14D-44A5-A810-DC963481F0DC}.Debug|x86.ActiveCfg = Debug|Win32
		{F2818CB5-D14D-44A5-A810-DC963481F0DC}.Debug|x86.Build.0 = Debug|Win32
		{F2818CB5-D14D-44A5-A810-DC963481F0DC}.Release|x64.ActiveCfg = Release|x64
		{F2818CB5-D14D-44A5-A810-DC963481F0DC}.Release|x64.Build.0 = Release|x64
		{F2818CB5-D14D-44A5-A810-DC963481F0DC}.Release|x86.ActiveCfg = Release|Win32
		{F2818CB5-D14D-44A5-A810-DC963481F0DC}.Release|x86.Build.0 = Release|Win32
		{5136BD9F-3A0C-4630-9B59-F250AE50E0DF}.Debug|x64.ActiveCfg = Debug|x64
		{5136BD9F-3A0C-4630-9B59-F250AE50E0DF}.Debug|x64.Build.0 = Debug|x64
		{5136BD9F-3A0C-4630-9B59-F250AE50E0DF}.Debug|x86.ActiveCfg = Debug|Win32
		{5136BD9F-3A0C-4630-9B59-F250AE50E0DF}.Debug|x86.Build.0 = Debug|Win32
		{5136BD9F-3A0C-4630-9B59-F250AE50E0DF}.Release|x64.ActiveCfg = Release|x64
		{5136BD9F-3A0C-4630-9B59-F250AE50E0DF}.Release|x64.Build.0 = Release|x64
		{5136BD9F-3A0C-4630-9B59-F250AE50E0DF}.Release|x86.ActiveCfg = Release|Win32
		{5136BD9F-3A0C-4630-9B59-F250AE50E0DF}.Release|x86.Build.0 = Release|Win32
		{7AB68B89-EB86-4B3E-A8A2-C4FD7CA243A4}.Debug|x64.ActiveCfg = Debug|x64
		{7AB68B89-EB86-4B3E-A8A2-C4FD7CA243A4}.Debug|x64.Build.0 = Debug|x64
		{7AB68B89-EB86-4B3E-A8A2-C4FD7CA243A4}.Debug|x86.ActiveCfg = Debug|Win32
		{7AB68B89-EB86-4B3E-A8A2-C4FD7CA243A4}.Debug|x86.Build.0 = Debug|Win32
		{7AB68B89-EB86-4B3E-A8A2-C4FD7CA243A4}.Release|x64.ActiveCfg = Release|x64
		{7AB68B89-EB86-4B3E-A8A2-C4FD7CA243A4}.Release|x64.Build.0 = Release|x64
		{7AB68B89-EB86-4B3E-A8A2-C4FD7CA243A4}.Release|x86.ActiveCfg = Release|Win32
		{7AB68B89-EB86-4B3E-A8A2-C4FD7CA243A4}.Release|x86.Build.0 = Release|Win32
		{4205DA99-27D9-499B-865C-46151EAAAF29}.Debug|x64.ActiveCfg = Debug|x64
		{4205DA99-27D9-499B-865C-46151EAAAF29}.Debug|x64.Build.0 = Debug|x64
		{4205DA99-27D9-499B-865C-46151EAAAF29}.Debug|x86.ActiveCfg = Debug|Win32
		{4205DA99-27D9-499B-865C-46151EAAAF29}.Debug|x86.Build.0 = Debug|Win32
		{4205DA99-27D9-499B-865C-46151EAAAF29}.Release|x64.ActiveCfg = Release|x64
		{4205DA99-27D9-499B-865C-46151EAAAF29}.Release|x64.Build.0 = Release|x64
		{4205DA99-27D9-499B-865C-46151EAAAF29}.Release|x86.ActiveCfg = Release|Win32
		{4205DA99-27D9-499B-865C-46151EAAAF29}.Release|x86.Build.0 = Release|Win32
		{F9C56EE2-AABE-4C57-AF58-B10B62DF4486}.Debug|x64.ActiveCfg = Debug|x64
		{F9C56EE2-AABE-4C57-AF58-B10B62DF4486}.Debug|x64.Build.0 = Debug|x64
		{F9C56EE2-AABE-4C57-AF58-B10B62DF4486}.Debug|x86.ActiveCfg = Debug|Win32
		{F9C56EE2-AABE-4C57-AF58-B10B62DF4486}.Debug|x86.Build.0 = Debug|Win32
		{F9C56EE2-AABE-4C57-AF58-B10B62DF4486}.Release|x64.ActiveCfg = Release|x64
		{F9C56EE2-AABE-4C57-AF58-B10B62DF4486}.Release|x64.Build.0 = Release|x64
		{F9C56EE2-AABE-4C57-AF58-B10B62DF4486}.Release|x86.ActiveCfg = Release|Win32
		{F9C56EE2-AABE-4C57-AF58-B10B62DF4486}.Release|x86.Build.0 = Release|Win32
		{3B143712-DDE0-4B76-9162-1EC69C7D175F}.Debug|x64.ActiveCfg = Debug|x64
		{3B143712-DDE0-4B76-9162-1EC69C7D175F}.Debug|x64.Build.0 = Debug|x64
		{3B143712-DDE0-4B76-9162-1EC69C7D175F}.Debug|x86.ActiveCfg = Debug|Win32
		{3B143712-DDE0-4B76-9162-1EC69C7D175F}.Debug|x86.Build.0 = Debug|Win32
		{3B143712-DDE0-4B76-9162-1EC69C7D175F}.Release|x64.ActiveCfg = Release|x64
		{3B143712-DDE0-4B76-9162-1EC69C7D175F}.Release|x64.Build.0 = Release|x64
		{3B143712-DDE0-4B76-9162-1EC69C7D175F}.Release|x86.ActiveCfg = Release|Win32
		{3B143712-DDE0-4B76-9162-1EC69C7D175F}.Release|x86.Build.0 = Release|Win32
		{3DFB572F-7E31-4104-ACA5-008502345522}.Debug|x64.ActiveCfg = Debug|x64
		{3DFB572F-7E31-4104-ACA5-008502345522}.Debug|x64.Build.0 = Debug|x64
		{3DFB572F-7E31-4104-ACA5-008502345522}.Debug|x86.ActiveCfg = Debug|Win32
		{3DFB572F-7E31-4104-ACA5-008502345522}.Debug|x86.Build.0 = Debug|Win32
		{3DFB572F-7E31-4104-ACA5-008502345522}.Release|x64.ActiveCfg = Release|x64
		{3DFB572F-7E31-4104-ACA5-008502345522}.Release|x64.Build.0 = Release|x64
		{3DFB572F-7E31-4104-ACA5-008502345522}.Release|x86.ActiveCfg = Release|Win32
		{3DFB572F-7E31-4104-ACA5-008502345522}.Release|x86.Build.0 = Release|Win32
		{399DBC84-4D30-4A8C-8CA8-4563B2AF7350}.Debug|x64.ActiveCfg = Debug|x64
		{399DBC84-4D30-4A8C-8CA8-4563B2AF7350}.Debug|x64.Build.0 = Debug|x64
		{399DBC84-4D30-4A8C-8CA8-4563B2AF7350}.Debug|x86.ActiveCfg = Debug|Win32
		{399DBC84-4D30-4A8C-8CA8-4563B2AF7350}.Debug|x86.Build.0 = Debug|Win32
		{399DBC84-4D30-4A8C-8CA8-4563B2AF7350}.Release|x64.ActiveCfg = Release|x64
		{399DBC84-4D30-4A8C-8CA8-4563B2AF7350}.Release|x64.Build.0 = Release|x64
		{399DBC84-4D30-4A8C-8CA8-4563B2AF7350}.Release|x86.ActiveCfg = Release|Win32
		{399DBC84-4D30-4A8C-8CA8-4563B2AF7350}.Release|x86.Build.0 = Release|Win32
		{1030DA07-5C56-4B89-8C73-1B0F9DDFC200}.Debug|x64.ActiveCfg = Debug|x64
		{1030DA07-5C56-4B89-8C73-1B0F9DDFC200}.Debug|x64.Build.0 = Debug|x64
		{1030DA07-5C56-4B89-8C73-1B0F9DDFC200}.Debug|x86.ActiveCfg = Debug|Win32
		{1030DA07-5C56-4B89-8C73-1B0F9DDFC200}.Debug|x86.Build.0 = Debug|Win32
		{1030DA07-5C56-4B89-8C73-1B0F9DDFC200}.Release|x64.ActiveCfg = Release|x64
		{1030DA07-5C56-4B89-8C73-1B0F9DDFC200}.Release|x64.Build.0 = Release|x64
		{1030DA07-5C56-4B89-8C73-1B0F9DDFC200}.Release|x86.ActiveCfg = Release|Win32
		{1030DA07-5C56-4B89-8C73-1B0F9DDFC200}.Release|x86.Build.0 = Release|Win32
		{DFE620C8-5F90-4A69-8348-A3F432490D19}.Debug|x64.ActiveCfg = Debug|x64
		{DFE620C8-5F90-4A69-8348-A3F432490D19}.Debug|x64.Build.0 = Debug|x64
		{DFE620C8-5F90-4A69-8348-A3F432490D19}.Debug|x86.ActiveCfg = Debug|Win32
		{DFE620C8-5F90-4A69-8348-A3F432490D19}.Debug|x86.Build.0 = Debug|Win32
		{DFE620C8-5F90-4A69-8348-A3F432490D19}.Release|x64.ActiveCfg = Release|x64
		{DFE620C8-5F90-4A69-8348-A3F432490D19}.Release|x64.Build.0 = Release|x64
		{DFE620C8-5F90-4A69-8348-A3F432490D19}.Release|x86.ActiveCfg = Release|Win32
		{DFE620C8-5F90-4A69-8348-A3F432490D19}.Release|x86.Build.0 = Release|Win32
		{FCBD4EE3-AACD-4462-9D20-BF61D60D289A}.Debug|x64.ActiveCfg = Debug|x64
		{FCBD4EE3-AACD-4462-9D20-BF61D60D289A}.Debug|x64.Build.0 = Debug|x64
		{FCBD4EE3-AACD-4462-9D20-BF61D60D289A}.Debug|x86.ActiveCfg = Debug|Win32
		{FCBD4EE3-AACD-4462-9D20-BF61D60D289A}.Debug|x86.Build.0 = Debug|Win32
		{FCBD4EE3-AACD-4462-9D20-BF61D60D289A}.Release|x64.ActiveCfg = Release|x64
		{FCBD4EE3-AACD-4462-9D20-BF61D60D289A}.Release|x64.Build.0 = Release|x64
		{FCBD4EE3-AACD-4462-9D20-BF61D60D289A}.Release|x86.ActiveCfg = Release|Win32
		{FCBD4EE3-AACD-4462-9D20-BF61D60D289A}.Release|x86.Build.0 = Release|Win32
		{22F26F75-CD9D-462A-AB51-955C07736310}.Debug|x64.ActiveCfg = Debug|x64
		{22F26F75-CD9D-462A-AB51-955C07736310}.Debug|x64.Build.0 = Debug|x64
		{22F26F75-CD9D-462A-AB51-955C07736310}.Debug|x86.ActiveCfg = Debug|Win32
		{22F26F75-CD9D-462A-AB51-955C07736310}.Debug|x86.Build.0 = Debug|Win32
		{22F26F75-CD9D-462A-AB51-955C07736310}.Release|x64.ActiveCfg = Release|x64
		{22F26F75-CD9D-462A-AB51-955C07736310}.Release|x64.Build.0 = Release|x64
		{22F26F75-CD9D-462A-AB51-955C07736310}.Release|x86.ActiveCfg = Release|Win32
		{22F26F75-CD9D-462A-AB51-955C07736310}.Release|x86.Build.0 = Release|Win32
		{06C14ED0-AFFE-422D-A5BE-F4DA5195234D}.Debug|x64.ActiveCfg = Debug|x64
		{06C14ED0-AFFE-422D-A5BE-F4DA5195234D}.Debug|x64.Build.0 = Debug|x64
		{06C14ED0-AFFE-422D-A5BE-F4DA5195234D}.Debug|x86.ActiveCfg = Debug|Win32
		{06C14ED0-AFFE-422D-A5BE-F4DA5195234D}.Debug|x86.Build.0 = Debug|Win32
		{06C14ED0-AFFE-422D-A5BE-F4DA5195234D}.Release|x64.ActiveCfg = Release|x64
		{06C14ED0-AFFE-422D-A5BE-F4DA5195234D}.Release|x64.Build.0 = Release|x64
		{06C14ED0-AFFE-422D-A5BE-F4DA5195234D}.Release|x86.ActiveCfg = Release|Win32
		{06C14ED0-AFFE-422D-A5BE-F4DA5195234D}.Release|x86.Build.0 = Release|Win32
		{36D1C37D-3C44-4B05-A4EF-084BE575DAFA}.Debug|x64.ActiveCfg = Debug|x64
		{36D1C37D-3C44-4B05-A4EF-084BE575DAFA}.Debug|x64.Build.0 = Debug|x64
		{36D1C37D-3C44-4B05-A4EF-084BE575DAFA}.Debug|x86.ActiveCfg = Debug|Win32
		{36D1C37D-3C44-4B05-A4EF-084BE575DAFA}.Debug|x86.Build.0 = Debug|Win32
		{36D1C37D-3C44-4B05-A4EF-084BE575DAFA}.Release|x64.ActiveCfg = Release|x64
		{36D1C37D-3C44-4B05-A4EF-084BE575DAFA}.Release|x64.Build.0 = Release|x64
		{36D1C37D-3C44-4B05-A4EF-084BE575DAFA}.Release|x86.ActiveCfg = Release|Win32
		{36D1C37D-3C44-4B05-A4EF-084BE575DAFA}.Release|x86.Build.0 = Release|Win32
		{40185AD4-D2C2-47EF-8E8D-5D8831553402}.Debug|x64.ActiveCfg = Debug|x64
		{40185AD4-D2C2-47EF-8E8D-5D8831553402}.Debug|x64.Build.0 = Debug|x64
		{40185AD4-D2C2-47EF-8E8D-5D8831553402}.Debug|x86.ActiveCfg = Debug|Win32
		{40185AD4-D2C2-47EF-8E8D-5D8831553402}.Debug|x86.Build.0 = Debug|Win32
		{40185AD4-D2C2-47EF-8E8D-5D8831553402}.Release|x64.ActiveCfg = Release|x64
		{40185AD4-D2C2-47EF-8E8D-5D8831553402}.Release|x64.Build.0 = Release|x64
		{40185AD4-D2C2-47EF-8E8D-5D8831553402}.Release|x86.ActiveCfg = Release|Win32
		{40185AD4-D2C2-47EF-8E8D-5D8831553402}.Release|x86.Build.0 = Release|Win32
		{773CB207-0AA4-44F0-8DBE-7EA0E10DE0CA}.Debug|x64.ActiveCfg = Debug|x64
		{773CB207-0AA4-44F0-8DBE-7EA0E10DE0CA}.Debug|x64.Build.0 = Debug|x64
		{773CB207-0AA4-44F0-8DBE-7EA0E10DE0CA}.Debug|x86.ActiveCfg = Debug|Win32
		{773CB207-0AA4-44F0-8DBE-7EA0E10DE0CA}.Debug|x86.Build.0 = Debug|Win32
		{773CB207-0AA4-44F0-8DBE-7EA0E10DE0CA}.Release|x64.ActiveCfg = Release|x64
		{773CB207-0AA4-44F0-8DBE-7EA0E10DE0CA}.Release|x64.Build.0 = Release|x64
		{773CB207-0AA4-44F0-8DBE-7EA0E10DE0CA}.Release|x86.ActiveCfg = Release|Win32
		{773CB207-0AA4-44F0-8DBE-7EA0E10DE0CA}.Release|x86.Build.0 = Release|Win32
		{7976234A-A234-4F1D-B76C-168125835690}.Debug|x64.ActiveCfg = Debug|x64
		{7976234A-A234-4F1D-B76C-168125835690}.Debug|x64.Build.0 = Debug|x64
		{7976234A-A234-4F1D-B76C-168125835690}.Debug|x86.ActiveCfg = Debug|Win32
		{7976234A-A234-4F1D-B76C-168125835690}.Debug|x86.Build.0 = Debug|Win32
		{7976234A-A234-4F1D-B76C-168125835690}.Release|x64.ActiveCfg = Release|x64
		{7976234A-A234-4F1D-B76C-168125835690}.Release|x64.Build.0 = Release|x64
		{7976234A-A234-4F1D-B76C-168125835690}.Release|x86.ActiveCfg = Release|Win32
		{7976234A-A234-4F1D-B76C-168125835690}.Release|x86.Build.0 = Release|Win32
		{A6A216D6-E9F5-4EC4-8D0F-1AD553BD6753}.Debug|x64.ActiveCfg = Debug|x64
		{A6A216D6-E9F5-4EC4-8D0F-1AD553BD6753}.Debug|x64.Build.0 = Debug|x64
		{A6A216D6-E9F5-4EC4-8D0F-1AD553BD6753}.Debug|x86.ActiveCfg = Debug|Win32
		{A6A216D6-E9F5-4EC4-8D0F-1AD553BD6753}.Debug|x86.Build.0 = Debug|Win32
		{A6A216D6-E9F5-4EC4-8D0F-1AD553BD6753}.Release|x64.ActiveCfg = Release|x64
		{A6A216D6-E9F5-4EC4-8D0F-1AD553BD6753}.Release|x64.Build.0 = Release|x64
		{A6A216D6-E9F5-4EC4-8D0F-1AD553BD6753}.Release|x86.ActiveCfg = Release|Win32
		{A6A216D6-E9F5-4EC4-8D0F-1AD553BD6753}.Release|x86.Build.0 = Release|Win32
		{4ADF538F-F87C-4B07-8936-B6F2871E6407}.Debug|x64.ActiveCfg = Debug|x64
		{4ADF538F-F87C-4B07-8936-B6F2871E6407}.Debug|x64.Build.0 = Debug|x64
		{4ADF538F-F87C-4B07-8936-B6F2871E6407}.Debug|x86.ActiveCfg = Debug|Win32
		{4ADF538F-F87C-4B07-8936-B6F2871E6407}.Debug|x86.Build.0 = Debug|Win32
		{4ADF538F-F87C-4B07-8936-B6F2871E6407}.Release|x64.ActiveCfg = Release|x64
		{4ADF538F-F87C-4B07-8936-B6F2871E6407}.Release|x64.Build.0 = Release|x64
		{4ADF538F-F87C-4B07-8936-B6F2871E6407}.Release|x86.ActiveCfg = Release|Win32
		{4ADF538F-F87C-4B07-8936-B6F2871E6407}.Release|x86.Build.0 = Release|Win32
		{9A6104E5-D123-49FE-BFD5-51A0AAD8124F}.Debug|x64.ActiveCfg = Debug|x64
		{9A6104E5-D123-49FE-BFD5-51A0AAD8124F}.Debug|x64.Build.0 = Debug|x64
		{9A6104E5-D123-49FE-BFD5-51A0AAD8124F}.Debug|x86.ActiveCfg = Debug|Win32
		{9A6104E5-D123-49FE-BFD5-51A0AAD8124F}.Debug|x86.Build.0 = Debug|Win32
		{9A6104E5-D123-49FE-BFD5-51A0AAD8124F}.Release|x64.ActiveCfg = Release|x64
		{9A6104E5-D123-49FE-BFD5-51A0AAD8124F}.Release|x64.Build.0 = Release|x64
		{9A6104E5-D123-49FE-BFD5-51A0AAD8124F}.Release|x86.ActiveCfg = Release|Win32
		{9A6104E5-D123-49FE-BFD5-51A0AAD8124F}.Release|x86.Build.0 = Release|Win32
		{05DD6819-C9EB-4000-89E1-66D464B8C727}.Debug|x64.ActiveCfg = Debug|x64
		{05DD6819-C9EB-4000-89E1-66D464B8C727}.Debug|x64.Build.0 = Debug|x64
		{05DD6819-C9EB-4000-89E1-66D464B8C727}.Debug|x86.ActiveCfg = Debug|Win32
		{05DD6819-C9EB-4000-89E1-66D464B8C727}.Debug|x86.Build.0 = Debug|Win32
		{05DD6819-C9EB-4000-89E1-66D464B8C727}.Release|x64.ActiveCfg = Release|x64
		{05DD6819-C9EB-4000-89E1-66D464B8C727}.Release|x64.Build.0 = Release|x64
		{05DD6819-C9EB-4000-89E1-66D464B8C727}.Release|x86.ActiveCfg = Release|Win32
		{05DD6819-C9EB-4000-89E1-66D464B8C727}.Release|x86.Build.0 = Release|Win32
		{655BF26C-647B-48ED-9F36-82A53AFDEDA3}.Debug|x64.ActiveCfg = Debug|x64
		{655BF26C-647B-48ED-9F36-82A53AFDEDA3}.Debug|x64.Build.0 = Debug|x64
		{655BF26C-647B-48ED-9F36-82A53AFDEDA3}.Debug|x86.ActiveCfg = Debug|Win32
		{655BF26C-647B-48ED-9F36-82A53AFDEDA3}.Debug|x86.Build.0 = Debug|Win32
		{655BF26C-647B-48ED-9F36-82A53AFDEDA3}.Release|x64.ActiveCfg = Release|x64
		{655BF26C-647B-48ED-9F36-82A53AFDEDA3}.Release|x64.Build.0 = Release|x64
		{655BF26C-647B-48ED-9F36-82A53AFDEDA3}.Release|x86.ActiveCfg = Release|Win32
		{655BF26C-647B-48ED-9F36-82A53AFDEDA3}.Release|x86.Build.0 = Release|Win32
		{9A40F73C-2C6D-4BA1-8216-E283CD79C8CB}.Debug|x64.ActiveCfg = Debug|x64
		{9A40F73C-2C6D-4BA1-8216-E283CD79C8CB}.Debug|x64.Build.0 = Debug|x64
		{9A40F73C-2C6D-4BA1-8216-E283CD79C8CB}.Debug|x86.ActiveCfg = Debug|Win32
		{9A40F73C-2C6D-4BA1-8216-E283CD79C8CB}.Debug|x86.Build.0 = Debug|Win32
		{9A40F73C-2C6D-4BA1-8216-E283CD79C8CB}.Release|x64.ActiveCfg = Release|x64
		{9A40F73C-2C6D-4BA1-8216-E283CD79C8CB}.Release|x64.Build.0 = Release|x64
		{9A40F73C-2C6D-4BA1-8216-E283CD79C8CB}.Release|x86.ActiveCfg = Release|Win32
		{9A40F73C-2C6D-4BA1-8216-E283CD79C8CB}.Release|x86.Build.0 = Release|Win32
		{9BF497DB-991B-4FB9-8ED2-685C4648683A}.Debug|x64.ActiveCfg = Debug|x64
		{9BF497DB-991B-4FB9-8ED2-685C4648683A}.Debug|x64.Build.0 = Debug|x64
		{9BF497DB-991B-4FB9-8ED2-685C4648683A}.Debug|x86.ActiveCfg = Debug|Win32
		{9BF497DB-991B-4FB9-8ED2-685C4648683A}.Debug|x86.Build.0 = Debug|Win32
		{9BF497DB-991B-4FB9-8ED2-685C4648683A}.Release|x64.ActiveCfg = Release|x64
		{9BF497DB-991B-4FB9-8ED2-685C4648683A}.Release|x64.Build.0 = Release|x64
		{9BF497DB-991B-4FB9-8ED2-685C4648683A}.Release|x86.ActiveCfg = Release|Win32
		{9BF497DB-991B-4FB9-8ED2-685C4648683A}.Release|x86.Build.0 = Release|Win32
		{63D6E70D-AEDC-4FA8-AC49-F81EBA41A35E}.Debug|x64.ActiveCfg = Debug|x64
		{63D6E70D-AEDC-4FA8-AC49-F81EBA41A35E}.Debug|x64.Build.0 = Debug|x64
		{63D6E70D-AEDC-4FA8-AC49-F81EBA41A35E}.Debug|x86.ActiveCfg = Debug|Win32
		{63D6E70D-AEDC-4FA8-AC49-F81EBA41A35E}.Debug|x86.Build.0 = Debug|Win32
		{63D6E70D-AEDC-4FA8-AC49-F81EBA41A35E}.Release|x64.ActiveCfg = Release|x64
		{63D6E70D-AEDC-4FA8-AC49-F81EBA41A35E}.Release|x64.Build.0 = Release|x64
		{63D6E70D-AEDC-4FA8-AC49-F81EBA41A35E}.Release|x86.ActiveCfg = Release|Win32
		{63D6E70D-AEDC-4FA8-AC49-F81EBA41A35E}.Release|x86.Build.0 = Release|Win32
		{D202B590-62FE-45E4-AF1A-4E8CC4B5DBB7}.Debug|x64.ActiveCfg = Debug|x64
		{D202B590-62FE-45E4-AF1A-4E8CC4B5DBB7}.Debug|x64.Build.0 = Debug|x64
		{D202B590-62FE-45E4-AF1A-4E8CC4B5DBB7}.Debug|x86.ActiveCfg = Debug|Win32
		{D202B590-62FE-45E4-AF1A-4E8CC4B5DBB7}.Debug|x86.Build.0 = Debug|Win32
		{D202B590-62FE-45E4-AF1A-4E8CC4B5DBB7}.Release|x64.ActiveCfg = Release|x64
		{D202B590-62FE-45E4-AF1A-4E8CC4B5DBB7}.Release|x64.Build.0 = Release|x64
		{D202B590-62FE-45E4-AF1A-4E8CC4B5DBB7}.Release|x86.ActiveCfg = Release|Win32
		{D202B590-62FE-45E4-AF1A-4E8CC4B5DBB7}.Release|x86.Build.0 = Release|Win32
		{16FA0385-86C3-4100-928B-17972C3BC42F}.Debug|x64.ActiveCfg = Debug|x64
		{16FA0385-86C3-4100-928B-17972C3BC42F}.Debug|x64.Build.0 = Debug|x64
		{16FA0385-86C3-4100-928B-17972C3BC42F}.Debug|x86.ActiveCfg = Debug|Win32
		{16FA0385-86C3-4100-928B-17972C3BC42F}.Debug|x86.Build.0 = Debug|Win32
		{16FA0385-86C3-4100-928B-17972C3BC42F}.Release|x64.ActiveCfg = Release|x64
		{16FA0385-86C3-4100-928B-17972C3BC42F}.Release|x64.Build.0 = Release|x64
		{16FA0385-86C3-4100-928B-17972C3BC42F}.Release|x86.ActiveCfg = Release|Win32
		{16FA0385-86C3-4100-928B-17972C3BC42F}.Release|x86.Build.0 = Release|Win32
		{12170DCC-548C-46B0-ADDD-44170E176404}.Debug|x64.ActiveCfg = Debug|x64
		{12170DCC-548C-46B0-ADDD-44170E176404}.Debug|x64.Build.0 = Debug|x64
		{12170DCC-548C-46B0-ADDD-44170E176404}.Debug|x86.ActiveCfg = Debug|Win32
		{12170DCC-548C-46B0-ADDD-44170E176404}.Debug|x86.Build.0 = Debug|Win32
		{12170DCC-548C-46B0-ADDD-44170E176404}.Release|x64.ActiveCfg = Release|x64
		{12170DCC-548C-46B0-ADDD-44170E176404}.Release|x64.Build.0 = Release|x64
		{12170DCC-548C-46B0-ADDD-44170E176404}.Release|x86.ActiveCfg = Release|Win32
		{12170DCC-548C-46B0-ADDD-44170E176404}.Release|x86.Build.0 = Release|Win32
		{8138994D-1A2C-4A02-BEF7-1DAB476B9231}.Debug|x64.ActiveCfg = Debug|x64
		{8138994D-1A2C-4A02-BEF7-1DAB476B9231}.Debug|x64.Build.0 = Debug|x64
		{8138994D-1A2C-4A02-BEF7-1DAB476B9231}.Debug|x86.ActiveCfg = Debug|Win32
		{8138994D-1A2C-4A02-BEF7-1DAB476B9231}.Debug|x86.Build.0 = Debug|Win32
		{8138994D-1A2C-4A02-BEF7-1DAB476B9231}.Release|x64.ActiveCfg = Release|x64
		{8138994D-1A2C-4A02-BEF7-1DAB476B9231}.Release|x64.Build.0 = Release|x64
		{8138994D-1A2C-4A02-BEF7-1DAB476B9231}.Release|x86.ActiveCfg = Release|Win32
		{8138994D-1A2C-4A02-BEF7-1DAB476B9231}.Release|x86.Build.0 = Release|Win32
		{4CE8D68D-18B9-4DA1-BA02-FF36EE96639B}.Debug|x64.ActiveCfg = Debug|x64
		{4CE8D68D-18B9-4DA1-BA02-FF36EE96639B}.Debug|x64.Build.0 = Debug|x64
		{4CE8D68D-18B9-4DA1-BA02-FF36EE96639B}.Debug|x86.ActiveCfg = Debug|Win32
		{4CE8D68D-18B9-4DA1-BA02-FF36EE96639B}.Debug|x86.Build.0 = Debug|Win32
		{4CE8D68D-18B9-4DA1-BA02-FF36EE96639B}.Release|x64.ActiveCfg = Release|x64
		{4CE8D68D-18B9-4DA1-BA02-FF36EE96639B}.Release|x64.Build.0 = Release|x64
		{4CE8D68D-18B9-4DA1-BA02-FF36EE96639B}.Release|x86.ActiveCfg = Release|Win32
		{4CE8D68D-18B9-4DA1-BA02-FF36EE96639B}.Release|x86.Build.0 = Release|Win32
		{A354C076-2E5A-4B29-9FB5-6917A3A9E0D8}.Debug|x64.ActiveCfg = Debug|x64
		{A354C076-2E5A-4B29-9FB5-6917A3A9E0D8}.Debug|x64.Build.0 = Debug|x64
		{A354C076-2E5A-4B29-9FB5-6917A3A9E0D8}.Debug|x86.ActiveCfg = Debug|Win32
		{A354C076-2E5A-4B29-9FB5-6917A3A9E0D8}.Debug|x86.Build.0 = Debug|Win32
		{A354C076-2E5A-4B29-9FB5-6917A3A9E0D8}.Release|x64.ActiveCfg = Release|x64
		{A354C076-2E5A-4B29-9FB5-6917A3A9E0D8}.Release|x64.Build.0 = Release|x64
		{A354C076-2E5A-4B29-9FB5-6917A3A9E0D8}.Release|x86.ActiveCfg = Release|Win32
		{A354C076-2E5A-4B29-9FB5-6917A3A9E0D8}.Release|x86.Build.0 = Release|Win32
		{4751B89B-E496-4280-B617-2773382D8A61}.Debug|x64.ActiveCfg = Debug|x64
		{4751B89B-E496-4280-B617-2773382D8A61}.Debug|x64.Build.0 = Debug|x64
		{4751B89B-E496-4280-B617-2773382D8A61}.Debug|x86.ActiveCfg = Debug|Win32
		{4751B89B-E496-4280-B617-2773382D8A61}.Debug|x86.Build.0 = Debug|Win32
		{4751B89B-E496-4280-B617-2773382D8A61}.Release|x64.ActiveCfg = Release|x64
		{4751B89B-E496-4280-B617-2773382D8A61}.Release|x64.Build.0 = Release|x64
		{4751B89B-E496-4280-B617-2773382D8A61}.Release|x86.ActiveCfg = Release|Win32
		{4751B89B-E496-4280-B617-2773382D8A61}.Release|x86.Build.0 = Release|Win32
		{74643994-3393-4E1B-88DA-69DE34263022}.Debug|x64.ActiveCfg = Debug|x64
		{74643994-3393-4E1B-88DA-69DE34263022}.Debug|x64.Build.0 = Debug|x64
		{74643994-3393-4E1B-88DA-69DE34263022}.Debug|x86.ActiveCfg = Debug|Win32
		{74643994-3393-4E1B-88DA-69DE34263022}.Debug|x86.Build.0 = Debug|Win32
		{74643994-3393-4E1B-88DA-69DE34263022}.Release|x64.ActiveCfg = Release|x64
		{74643994-3393-4E1B-88DA-69DE34263022}.Release|x64.Build.0 = Release|x64
		{74643994-3393-4E1B-88DA-69DE34263022}.Release|x86.ActiveCfg = Release|Win32
		{74643994-3393-4E1B-88DA-69DE34263022}.Release|x86.Build.0 = Release|Win32
		{13C1A524-9664-4DF3-9547-937E8F415E2D}.Debug|x64.ActiveCfg = Debug|x64
		{13C1A524-9664-4DF3-9547-937E8F415E2D}.Debug|x64.Build.0 = Debug|x64
		{13C1A524-9664-4DF3-9547-937E8F415E2D}.Debug|x86.ActiveCfg = Debug|Win32
		{13C1A524-9664-4DF3-9547-937E8F415E2D}.Debug|x86.Build.0 = Debug|Win32
		{13C1A524-9664-4DF3-9547-937E8F415E2D}.Release|x64.ActiveCfg = Release|x64
		{13C1A524-9664-4DF3-9547-937E8F415E2D}.Release|x64.Build.0 = Release|x64
		{13C1A524-9664-4DF3-9547-937E8F415E2D}.Release|x86.ActiveCfg = Release|Win32
		{13C1A524-9664-4DF3-9547-937E8F415E2D}.Release|x86.Build.0 = Release|Win32
		{74A9DF25-0303-4F67-B21C-2D2B0F9D5BF7}.Debug|x64.ActiveCfg = Debug|x64
		{74A9DF25-0303-4F67-B21C-2D2B0F9D5BF7}.Debug|x64.Build.0 = Debug|x64
		{74A9DF25-0303-4F67-B21C-2D2B0F9D5BF7}.Debug|x86.ActiveCfg = Debug|Win32
		{74A9DF25-0303-4F67-B21C-2D2B0F9D5BF7}.Debug|x86.Build.0 = Debug|Win32
		{74A9DF25-0303-4F67-B21C-2D2B0F9D5BF7}.Release|x64.ActiveCfg = Release|x64
		{74A9DF25-0303-4F67-B21C-2D2B0F9D5BF7}.Release|x64.Build.0 = Release|x64
		{74A9DF25-0303-4F67-B21C-2D2B0F9D5BF7}.Release|x86.ActiveCfg = Release|Win32
		{74A9DF25-0303-4F67-B21C-2D2B0F9D5BF7}.Release|x86.Build.0 = Release|Win32
		{1FB9CAD9-6A0C-4DD3-8246-EE8DC980EE1D}.Debug|x64.ActiveCfg = Debug|x64
		{1FB9CAD9-6A0C-4DD3-8246-EE8DC980EE1D}.Debug|x64.Build.0 = Debug|x64
		{1FB9CAD9-6A0C-4DD3-8246-EE8DC980EE1D}.Debug|x86.ActiveCfg = Debug|Win32
		{1FB9CAD9-6A0C-4DD3-8246-EE8DC980EE1D}.Debug|x86.Build.0 = Debug|Win32
		{1FB9CAD9-6A0C-4DD3-8246-EE8DC980EE1D}.Release|x64.ActiveCfg = Release|x64
		{1FB9CAD9-6A0C-4DD3-8246-EE8DC980EE1D}.Release|x64.Build.0 = Release|x64
		{1FB9CAD9-6A0C-4DD3-8246-EE8DC980EE1D}.Release|x86.ActiveCfg = Release|Win32
		{1FB9CAD9-6A0C-4DD3-8246-EE8DC980EE1D}.Release|x86.Build.0 = Release|Win32
		{97CFF99A-87D4-4D38-8266-BCE42987C0AA}.Debug|x64.ActiveCfg = Debug|x64
		{97CFF99A-87D4-4D38-8266-BCE42987C0AA}.Debug|x64.Build.0 = Debug|x64
		{97CFF99A-87D4-4D38-8266-BCE42987C0AA}.Debug|x86.ActiveCfg = Debug|Win32
		{97CFF99A-87D4-4D38-8266-BCE42987C0AA}.Debug|x86.Build.0 = Debug|Win32
		{97CFF99A-87D4-4D38-8266-BCE42987C0AA}.Release|x64.ActiveCfg = Release|x64
		{97CFF99A-87D4-4D38-8266-BCE42987C0AA}.Release|x64.Build.0 = Release|x64
		{97CFF99A-87D4-4D38-8266-BCE42987C0AA}.Release|x86.ActiveCfg = Release|Win32
		{97CFF99A-87D4-4D38-8266-BCE42987C0AA}.Release|x86.Build.0 = Release|Win32
		{7187D562-65B7-4AEB-96DA-1A9C08733E92}.Debug|x64.ActiveCfg = Debug|x64
		{7187D562-65B7-4AEB-96DA-1A9C08733E92}.Debug|x64.Build.0 = Debug|x64
		{7187D562-65B7-4AEB-96DA-1A9C08733E92}.Debug|x86.ActiveCfg = Debug|Win32
		{7187D562-65B7-4AEB-96DA-1A9C08733E92}.Debug|x86.Build.0 = Debug|Win32
		{7187D562-65B7-4AEB-96DA-1A9C08733E92}.Release|x64.ActiveCfg = Release|x64
		{7187D562-65B7-4AEB-96DA-1A9C08733E92}.Release|x64.Build.0 = Release|x64
		{7187D562-65B7-4AEB-96DA-1A9C08733E92}.Release|x86.ActiveCfg = Release|Win32
		{7187D562-65B7-4AEB-96DA-1A9C08733E92}.Release|x86.Build.0 = Release|Win32
		{53581AA4-17BE-4239-A5DF-25031B976599}.Debug|x64.ActiveCfg = Debug|x64
		{53581AA4-17BE-4239-A5DF-25031B976599}.Debug|x64.Build.0 = Debug|x64
		{53581AA4-17BE-4239-A5DF-25031B976599}.Debug|x86.ActiveCfg = Debug|Win32
		{53581AA4-17BE-4239-A5DF-25031B976599}.Debug|x86.Build.0 = Debug|Win32
		{53581AA4-17BE-4239-A5DF-25031B976599}.Release|x64.ActiveCfg = Release|x64
		{53581AA4-17BE-4239-A5DF-25031B976599}.Release|x64.Build.0 = Release|x64
		{53581AA4-17BE-4239-A5DF-25031B976599}.Release|x86.ActiveCfg = Release|Win32
		{53581AA4-17BE-4239-A5DF-25031B976599}.Release|x86.Build.0 = Release|Win32
		{9362B737-693D-49F1-85B1-931301905FAB}.Debug|x64.ActiveCfg = Debug|x64
		{9362B737-693D-49F1-85B1-931301905FAB}.Debug|x64.Build.0 = Debug|x64
		{9362B737-693D-49F1-85B1-931301905FAB}.Debug|x86.ActiveCfg = Debug|Win32
		{9362B737-693D-49F1-85B1-931301905FAB}.Debug|x86.Build.0 = Debug|Win32
		{9362B737-693D-49F1-85B1-931301905FAB}.Release|x64.ActiveCfg = Release|x64
		{9362B737-693D-49F1-85B1-931301905FAB}.Release|x64.Build.0 = Release|x64
		{9362B737-693D-49F1-85B1-931301905FAB}.Release|x86.ActiveCfg = Release|Win32
		{9362B737-693D-49F1-85B1-931301905FAB}.Release|x86.Build.0 = Release|Win32
		{28EA0D05-BF9A-4FB6-B094-01A084EACDE0}.Debug|x64.ActiveCfg = Debug|x64
		{28EA0D05-BF9A-4FB6-B094-01A084EACDE0}.Debug|x64.Build.0 = Debug|x64
		{28EA0D05-BF9A-4FB6-B094-01A084EACDE0}.Debug|x86.ActiveCfg = Debug|Win32
		{28EA0D05-BF9A-4FB6-B094-01A084EACDE0}.Debug|x86.Build.0 = Debug|Win32
		{28EA0D05-BF9A-4FB6-B094-01A084EACDE0}.Release|x64.ActiveCfg = Release|x64
		{28EA0D05-BF9A-4FB6-B094-01A084EACDE0}.Release|x64.Build.0 = Release|x64
		{28EA0D05-BF9A-4FB6-B094-01A084EACDE0}.Release|x86.ActiveCfg = Release|Win32
		{28EA0D05-BF9A-4FB6-B094-01A084EACDE0}.Release|x86.Build.0 = Release|Win32
		{812750D3-95D9-41C6-BC52-671B53C5743F}.Debug|x64.ActiveCfg = Debug|x64
		{812750D3-95D9-41C6-BC52-671B53C5743F}.Debug|x64.Build.0 = Debug|x64
		{812750D3-95D9-41C6-BC52-671B53C5743F}.Debug|x86.ActiveCfg = Debug|Win32
		{812750D3-95D9-41C6-BC52-671B53C5743F}.Debug|x86.Build.0 = Debug|Win32
		{812750D3-95D9-41C6-BC52-671B53C5743F}.Release|x64.ActiveCfg = Release|x64
		{812750D3-95D9-41C6-BC52-671B53C5743F}.Release|x64.Build.0 = Release|x64
		{812750D3-95D9-41C6-BC52-671B53C5743F}.Release|x86.ActiveCfg = Release|Win32
		{812750D3-95D9-41C6-BC52-671B53C5743F}.Release|x86.Build.0 = Release|Win32
		{E8F48410-A2F6-47E8-91C4-CFE42A9E8D69}.Debug|x64.ActiveCfg = Debug|x64
		{E8F48410-A2F6-47E8-91C4-CFE42A9E8D69}.Debug|x64.Build.0 = Debug|x64
		{E8F48410-A2F6-47E8-91C4-CFE42A9E8D69}.Debug|x86.ActiveCfg = Debug|Win32
		{E8F48410-A2F6-47E8-91C4-CFE42A9E8D69}.Debug|x86.Build.0 = Debug|Win32
		{E8F48410-A2F6-47E8-91C4-CFE42A9E8D69}.Release|x64.ActiveCfg = Release|x64
		{E8F48410-A2F6-47E8-91C4-CFE42A9E8D69}.Release|x64.Build.0 = Release|x64
		{E8F48410-A2F6-47E8-91C4-CFE42A9E8D69}.Release|x86.ActiveCfg = Release|Win32
		{E8F48410-A2F6-47E8-91C4-CFE42A9E8D69}.Release|x86.Build.0 = Release|Win32
		{F9D75139-C0CC-482E-B41A-D68F5422287B}.Debug|x64.ActiveCfg = Debug|x64
		{F9D75139-C0CC-482E-B41A-D68F5422287B}.Debug|x64.Build.0 = Debug|x64
		{F9D75139-C0CC-482E-B41A-D68F5422287B}.Debug|x86.ActiveCfg = Debug|Win32
		{F9D75139-C0CC-482E-B41A-D68F5422287B}.Debug|x86.Build.0 = Debug|Win32
		{F9D75139-C0CC-482E-B41A-D68F5422287B}.Release|x64.ActiveCfg = Release|x64
		{F9D75139-C0CC-482E-B41A-D68F5422287B}.Release|x64.Build.0 = Release|x64
		{F9D75139-C0CC-482E-B41A-D68F5422287B}.Release|x86.ActiveCfg = Release|Win32
		{F9D75139-C0CC-482E-B41A-D68F5422287B}.Release|x86.Build.0 = Release|Win32
		{AC2B24D6-B02C-4415-A289-76DD38CC79DB}.Debug|x64.ActiveCfg = Debug|x64
		{AC2B24D6-B02C-4415-A289-76DD38CC79DB}.Debug|x64.Build.0 = Debug|x64
		{AC2B24D6-B02C-4415-A289-76DD38CC79DB}.Debug|x86.ActiveCfg = Debug|Win32
		{AC2B24D6-B02C-4415-A289-76DD38CC79DB}.Debug|x86.Build.0 = Debug|Win32
		{AC2B24D6-B02C-4415-A289-76DD38CC79DB}.Release|x64.ActiveCfg = Release|x64
		{AC2B24D6-B02C-4415-A289-76DD38CC79DB}.Release|x64.Build.0 = Release|x64
		{AC2B24D6-B02C-4415-A289-76DD38CC79DB}.Release|x86.ActiveCfg = Release|Win32
		{AC2B24D6-B02C-4415-A289-76DD38CC79DB}.Release|x86.Build.0 = Release|Win32
		{33AC2704-E23C-4116-8C45-01EC83A75336}.Debug|x64.ActiveCfg = Debug|x64
		{33AC2704-E23C-4116-8C45-01EC83A75336}.Debug|x64.Build.0 = Debug|x64
		{33AC2704-E23C-4116-8C45-01EC83A75336}.Debug|x86.ActiveCfg = Debug|Win32
		{33AC2704-E23C-4116-8C45-01EC83A75336}.Debug|x86.Build.0 = Debug|Win32
		{33AC2704-E23C-4116-8C45-01EC83A75336}.Release|x64.ActiveCfg = Release|x64
		{33AC2704-E23C-4116-8C45-01EC83A75336}.Release|x64.Build.0 = Release|x64
		{33AC2704-E23C-4116-8C45-01EC83A75336}.Release|x86.ActiveCfg = Release|Win32
		{33AC2704-E23C-4116-8C45-01EC83A75336}.Release|x86.Build.0 = Release|Win32
		{43E5A71D-69B9-4344-8863-168EBD01C95C}.Debug|x64.ActiveCfg = Debug|x64
		{43E5A71D-69B9-4344-8863-168EBD01C95C}.Debug|x64.Build.0 = Debug|x64
		{43E5A71D-69B9-4344-8863-168EBD01C95C}.Debug|x86.ActiveCfg = Debug|Win32
		{43E5A71D-69B9-4344-8863-168EBD01C95C}.Debug|x86.Build.0 = Debug|Win32
		{43E5A71D-69B9-4344-8863-168EBD01C95C}.Release|x64.ActiveCfg = Release|x64
		{43E5A71D-69B9-4344-8863-168EBD01C95C}.Release|x64.Build.0 = Release|x64
		{43E5A71D-69B9-4344-8863-168EBD01C95C}.Release|x86.ActiveCfg = Release|Win32
		{43E5A71D-69B9-4344-8863-168EBD01C95C}.Release|x86.Build.0 = Release|Win32
		{C8BE50CD-2C3C-490F-A8A7-1B05C11F639D}.Debug|x64.ActiveCfg = Debug|x64
		{C8BE50CD-2C3C-490F-A8A7-1B05C11F639D}.Debug|x64.Build.0 = Debug|x64
		{C8BE50CD-2C3C-490F-A8A7-1B05C11F639D}.Debug|x86.ActiveCfg = Debug|Win32
		{C8BE50CD-2C3C-490F-A8A7-1B05C11F639D}.Debug|x86.Build.0 = Debug|Win32
		{C8BE50CD-2C3C-490F-A8A7-1B05C11F639D}.Release|x64.ActiveCfg = Release|x64
		{C8BE50CD-2C3C-490F-A8A7-1B05C11F639D}.Release|x64.Build.0 = Release|x64
		{C8BE50CD-2C3C-490F-A8A7-1B05C11F639D}.Release|x86.ActiveCfg = Release|Win32
		{C8BE50CD-2C3C-490F-A8A7-1B05C11F639D}.Release|x86.Build.0 = Release|Win32
		{C575C55E-C1F7-4332-956E-447EDE6EAAC5}.Debug|x64.ActiveCfg = Debug|x64
		{C575C55E-C1F7-4332-956E-447EDE6EAAC5}.Debug|x64.Build.0 = Debug|x64
		{C575C55E-C1F7-4332-956E-447EDE6EAAC5}.Debug|x86.ActiveCfg = Debug|Win32
		{C575C55E-C1F7-4332-956E-447EDE6EAAC5}.Debug|x86.Build.0 = Debug|Win32
		{C575C55E-C1F7-4332-956E-447EDE6EAAC5}.Release|x64.ActiveCfg = Release|x64
		{C575C55E-C1F7-4332-956E-447EDE6EAAC5}.Release|x64.Build.0 = Release|x64
		{C575C55E-C1F7-4332-956E-447EDE6EAAC5}.Release|x86.ActiveCfg = Release|Win32
		{C575C55E-C1F7-4332-956E-447EDE6EAAC5}.Release|x86.Build.0 = Release|Win32
		{A5EEA483-1DDE-48CA-9E80-675ED71C87EF}.Debug|x64.ActiveCfg = Debug|x64
		{A5EEA483-1DDE-48CA-9E80-675ED71C87EF}.Debug|x64.Build.0 = Debug|x64
		{A5EEA483-1DDE-48CA-9E80-675ED71C87EF}.Debug|x86.ActiveCfg = Debug|Win32
		{A5EEA483-1DDE-48CA-9E80-675ED71C87EF}.Debug|x86.Build.0 = Debug|Win32
		{A5EEA483-1DDE-48CA-9E80-675ED71C87EF}.Release|x64.ActiveCfg = Release|x64
		{A5EEA483-1DDE-48CA-9E80-675ED71C87EF}.Release|x64.Build.0 = Release|x64
		{A5EEA483-1DDE-48CA-9E80-675ED71C87EF}.Release|x86.ActiveCfg = Release|Win32
		{A5EEA483-1DDE-48CA-9E80-675ED71C87EF}.Release|x86.Build.0 = Release|Win32
	EndGlobalSection
	GlobalSection(SolutionProperties) = preSolution
		HideSolutionNode = FALSE
	EndGlobalSection
	GlobalSection(ExtensibilityGlobals) = postSolution
		SolutionGuid = {845BC6A6-D332-4E89-A0F9-C4DF69CC2BDF}
	EndGlobalSection
EndGlobal
