
Microsoft Visual Studio Solution File, Format Version 12.00
# Visual Studio Version 16
VisualStudioVersion = 16.0.31025.194
MinimumVisualStudioVersion = 10.0.40219.1
Project("{8BC9CEB8-8B4A-11D0-8D11-00A0C91BC942}") = "m1", "m1\m1.vcxproj", "{9DE7E2E9-8838-44EE-BCE6-C8F4D2E716F9}"
EndProject
Project("{8BC9CEB8-8B4A-11D0-8D11-00A0C91BC942}") = "m2", "m2\m2.vcxproj", "{BAD36919-02B9-4C42-9804-40342A4FF703}"
EndProject
Project("{8BC9CEB8-8B4A-11D0-8D11-00A0C91BC942}") = "m3", "m3\m3.vcxproj", "{B4DD739C-4421-4B55-9BDF-33C50A95E1CF}"
EndProject
Project("{8BC9CEB8-8B4A-11D0-8D11-00A0C91BC942}") = "m4", "m4\m4.vcxproj", "{14377A24-CA07-4703-9848-794B7CE5E8F1}"
EndProject
Project("{8BC9CEB8-8B4A-11D0-8D11-00A0C91BC942}") = "M5", "M5\M5.vcxproj", "{9379130E-82E3-4548-AA45-24C53C6C26DE}"
EndProject
Project("{8BC9CEB8-8B4A-11D0-8D11-00A0C91BC942}") = "m5-2", "m5-2\m5-2.vcxproj", "{287F4B50-66BD-4842-A73A-7489AEEA4F8C}"
EndProject
Project("{8BC9CEB8-8B4A-11D0-8D11-00A0C91BC942}") = "m6", "m6\m6.vcxproj", "{A4791949-1661-45F5-A71C-D6A1D0A89C27}"
EndProject
Project("{8BC9CEB8-8B4A-11D0-8D11-00A0C91BC942}") = "m7", "m7\m7.vcxproj", "{BC43E289-7FB4-44A4-8CC4-5B400CD1BCDD}"
EndProject
Global
	GlobalSection(SolutionConfigurationPlatforms) = preSolution
		Debug|x64 = Debug|x64
		Debug|x86 = Debug|x86
		Release|x64 = Release|x64
		Release|x86 = Release|x86
	EndGlobalSection
	GlobalSection(ProjectConfigurationPlatforms) = postSolution
		{9DE7E2E9-8838-44EE-BCE6-C8F4D2E716F9}.Debug|x64.ActiveCfg = Debug|x64
		{9DE7E2E9-8838-44EE-BCE6-C8F4D2E716F9}.Debug|x64.Build.0 = Debug|x64
		{9DE7E2E9-8838-44EE-BCE6-C8F4D2E716F9}.Debug|x86.ActiveCfg = Debug|Win32
		{9DE7E2E9-8838-44EE-BCE6-C8F4D2E716F9}.Debug|x86.Build.0 = Debug|Win32
		{9DE7E2E9-8838-44EE-BCE6-C8F4D2E716F9}.Release|x64.ActiveCfg = Release|x64
		{9DE7E2E9-8838-44EE-BCE6-C8F4D2E716F9}.Release|x64.Build.0 = Release|x64
		{9DE7E2E9-8838-44EE-BCE6-C8F4D2E716F9}.Release|x86.ActiveCfg = Release|Win32
		{9DE7E2E9-8838-44EE-BCE6-C8F4D2E716F9}.Release|x86.Build.0 = Release|Win32
		{BAD36919-02B9-4C42-9804-40342A4FF703}.Debug|x64.ActiveCfg = Debug|x64
		{BAD36919-02B9-4C42-9804-40342A4FF703}.Debug|x64.Build.0 = Debug|x64
		{BAD36919-02B9-4C42-9804-40342A4FF703}.Debug|x86.ActiveCfg = Debug|Win32
		{BAD36919-02B9-4C42-9804-40342A4FF703}.Debug|x86.Build.0 = Debug|Win32
		{BAD36919-02B9-4C42-9804-40342A4FF703}.Release|x64.ActiveCfg = Release|x64
		{BAD36919-02B9-4C42-9804-40342A4FF703}.Release|x64.Build.0 = Release|x64
		{BAD36919-02B9-4C42-9804-40342A4FF703}.Release|x86.ActiveCfg = Release|Win32
		{BAD36919-02B9-4C42-9804-40342A4FF703}.Release|x86.Build.0 = Release|Win32
		{B4DD739C-4421-4B55-9BDF-33C50A95E1CF}.Debug|x64.ActiveCfg = Debug|x64
		{B4DD739C-4421-4B55-9BDF-33C50A95E1CF}.Debug|x64.Build.0 = Debug|x64
		{B4DD739C-4421-4B55-9BDF-33C50A95E1CF}.Debug|x86.ActiveCfg = Debug|Win32
		{B4DD739C-4421-4B55-9BDF-33C50A95E1CF}.Debug|x86.Build.0 = Debug|Win32
		{B4DD739C-4421-4B55-9BDF-33C50A95E1CF}.Release|x64.ActiveCfg = Release|x64
		{B4DD739C-4421-4B55-9BDF-33C50A95E1CF}.Release|x64.Build.0 = Release|x64
		{B4DD739C-4421-4B55-9BDF-33C50A95E1CF}.Release|x86.ActiveCfg = Release|Win32
		{B4DD739C-4421-4B55-9BDF-33C50A95E1CF}.Release|x86.Build.0 = Release|Win32
		{14377A24-CA07-4703-9848-794B7CE5E8F1}.Debug|x64.ActiveCfg = Debug|x64
		{14377A24-CA07-4703-9848-794B7CE5E8F1}.Debug|x64.Build.0 = Debug|x64
		{14377A24-CA07-4703-9848-794B7CE5E8F1}.Debug|x86.ActiveCfg = Debug|Win32
		{14377A24-CA07-4703-9848-794B7CE5E8F1}.Debug|x86.Build.0 = Debug|Win32
		{14377A24-CA07-4703-9848-794B7CE5E8F1}.Release|x64.ActiveCfg = Release|x64
		{14377A24-CA07-4703-9848-794B7CE5E8F1}.Release|x64.Build.0 = Release|x64
		{14377A24-CA07-4703-9848-794B7CE5E8F1}.Release|x86.ActiveCfg = Release|Win32
		{14377A24-CA07-4703-9848-794B7CE5E8F1}.Release|x86.Build.0 = Release|Win32
		{9379130E-82E3-4548-AA45-24C53C6C26DE}.Debug|x64.ActiveCfg = Debug|x64
		{9379130E-82E3-4548-AA45-24C53C6C26DE}.Debug|x64.Build.0 = Debug|x64
		{9379130E-82E3-4548-AA45-24C53C6C26DE}.Debug|x86.ActiveCfg = Debug|Win32
		{9379130E-82E3-4548-AA45-24C53C6C26DE}.Debug|x86.Build.0 = Debug|Win32
		{9379130E-82E3-4548-AA45-24C53C6C26DE}.Release|x64.ActiveCfg = Release|x64
		{9379130E-82E3-4548-AA45-24C53C6C26DE}.Release|x64.Build.0 = Release|x64
		{9379130E-82E3-4548-AA45-24C53C6C26DE}.Release|x86.ActiveCfg = Release|Win32
		{9379130E-82E3-4548-AA45-24C53C6C26DE}.Release|x86.Build.0 = Release|Win32
		{287F4B50-66BD-4842-A73A-7489AEEA4F8C}.Debug|x64.ActiveCfg = Debug|x64
		{287F4B50-66BD-4842-A73A-7489AEEA4F8C}.Debug|x64.Build.0 = Debug|x64
		{287F4B50-66BD-4842-A73A-7489AEEA4F8C}.Debug|x86.ActiveCfg = Debug|Win32
		{287F4B50-66BD-4842-A73A-7489AEEA4F8C}.Debug|x86.Build.0 = Debug|Win32
		{287F4B50-66BD-4842-A73A-7489AEEA4F8C}.Release|x64.ActiveCfg = Release|x64
		{287F4B50-66BD-4842-A73A-7489AEEA4F8C}.Release|x64.Build.0 = Release|x64
		{287F4B50-66BD-4842-A73A-7489AEEA4F8C}.Release|x86.ActiveCfg = Release|Win32
		{287F4B50-66BD-4842-A73A-7489AEEA4F8C}.Release|x86.Build.0 = Release|Win32
		{A4791949-1661-45F5-A71C-D6A1D0A89C27}.Debug|x64.ActiveCfg = Debug|x64
		{A4791949-1661-45F5-A71C-D6A1D0A89C27}.Debug|x64.Build.0 = Debug|x64
		{A4791949-1661-45F5-A71C-D6A1D0A89C27}.Debug|x86.ActiveCfg = Debug|Win32
		{A4791949-1661-45F5-A71C-D6A1D0A89C27}.Debug|x86.Build.0 = Debug|Win32
		{A4791949-1661-45F5-A71C-D6A1D0A89C27}.Release|x64.ActiveCfg = Release|x64
		{A4791949-1661-45F5-A71C-D6A1D0A89C27}.Release|x64.Build.0 = Release|x64
		{A4791949-1661-45F5-A71C-D6A1D0A89C27}.Release|x86.ActiveCfg = Release|Win32
		{A4791949-1661-45F5-A71C-D6A1D0A89C27}.Release|x86.Build.0 = Release|Win32
		{BC43E289-7FB4-44A4-8CC4-5B400CD1BCDD}.Debug|x64.ActiveCfg = Debug|x64
		{BC43E289-7FB4-44A4-8CC4-5B400CD1BCDD}.Debug|x64.Build.0 = Debug|x64
		{BC43E289-7FB4-44A4-8CC4-5B400CD1BCDD}.Debug|x86.ActiveCfg = Debug|Win32
		{BC43E289-7FB4-44A4-8CC4-5B400CD1BCDD}.Debug|x86.Build.0 = Debug|Win32
		{BC43E289-7FB4-44A4-8CC4-5B400CD1BCDD}.Release|x64.ActiveCfg = Release|x64
		{BC43E289-7FB4-44A4-8CC4-5B400CD1BCDD}.Release|x64.Build.0 = Release|x64
		{BC43E289-7FB4-44A4-8CC4-5B400CD1BCDD}.Release|x86.ActiveCfg = Release|Win32
		{BC43E289-7FB4-44A4-8CC4-5B400CD1BCDD}.Release|x86.Build.0 = Release|Win32
	EndGlobalSection
	GlobalSection(SolutionProperties) = preSolution
		HideSolutionNode = FALSE
	EndGlobalSection
	GlobalSection(ExtensibilityGlobals) = postSolution
		SolutionGuid = {70366564-BBFC-495F-8AD5-18B047FA35CA}
	EndGlobalSection
EndGlobal
