
Microsoft Visual Studio Solution File, Format Version 12.00
# Visual Studio Version 16
VisualStudioVersion = 16.0.31025.194
MinimumVisualStudioVersion = 10.0.40219.1
Project("{8BC9CEB8-8B4A-11D0-8D11-00A0C91BC942}") = "m1", "m1\m1.vcxproj", "{18803C89-8BFE-45D4-BFA3-116CC750EC2C}"
EndProject
Project("{8BC9CEB8-8B4A-11D0-8D11-00A0C91BC942}") = "m2", "m2\m2.vcxproj", "{F090EF1E-5553-499A-82A1-5A22C6985BDB}"
EndProject
Project("{8BC9CEB8-8B4A-11D0-8D11-00A0C91BC942}") = "m3", "m3\m3.vcxproj", "{1A6DEDDD-5825-44F5-B3EF-39D080E65E6C}"
EndProject
Project("{8BC9CEB8-8B4A-11D0-8D11-00A0C91BC942}") = "m4", "m4\m4.vcxproj", "{DD1D4A7B-8CE9-41DE-80A7-30541A7E46FA}"
EndProject
Project("{8BC9CEB8-8B4A-11D0-8D11-00A0C91BC942}") = "m5", "m5\m5.vcxproj", "{1B530FE6-524A-477E-B7F3-991BF943E328}"
EndProject
Project("{8BC9CEB8-8B4A-11D0-8D11-00A0C91BC942}") = "m6", "m6\m6.vcxproj", "{A17C14F0-43FF-4DA6-9B68-D15F9AB4C700}"
EndProject
Project("{8BC9CEB8-8B4A-11D0-8D11-00A0C91BC942}") = "m7", "m7\m7.vcxproj", "{095E5288-B68A-4C7B-9F21-9E26CF5F90B0}"
EndProject
Project("{8BC9CEB8-8B4A-11D0-8D11-00A0C91BC942}") = "m8", "m8\m8.vcxproj", "{475E2E14-BB92-46D4-8031-0E22FC492BD6}"
EndProject
Project("{8BC9CEB8-8B4A-11D0-8D11-00A0C91BC942}") = "m9", "m9\m9.vcxproj", "{93C58987-04A5-47F3-94D4-172EFDA05471}"
EndProject
Global
	GlobalSection(SolutionConfigurationPlatforms) = preSolution
		Debug|x64 = Debug|x64
		Debug|x86 = Debug|x86
		Release|x64 = Release|x64
		Release|x86 = Release|x86
	EndGlobalSection
	GlobalSection(ProjectConfigurationPlatforms) = postSolution
		{18803C89-8BFE-45D4-BFA3-116CC750EC2C}.Debug|x64.ActiveCfg = Debug|x64
		{18803C89-8BFE-45D4-BFA3-116CC750EC2C}.Debug|x64.Build.0 = Debug|x64
		{18803C89-8BFE-45D4-BFA3-116CC750EC2C}.Debug|x86.ActiveCfg = Debug|Win32
		{18803C89-8BFE-45D4-BFA3-116CC750EC2C}.Debug|x86.Build.0 = Debug|Win32
		{18803C89-8BFE-45D4-BFA3-116CC750EC2C}.Release|x64.ActiveCfg = Release|x64
		{18803C89-8BFE-45D4-BFA3-116CC750EC2C}.Release|x64.Build.0 = Release|x64
		{18803C89-8BFE-45D4-BFA3-116CC750EC2C}.Release|x86.ActiveCfg = Release|Win32
		{18803C89-8BFE-45D4-BFA3-116CC750EC2C}.Release|x86.Build.0 = Release|Win32
		{F090EF1E-5553-499A-82A1-5A22C6985BDB}.Debug|x64.ActiveCfg = Debug|x64
		{F090EF1E-5553-499A-82A1-5A22C6985BDB}.Debug|x64.Build.0 = Debug|x64
		{F090EF1E-5553-499A-82A1-5A22C6985BDB}.Debug|x86.ActiveCfg = Debug|Win32
		{F090EF1E-5553-499A-82A1-5A22C6985BDB}.Debug|x86.Build.0 = Debug|Win32
		{F090EF1E-5553-499A-82A1-5A22C6985BDB}.Release|x64.ActiveCfg = Release|x64
		{F090EF1E-5553-499A-82A1-5A22C6985BDB}.Release|x64.Build.0 = Release|x64
		{F090EF1E-5553-499A-82A1-5A22C6985BDB}.Release|x86.ActiveCfg = Release|Win32
		{F090EF1E-5553-499A-82A1-5A22C6985BDB}.Release|x86.Build.0 = Release|Win32
		{1A6DEDDD-5825-44F5-B3EF-39D080E65E6C}.Debug|x64.ActiveCfg = Debug|x64
		{1A6DEDDD-5825-44F5-B3EF-39D080E65E6C}.Debug|x64.Build.0 = Debug|x64
		{1A6DEDDD-5825-44F5-B3EF-39D080E65E6C}.Debug|x86.ActiveCfg = Debug|Win32
		{1A6DEDDD-5825-44F5-B3EF-39D080E65E6C}.Debug|x86.Build.0 = Debug|Win32
		{1A6DEDDD-5825-44F5-B3EF-39D080E65E6C}.Release|x64.ActiveCfg = Release|x64
		{1A6DEDDD-5825-44F5-B3EF-39D080E65E6C}.Release|x64.Build.0 = Release|x64
		{1A6DEDDD-5825-44F5-B3EF-39D080E65E6C}.Release|x86.ActiveCfg = Release|Win32
		{1A6DEDDD-5825-44F5-B3EF-39D080E65E6C}.Release|x86.Build.0 = Release|Win32
		{DD1D4A7B-8CE9-41DE-80A7-30541A7E46FA}.Debug|x64.ActiveCfg = Debug|x64
		{DD1D4A7B-8CE9-41DE-80A7-30541A7E46FA}.Debug|x64.Build.0 = Debug|x64
		{DD1D4A7B-8CE9-41DE-80A7-30541A7E46FA}.Debug|x86.ActiveCfg = Debug|Win32
		{DD1D4A7B-8CE9-41DE-80A7-30541A7E46FA}.Debug|x86.Build.0 = Debug|Win32
		{DD1D4A7B-8CE9-41DE-80A7-30541A7E46FA}.Release|x64.ActiveCfg = Release|x64
		{DD1D4A7B-8CE9-41DE-80A7-30541A7E46FA}.Release|x64.Build.0 = Release|x64
		{DD1D4A7B-8CE9-41DE-80A7-30541A7E46FA}.Release|x86.ActiveCfg = Release|Win32
		{DD1D4A7B-8CE9-41DE-80A7-30541A7E46FA}.Release|x86.Build.0 = Release|Win32
		{1B530FE6-524A-477E-B7F3-991BF943E328}.Debug|x64.ActiveCfg = Debug|x64
		{1B530FE6-524A-477E-B7F3-991BF943E328}.Debug|x64.Build.0 = Debug|x64
		{1B530FE6-524A-477E-B7F3-991BF943E328}.Debug|x86.ActiveCfg = Debug|Win32
		{1B530FE6-524A-477E-B7F3-991BF943E328}.Debug|x86.Build.0 = Debug|Win32
		{1B530FE6-524A-477E-B7F3-991BF943E328}.Release|x64.ActiveCfg = Release|x64
		{1B530FE6-524A-477E-B7F3-991BF943E328}.Release|x64.Build.0 = Release|x64
		{1B530FE6-524A-477E-B7F3-991BF943E328}.Release|x86.ActiveCfg = Release|Win32
		{1B530FE6-524A-477E-B7F3-991BF943E328}.Release|x86.Build.0 = Release|Win32
		{A17C14F0-43FF-4DA6-9B68-D15F9AB4C700}.Debug|x64.ActiveCfg = Debug|x64
		{A17C14F0-43FF-4DA6-9B68-D15F9AB4C700}.Debug|x64.Build.0 = Debug|x64
		{A17C14F0-43FF-4DA6-9B68-D15F9AB4C700}.Debug|x86.ActiveCfg = Debug|Win32
		{A17C14F0-43FF-4DA6-9B68-D15F9AB4C700}.Debug|x86.Build.0 = Debug|Win32
		{A17C14F0-43FF-4DA6-9B68-D15F9AB4C700}.Release|x64.ActiveCfg = Release|x64
		{A17C14F0-43FF-4DA6-9B68-D15F9AB4C700}.Release|x64.Build.0 = Release|x64
		{A17C14F0-43FF-4DA6-9B68-D15F9AB4C700}.Release|x86.ActiveCfg = Release|Win32
		{A17C14F0-43FF-4DA6-9B68-D15F9AB4C700}.Release|x86.Build.0 = Release|Win32
		{095E5288-B68A-4C7B-9F21-9E26CF5F90B0}.Debug|x64.ActiveCfg = Debug|x64
		{095E5288-B68A-4C7B-9F21-9E26CF5F90B0}.Debug|x64.Build.0 = Debug|x64
		{095E5288-B68A-4C7B-9F21-9E26CF5F90B0}.Debug|x86.ActiveCfg = Debug|Win32
		{095E5288-B68A-4C7B-9F21-9E26CF5F90B0}.Debug|x86.Build.0 = Debug|Win32
		{095E5288-B68A-4C7B-9F21-9E26CF5F90B0}.Release|x64.ActiveCfg = Release|x64
		{095E5288-B68A-4C7B-9F21-9E26CF5F90B0}.Release|x64.Build.0 = Release|x64
		{095E5288-B68A-4C7B-9F21-9E26CF5F90B0}.Release|x86.ActiveCfg = Release|Win32
		{095E5288-B68A-4C7B-9F21-9E26CF5F90B0}.Release|x86.Build.0 = Release|Win32
		{475E2E14-BB92-46D4-8031-0E22FC492BD6}.Debug|x64.ActiveCfg = Debug|x64
		{475E2E14-BB92-46D4-8031-0E22FC492BD6}.Debug|x64.Build.0 = Debug|x64
		{475E2E14-BB92-46D4-8031-0E22FC492BD6}.Debug|x86.ActiveCfg = Debug|Win32
		{475E2E14-BB92-46D4-8031-0E22FC492BD6}.Debug|x86.Build.0 = Debug|Win32
		{475E2E14-BB92-46D4-8031-0E22FC492BD6}.Release|x64.ActiveCfg = Release|x64
		{475E2E14-BB92-46D4-8031-0E22FC492BD6}.Release|x64.Build.0 = Release|x64
		{475E2E14-BB92-46D4-8031-0E22FC492BD6}.Release|x86.ActiveCfg = Release|Win32
		{475E2E14-BB92-46D4-8031-0E22FC492BD6}.Release|x86.Build.0 = Release|Win32
		{93C58987-04A5-47F3-94D4-172EFDA05471}.Debug|x64.ActiveCfg = Debug|x64
		{93C58987-04A5-47F3-94D4-172EFDA05471}.Debug|x64.Build.0 = Debug|x64
		{93C58987-04A5-47F3-94D4-172EFDA05471}.Debug|x86.ActiveCfg = Debug|Win32
		{93C58987-04A5-47F3-94D4-172EFDA05471}.Debug|x86.Build.0 = Debug|Win32
		{93C58987-04A5-47F3-94D4-172EFDA05471}.Release|x64.ActiveCfg = Release|x64
		{93C58987-04A5-47F3-94D4-172EFDA05471}.Release|x64.Build.0 = Release|x64
		{93C58987-04A5-47F3-94D4-172EFDA05471}.Release|x86.ActiveCfg = Release|Win32
		{93C58987-04A5-47F3-94D4-172EFDA05471}.Release|x86.Build.0 = Release|Win32
	EndGlobalSection
	GlobalSection(SolutionProperties) = preSolution
		HideSolutionNode = FALSE
	EndGlobalSection
	GlobalSection(ExtensibilityGlobals) = postSolution
		SolutionGuid = {64AFB2C3-FFDB-45A1-BD88-3F1F299A9879}
	EndGlobalSection
EndGlobal
