
Microsoft Visual Studio Solution File, Format Version 12.00
# Visual Studio Version 16
VisualStudioVersion = 16.0.31025.194
MinimumVisualStudioVersion = 10.0.40219.1
Project("{8BC9CEB8-8B4A-11D0-8D11-00A0C91BC942}") = "LAB7_1", "LAB7_1\LAB7_1.vcxproj", "{B0B8FD30-6B02-4FA1-85DF-A5067CFD3D53}"
EndProject
Project("{8BC9CEB8-8B4A-11D0-8D11-00A0C91BC942}") = "LAB7_2", "LAB7_2\LAB7_2.vcxproj", "{344473AB-6BAA-42C6-AC25-72F572B0D9B8}"
EndProject
Project("{8BC9CEB8-8B4A-11D0-8D11-00A0C91BC942}") = "HW7_1", "HW7_1\HW7_1.vcxproj", "{F394652E-6C18-4576-871A-B12B751ED4B0}"
EndProject
Project("{8BC9CEB8-8B4A-11D0-8D11-00A0C91BC942}") = "HW7_2", "HW7_2\HW7_2.vcxproj", "{92C84660-851D-4DE1-B74A-E6554E272B75}"
EndProject
Project("{8BC9CEB8-8B4A-11D0-8D11-00A0C91BC942}") = "LAB7_3", "LAB7_3\LAB7_3.vcxproj", "{5CB723E5-7233-43DE-85AE-926745D431AC}"
EndProject
Project("{8BC9CEB8-8B4A-11D0-8D11-00A0C91BC942}") = "LAB7_4", "LAB7_4\LAB7_4.vcxproj", "{447F3995-C8C9-4C5A-BAB6-1B0C0988E4A1}"
EndProject
Project("{8BC9CEB8-8B4A-11D0-8D11-00A0C91BC942}") = "LAB7_5", "LAB7_5\LAB7_5.vcxproj", "{DFF2CD03-1CCA-4AC2-B922-61F2E5E2CA96}"
EndProject
Project("{8BC9CEB8-8B4A-11D0-8D11-00A0C91BC942}") = "LAB7_6", "LAB7_6\LAB7_6.vcxproj", "{6E923391-25BD-40C6-87C8-18A27A4ABCE2}"
EndProject
Project("{8BC9CEB8-8B4A-11D0-8D11-00A0C91BC942}") = "HW7_4", "HW7_4\HW7_4.vcxproj", "{3F9B7BC4-383D-466E-A6C5-10D8F158B0FC}"
EndProject
Project("{8BC9CEB8-8B4A-11D0-8D11-00A0C91BC942}") = "HW7_3", "HW7_3\HW7_3.vcxproj", "{135B2494-498E-4B87-BC38-EC62BAF0902D}"
EndProject
Project("{8BC9CEB8-8B4A-11D0-8D11-00A0C91BC942}") = "HW7_6", "HW7_6\HW7_6.vcxproj", "{3021D9E7-EC45-4525-814B-387C9138DB9E}"
EndProject
Global
	GlobalSection(SolutionConfigurationPlatforms) = preSolution
		Debug|x64 = Debug|x64
		Debug|x86 = Debug|x86
		Release|x64 = Release|x64
		Release|x86 = Release|x86
	EndGlobalSection
	GlobalSection(ProjectConfigurationPlatforms) = postSolution
		{B0B8FD30-6B02-4FA1-85DF-A5067CFD3D53}.Debug|x64.ActiveCfg = Debug|x64
		{B0B8FD30-6B02-4FA1-85DF-A5067CFD3D53}.Debug|x64.Build.0 = Debug|x64
		{B0B8FD30-6B02-4FA1-85DF-A5067CFD3D53}.Debug|x86.ActiveCfg = Debug|Win32
		{B0B8FD30-6B02-4FA1-85DF-A5067CFD3D53}.Debug|x86.Build.0 = Debug|Win32
		{B0B8FD30-6B02-4FA1-85DF-A5067CFD3D53}.Release|x64.ActiveCfg = Release|x64
		{B0B8FD30-6B02-4FA1-85DF-A5067CFD3D53}.Release|x64.Build.0 = Release|x64
		{B0B8FD30-6B02-4FA1-85DF-A5067CFD3D53}.Release|x86.ActiveCfg = Release|Win32
		{B0B8FD30-6B02-4FA1-85DF-A5067CFD3D53}.Release|x86.Build.0 = Release|Win32
		{344473AB-6BAA-42C6-AC25-72F572B0D9B8}.Debug|x64.ActiveCfg = Debug|x64
		{344473AB-6BAA-42C6-AC25-72F572B0D9B8}.Debug|x64.Build.0 = Debug|x64
		{344473AB-6BAA-42C6-AC25-72F572B0D9B8}.Debug|x86.ActiveCfg = Debug|Win32
		{344473AB-6BAA-42C6-AC25-72F572B0D9B8}.Debug|x86.Build.0 = Debug|Win32
		{344473AB-6BAA-42C6-AC25-72F572B0D9B8}.Release|x64.ActiveCfg = Release|x64
		{344473AB-6BAA-42C6-AC25-72F572B0D9B8}.Release|x64.Build.0 = Release|x64
		{344473AB-6BAA-42C6-AC25-72F572B0D9B8}.Release|x86.ActiveCfg = Release|Win32
		{344473AB-6BAA-42C6-AC25-72F572B0D9B8}.Release|x86.Build.0 = Release|Win32
		{F394652E-6C18-4576-871A-B12B751ED4B0}.Debug|x64.ActiveCfg = Debug|x64
		{F394652E-6C18-4576-871A-B12B751ED4B0}.Debug|x64.Build.0 = Debug|x64
		{F394652E-6C18-4576-871A-B12B751ED4B0}.Debug|x86.ActiveCfg = Debug|Win32
		{F394652E-6C18-4576-871A-B12B751ED4B0}.Debug|x86.Build.0 = Debug|Win32
		{F394652E-6C18-4576-871A-B12B751ED4B0}.Release|x64.ActiveCfg = Release|x64
		{F394652E-6C18-4576-871A-B12B751ED4B0}.Release|x64.Build.0 = Release|x64
		{F394652E-6C18-4576-871A-B12B751ED4B0}.Release|x86.ActiveCfg = Release|Win32
		{F394652E-6C18-4576-871A-B12B751ED4B0}.Release|x86.Build.0 = Release|Win32
		{92C84660-851D-4DE1-B74A-E6554E272B75}.Debug|x64.ActiveCfg = Debug|x64
		{92C84660-851D-4DE1-B74A-E6554E272B75}.Debug|x64.Build.0 = Debug|x64
		{92C84660-851D-4DE1-B74A-E6554E272B75}.Debug|x86.ActiveCfg = Debug|Win32
		{92C84660-851D-4DE1-B74A-E6554E272B75}.Debug|x86.Build.0 = Debug|Win32
		{92C84660-851D-4DE1-B74A-E6554E272B75}.Release|x64.ActiveCfg = Release|x64
		{92C84660-851D-4DE1-B74A-E6554E272B75}.Release|x64.Build.0 = Release|x64
		{92C84660-851D-4DE1-B74A-E6554E272B75}.Release|x86.ActiveCfg = Release|Win32
		{92C84660-851D-4DE1-B74A-E6554E272B75}.Release|x86.Build.0 = Release|Win32
		{5CB723E5-7233-43DE-85AE-926745D431AC}.Debug|x64.ActiveCfg = Debug|x64
		{5CB723E5-7233-43DE-85AE-926745D431AC}.Debug|x64.Build.0 = Debug|x64
		{5CB723E5-7233-43DE-85AE-926745D431AC}.Debug|x86.ActiveCfg = Debug|Win32
		{5CB723E5-7233-43DE-85AE-926745D431AC}.Debug|x86.Build.0 = Debug|Win32
		{5CB723E5-7233-43DE-85AE-926745D431AC}.Release|x64.ActiveCfg = Release|x64
		{5CB723E5-7233-43DE-85AE-926745D431AC}.Release|x64.Build.0 = Release|x64
		{5CB723E5-7233-43DE-85AE-926745D431AC}.Release|x86.ActiveCfg = Release|Win32
		{5CB723E5-7233-43DE-85AE-926745D431AC}.Release|x86.Build.0 = Release|Win32
		{447F3995-C8C9-4C5A-BAB6-1B0C0988E4A1}.Debug|x64.ActiveCfg = Debug|x64
		{447F3995-C8C9-4C5A-BAB6-1B0C0988E4A1}.Debug|x64.Build.0 = Debug|x64
		{447F3995-C8C9-4C5A-BAB6-1B0C0988E4A1}.Debug|x86.ActiveCfg = Debug|Win32
		{447F3995-C8C9-4C5A-BAB6-1B0C0988E4A1}.Debug|x86.Build.0 = Debug|Win32
		{447F3995-C8C9-4C5A-BAB6-1B0C0988E4A1}.Release|x64.ActiveCfg = Release|x64
		{447F3995-C8C9-4C5A-BAB6-1B0C0988E4A1}.Release|x64.Build.0 = Release|x64
		{447F3995-C8C9-4C5A-BAB6-1B0C0988E4A1}.Release|x86.ActiveCfg = Release|Win32
		{447F3995-C8C9-4C5A-BAB6-1B0C0988E4A1}.Release|x86.Build.0 = Release|Win32
		{DFF2CD03-1CCA-4AC2-B922-61F2E5E2CA96}.Debug|x64.ActiveCfg = Debug|x64
		{DFF2CD03-1CCA-4AC2-B922-61F2E5E2CA96}.Debug|x64.Build.0 = Debug|x64
		{DFF2CD03-1CCA-4AC2-B922-61F2E5E2CA96}.Debug|x86.ActiveCfg = Debug|Win32
		{DFF2CD03-1CCA-4AC2-B922-61F2E5E2CA96}.Debug|x86.Build.0 = Debug|Win32
		{DFF2CD03-1CCA-4AC2-B922-61F2E5E2CA96}.Release|x64.ActiveCfg = Release|x64
		{DFF2CD03-1CCA-4AC2-B922-61F2E5E2CA96}.Release|x64.Build.0 = Release|x64
		{DFF2CD03-1CCA-4AC2-B922-61F2E5E2CA96}.Release|x86.ActiveCfg = Release|Win32
		{DFF2CD03-1CCA-4AC2-B922-61F2E5E2CA96}.Release|x86.Build.0 = Release|Win32
		{6E923391-25BD-40C6-87C8-18A27A4ABCE2}.Debug|x64.ActiveCfg = Debug|x64
		{6E923391-25BD-40C6-87C8-18A27A4ABCE2}.Debug|x64.Build.0 = Debug|x64
		{6E923391-25BD-40C6-87C8-18A27A4ABCE2}.Debug|x86.ActiveCfg = Debug|Win32
		{6E923391-25BD-40C6-87C8-18A27A4ABCE2}.Debug|x86.Build.0 = Debug|Win32
		{6E923391-25BD-40C6-87C8-18A27A4ABCE2}.Release|x64.ActiveCfg = Release|x64
		{6E923391-25BD-40C6-87C8-18A27A4ABCE2}.Release|x64.Build.0 = Release|x64
		{6E923391-25BD-40C6-87C8-18A27A4ABCE2}.Release|x86.ActiveCfg = Release|Win32
		{6E923391-25BD-40C6-87C8-18A27A4ABCE2}.Release|x86.Build.0 = Release|Win32
		{3F9B7BC4-383D-466E-A6C5-10D8F158B0FC}.Debug|x64.ActiveCfg = Debug|x64
		{3F9B7BC4-383D-466E-A6C5-10D8F158B0FC}.Debug|x64.Build.0 = Debug|x64
		{3F9B7BC4-383D-466E-A6C5-10D8F158B0FC}.Debug|x86.ActiveCfg = Debug|Win32
		{3F9B7BC4-383D-466E-A6C5-10D8F158B0FC}.Debug|x86.Build.0 = Debug|Win32
		{3F9B7BC4-383D-466E-A6C5-10D8F158B0FC}.Release|x64.ActiveCfg = Release|x64
		{3F9B7BC4-383D-466E-A6C5-10D8F158B0FC}.Release|x64.Build.0 = Release|x64
		{3F9B7BC4-383D-466E-A6C5-10D8F158B0FC}.Release|x86.ActiveCfg = Release|Win32
		{3F9B7BC4-383D-466E-A6C5-10D8F158B0FC}.Release|x86.Build.0 = Release|Win32
		{135B2494-498E-4B87-BC38-EC62BAF0902D}.Debug|x64.ActiveCfg = Debug|x64
		{135B2494-498E-4B87-BC38-EC62BAF0902D}.Debug|x64.Build.0 = Debug|x64
		{135B2494-498E-4B87-BC38-EC62BAF0902D}.Debug|x86.ActiveCfg = Debug|Win32
		{135B2494-498E-4B87-BC38-EC62BAF0902D}.Debug|x86.Build.0 = Debug|Win32
		{135B2494-498E-4B87-BC38-EC62BAF0902D}.Release|x64.ActiveCfg = Release|x64
		{135B2494-498E-4B87-BC38-EC62BAF0902D}.Release|x64.Build.0 = Release|x64
		{135B2494-498E-4B87-BC38-EC62BAF0902D}.Release|x86.ActiveCfg = Release|Win32
		{135B2494-498E-4B87-BC38-EC62BAF0902D}.Release|x86.Build.0 = Release|Win32
		{3021D9E7-EC45-4525-814B-387C9138DB9E}.Debug|x64.ActiveCfg = Debug|x64
		{3021D9E7-EC45-4525-814B-387C9138DB9E}.Debug|x64.Build.0 = Debug|x64
		{3021D9E7-EC45-4525-814B-387C9138DB9E}.Debug|x86.ActiveCfg = Debug|Win32
		{3021D9E7-EC45-4525-814B-387C9138DB9E}.Debug|x86.Build.0 = Debug|Win32
		{3021D9E7-EC45-4525-814B-387C9138DB9E}.Release|x64.ActiveCfg = Release|x64
		{3021D9E7-EC45-4525-814B-387C9138DB9E}.Release|x64.Build.0 = Release|x64
		{3021D9E7-EC45-4525-814B-387C9138DB9E}.Release|x86.ActiveCfg = Release|Win32
		{3021D9E7-EC45-4525-814B-387C9138DB9E}.Release|x86.Build.0 = Release|Win32
	EndGlobalSection
	GlobalSection(SolutionProperties) = preSolution
		HideSolutionNode = FALSE
	EndGlobalSection
	GlobalSection(ExtensibilityGlobals) = postSolution
		SolutionGuid = {34F41E5C-5B60-483D-8FDE-37C52C77E95A}
	EndGlobalSection
EndGlobal
