
Microsoft Visual Studio Solution File, Format Version 12.00
# Visual Studio Version 16
VisualStudioVersion = 16.0.31025.194
MinimumVisualStudioVersion = 10.0.40219.1
Project("{8BC9CEB8-8B4A-11D0-8D11-00A0C91BC942}") = "LAB8_1", "LAB8_1\LAB8_1.vcxproj", "{F78082A5-90C6-44E1-9F3D-F65BAF8EB9D5}"
EndProject
Project("{8BC9CEB8-8B4A-11D0-8D11-00A0C91BC942}") = "LAB8_3_1", "LAB8_3_1\LAB8_3_1.vcxproj", "{45281497-A79E-4089-B9A4-016A3EA7FE08}"
EndProject
Project("{8BC9CEB8-8B4A-11D0-8D11-00A0C91BC942}") = "LAB8_3_2", "LAB8_3_2\LAB8_3_2.vcxproj", "{1574490A-9CA8-48C4-8F3F-D37C6C6F7317}"
EndProject
Project("{8BC9CEB8-8B4A-11D0-8D11-00A0C91BC942}") = "LAB8_4", "LAB8_4\LAB8_4.vcxproj", "{CF51BCE1-668C-4DD8-9777-5A48B0A49F04}"
EndProject
Project("{8BC9CEB8-8B4A-11D0-8D11-00A0C91BC942}") = "HW8_1", "HW8_1\HW8_1.vcxproj", "{31D8223F-11BC-44D4-9D27-D93A74C72947}"
EndProject
Project("{8BC9CEB8-8B4A-11D0-8D11-00A0C91BC942}") = "HW8_2", "HW8_2\HW8_2.vcxproj", "{71434C35-A803-4CE8-957B-7284F4018377}"
EndProject
Project("{8BC9CEB8-8B4A-11D0-8D11-00A0C91BC942}") = "HW8_3", "HW8_3\HW8_3.vcxproj", "{042675E4-CD38-4377-9A07-AAE5E380D151}"
EndProject
Project("{8BC9CEB8-8B4A-11D0-8D11-00A0C91BC942}") = "Project4_2", "Project4_2\Project4_2.vcxproj", "{87082DEE-163C-4A46-99BF-542C81269320}"
EndProject
Global
	GlobalSection(SolutionConfigurationPlatforms) = preSolution
		Debug|x64 = Debug|x64
		Debug|x86 = Debug|x86
		Release|x64 = Release|x64
		Release|x86 = Release|x86
	EndGlobalSection
	GlobalSection(ProjectConfigurationPlatforms) = postSolution
		{F78082A5-90C6-44E1-9F3D-F65BAF8EB9D5}.Debug|x64.ActiveCfg = Debug|x64
		{F78082A5-90C6-44E1-9F3D-F65BAF8EB9D5}.Debug|x64.Build.0 = Debug|x64
		{F78082A5-90C6-44E1-9F3D-F65BAF8EB9D5}.Debug|x86.ActiveCfg = Debug|Win32
		{F78082A5-90C6-44E1-9F3D-F65BAF8EB9D5}.Debug|x86.Build.0 = Debug|Win32
		{F78082A5-90C6-44E1-9F3D-F65BAF8EB9D5}.Release|x64.ActiveCfg = Release|x64
		{F78082A5-90C6-44E1-9F3D-F65BAF8EB9D5}.Release|x64.Build.0 = Release|x64
		{F78082A5-90C6-44E1-9F3D-F65BAF8EB9D5}.Release|x86.ActiveCfg = Release|Win32
		{F78082A5-90C6-44E1-9F3D-F65BAF8EB9D5}.Release|x86.Build.0 = Release|Win32
		{45281497-A79E-4089-B9A4-016A3EA7FE08}.Debug|x64.ActiveCfg = Debug|x64
		{45281497-A79E-4089-B9A4-016A3EA7FE08}.Debug|x64.Build.0 = Debug|x64
		{45281497-A79E-4089-B9A4-016A3EA7FE08}.Debug|x86.ActiveCfg = Debug|Win32
		{45281497-A79E-4089-B9A4-016A3EA7FE08}.Debug|x86.Build.0 = Debug|Win32
		{45281497-A79E-4089-B9A4-016A3EA7FE08}.Release|x64.ActiveCfg = Release|x64
		{45281497-A79E-4089-B9A4-016A3EA7FE08}.Release|x64.Build.0 = Release|x64
		{45281497-A79E-4089-B9A4-016A3EA7FE08}.Release|x86.ActiveCfg = Release|Win32
		{45281497-A79E-4089-B9A4-016A3EA7FE08}.Release|x86.Build.0 = Release|Win32
		{1574490A-9CA8-48C4-8F3F-D37C6C6F7317}.Debug|x64.ActiveCfg = Debug|x64
		{1574490A-9CA8-48C4-8F3F-D37C6C6F7317}.Debug|x64.Build.0 = Debug|x64
		{1574490A-9CA8-48C4-8F3F-D37C6C6F7317}.Debug|x86.ActiveCfg = Debug|Win32
		{1574490A-9CA8-48C4-8F3F-D37C6C6F7317}.Debug|x86.Build.0 = Debug|Win32
		{1574490A-9CA8-48C4-8F3F-D37C6C6F7317}.Release|x64.ActiveCfg = Release|x64
		{1574490A-9CA8-48C4-8F3F-D37C6C6F7317}.Release|x64.Build.0 = Release|x64
		{1574490A-9CA8-48C4-8F3F-D37C6C6F7317}.Release|x86.ActiveCfg = Release|Win32
		{1574490A-9CA8-48C4-8F3F-D37C6C6F7317}.Release|x86.Build.0 = Release|Win32
		{CF51BCE1-668C-4DD8-9777-5A48B0A49F04}.Debug|x64.ActiveCfg = Debug|x64
		{CF51BCE1-668C-4DD8-9777-5A48B0A49F04}.Debug|x64.Build.0 = Debug|x64
		{CF51BCE1-668C-4DD8-9777-5A48B0A49F04}.Debug|x86.ActiveCfg = Debug|Win32
		{CF51BCE1-668C-4DD8-9777-5A48B0A49F04}.Debug|x86.Build.0 = Debug|Win32
		{CF51BCE1-668C-4DD8-9777-5A48B0A49F04}.Release|x64.ActiveCfg = Release|x64
		{CF51BCE1-668C-4DD8-9777-5A48B0A49F04}.Release|x64.Build.0 = Release|x64
		{CF51BCE1-668C-4DD8-9777-5A48B0A49F04}.Release|x86.ActiveCfg = Release|Win32
		{CF51BCE1-668C-4DD8-9777-5A48B0A49F04}.Release|x86.Build.0 = Release|Win32
		{31D8223F-11BC-44D4-9D27-D93A74C72947}.Debug|x64.ActiveCfg = Debug|x64
		{31D8223F-11BC-44D4-9D27-D93A74C72947}.Debug|x64.Build.0 = Debug|x64
		{31D8223F-11BC-44D4-9D27-D93A74C72947}.Debug|x86.ActiveCfg = Debug|Win32
		{31D8223F-11BC-44D4-9D27-D93A74C72947}.Debug|x86.Build.0 = Debug|Win32
		{31D8223F-11BC-44D4-9D27-D93A74C72947}.Release|x64.ActiveCfg = Release|x64
		{31D8223F-11BC-44D4-9D27-D93A74C72947}.Release|x64.Build.0 = Release|x64
		{31D8223F-11BC-44D4-9D27-D93A74C72947}.Release|x86.ActiveCfg = Release|Win32
		{31D8223F-11BC-44D4-9D27-D93A74C72947}.Release|x86.Build.0 = Release|Win32
		{71434C35-A803-4CE8-957B-7284F4018377}.Debug|x64.ActiveCfg = Debug|x64
		{71434C35-A803-4CE8-957B-7284F4018377}.Debug|x64.Build.0 = Debug|x64
		{71434C35-A803-4CE8-957B-7284F4018377}.Debug|x86.ActiveCfg = Debug|Win32
		{71434C35-A803-4CE8-957B-7284F4018377}.Debug|x86.Build.0 = Debug|Win32
		{71434C35-A803-4CE8-957B-7284F4018377}.Release|x64.ActiveCfg = Release|x64
		{71434C35-A803-4CE8-957B-7284F4018377}.Release|x64.Build.0 = Release|x64
		{71434C35-A803-4CE8-957B-7284F4018377}.Release|x86.ActiveCfg = Release|Win32
		{71434C35-A803-4CE8-957B-7284F4018377}.Release|x86.Build.0 = Release|Win32
		{042675E4-CD38-4377-9A07-AAE5E380D151}.Debug|x64.ActiveCfg = Debug|x64
		{042675E4-CD38-4377-9A07-AAE5E380D151}.Debug|x64.Build.0 = Debug|x64
		{042675E4-CD38-4377-9A07-AAE5E380D151}.Debug|x86.ActiveCfg = Debug|Win32
		{042675E4-CD38-4377-9A07-AAE5E380D151}.Debug|x86.Build.0 = Debug|Win32
		{042675E4-CD38-4377-9A07-AAE5E380D151}.Release|x64.ActiveCfg = Release|x64
		{042675E4-CD38-4377-9A07-AAE5E380D151}.Release|x64.Build.0 = Release|x64
		{042675E4-CD38-4377-9A07-AAE5E380D151}.Release|x86.ActiveCfg = Release|Win32
		{042675E4-CD38-4377-9A07-AAE5E380D151}.Release|x86.Build.0 = Release|Win32
		{87082DEE-163C-4A46-99BF-542C81269320}.Debug|x64.ActiveCfg = Debug|x64
		{87082DEE-163C-4A46-99BF-542C81269320}.Debug|x64.Build.0 = Debug|x64
		{87082DEE-163C-4A46-99BF-542C81269320}.Debug|x86.ActiveCfg = Debug|Win32
		{87082DEE-163C-4A46-99BF-542C81269320}.Debug|x86.Build.0 = Debug|Win32
		{87082DEE-163C-4A46-99BF-542C81269320}.Release|x64.ActiveCfg = Release|x64
		{87082DEE-163C-4A46-99BF-542C81269320}.Release|x64.Build.0 = Release|x64
		{87082DEE-163C-4A46-99BF-542C81269320}.Release|x86.ActiveCfg = Release|Win32
		{87082DEE-163C-4A46-99BF-542C81269320}.Release|x86.Build.0 = Release|Win32
	EndGlobalSection
	GlobalSection(SolutionProperties) = preSolution
		HideSolutionNode = FALSE
	EndGlobalSection
	GlobalSection(ExtensibilityGlobals) = postSolution
		SolutionGuid = {DA89C6BA-A1C9-42AF-8E11-912DE821B4A3}
	EndGlobalSection
EndGlobal
